Microsoft Visual Studio Solution File, Format Version 12.00
# Visual Studio 2012
Project("{8BC9CEB8-8B4A-11D0-8D11-00A0C91BC942}") = "ALL_BUILD", "ALL_BUILD.vcxproj", "{EF9E337E-1378-46FC-85B8-2AE04E46F04D}"
	ProjectSection(ProjectDependencies) = postProject
		{E291BFBD-B59C-4D32-AADC-E1807CD13158} = {E291BFBD-B59C-4D32-AADC-E1807CD13158}
		{7634E78A-57FC-4F71-8232-93517A9190AB} = {7634E78A-57FC-4F71-8232-93517A9190AB}
		{1632C925-BC85-470A-95A3-6327041402BB} = {1632C925-BC85-470A-95A3-6327041402BB}
		{EC4A8F60-7591-4CA4-B373-F1AE502296E5} = {EC4A8F60-7591-4CA4-B373-F1AE502296E5}
		{B86F99C0-B90B-4CAD-A32A-4229FFD1F718} = {B86F99C0-B90B-4CAD-A32A-4229FFD1F718}
		{9AE002AE-36AF-41E2-9D74-75D6447831F3} = {9AE002AE-36AF-41E2-9D74-75D6447831F3}
	EndProjectSection
EndProject
Project("{8BC9CEB8-8B4A-11D0-8D11-00A0C91BC942}") = "INSTALL", "INSTALL.vcxproj", "{789A64C0-CC81-43AB-8473-285AD3D029CB}"
	ProjectSection(ProjectDependencies) = postProject
		{EF9E337E-1378-46FC-85B8-2AE04E46F04D} = {EF9E337E-1378-46FC-85B8-2AE04E46F04D}
	EndProjectSection
EndProject
Project("{8BC9CEB8-8B4A-11D0-8D11-00A0C91BC942}") = "ZERO_CHECK", "..\ZERO_CHECK.vcxproj", "{5A7C8BE9-67FE-4587-A8E3-C3C9308744F8}"
	ProjectSection(ProjectDependencies) = postProject
	EndProjectSection
EndProject
Project("{8BC9CEB8-8B4A-11D0-8D11-00A0C91BC942}") = "dcmdata", "..\dcmdata\libsrc\dcmdata.vcxproj", "{9E348861-E300-4530-A3F0-F9B01C9F7E5C}"
	ProjectSection(ProjectDependencies) = postProject
		{5A7C8BE9-67FE-4587-A8E3-C3C9308744F8} = {5A7C8BE9-67FE-4587-A8E3-C3C9308744F8}
	EndProjectSection
EndProject
Project("{8BC9CEB8-8B4A-11D0-8D11-00A0C91BC942}") = "dcmsr", "libsrc\dcmsr.vcxproj", "{E291BFBD-B59C-4D32-AADC-E1807CD13158}"
	ProjectSection(ProjectDependencies) = postProject
		{5A7C8BE9-67FE-4587-A8E3-C3C9308744F8} = {5A7C8BE9-67FE-4587-A8E3-C3C9308744F8}
	EndProjectSection
EndProject
Project("{8BC9CEB8-8B4A-11D0-8D11-00A0C91BC942}") = "dsr2html", "apps\dsr2html.vcxproj", "{7634E78A-57FC-4F71-8232-93517A9190AB}"
	ProjectSection(ProjectDependencies) = postProject
		{5A7C8BE9-67FE-4587-A8E3-C3C9308744F8} = {5A7C8BE9-67FE-4587-A8E3-C3C9308744F8}
		{9E348861-E300-4530-A3F0-F9B01C9F7E5C} = {9E348861-E300-4530-A3F0-F9B01C9F7E5C}
		{E291BFBD-B59C-4D32-AADC-E1807CD13158} = {E291BFBD-B59C-4D32-AADC-E1807CD13158}
		{E74F60C5-012A-4A46-B9D9-894F9227A533} = {E74F60C5-012A-4A46-B9D9-894F9227A533}
		{1BFA3245-57B0-4E3C-B042-C20AAC4342D5} = {1BFA3245-57B0-4E3C-B042-C20AAC4342D5}
	EndProjectSection
EndProject
Project("{8BC9CEB8-8B4A-11D0-8D11-00A0C91BC942}") = "dsr2xml", "apps\dsr2xml.vcxproj", "{1632C925-BC85-470A-95A3-6327041402BB}"
	ProjectSection(ProjectDependencies) = postProject
		{5A7C8BE9-67FE-4587-A8E3-C3C9308744F8} = {5A7C8BE9-67FE-4587-A8E3-C3C9308744F8}
		{9E348861-E300-4530-A3F0-F9B01C9F7E5C} = {9E348861-E300-4530-A3F0-F9B01C9F7E5C}
		{E291BFBD-B59C-4D32-AADC-E1807CD13158} = {E291BFBD-B59C-4D32-AADC-E1807CD13158}
		{E74F60C5-012A-4A46-B9D9-894F9227A533} = {E74F60C5-012A-4A46-B9D9-894F9227A533}
		{1BFA3245-57B0-4E3C-B042-C20AAC4342D5} = {1BFA3245-57B0-4E3C-B042-C20AAC4342D5}
	EndProjectSection
EndProject
Project("{8BC9CEB8-8B4A-11D0-8D11-00A0C91BC942}") = "dsrdump", "apps\dsrdump.vcxproj", "{EC4A8F60-7591-4CA4-B373-F1AE502296E5}"
	ProjectSection(ProjectDependencies) = postProject
		{5A7C8BE9-67FE-4587-A8E3-C3C9308744F8} = {5A7C8BE9-67FE-4587-A8E3-C3C9308744F8}
		{9E348861-E300-4530-A3F0-F9B01C9F7E5C} = {9E348861-E300-4530-A3F0-F9B01C9F7E5C}
		{E291BFBD-B59C-4D32-AADC-E1807CD13158} = {E291BFBD-B59C-4D32-AADC-E1807CD13158}
		{E74F60C5-012A-4A46-B9D9-894F9227A533} = {E74F60C5-012A-4A46-B9D9-894F9227A533}
		{1BFA3245-57B0-4E3C-B042-C20AAC4342D5} = {1BFA3245-57B0-4E3C-B042-C20AAC4342D5}
	EndProjectSection
EndProject
Project("{8BC9CEB8-8B4A-11D0-8D11-00A0C91BC942}") = "mkreport", "tests\mkreport.vcxproj", "{B86F99C0-B90B-4CAD-A32A-4229FFD1F718}"
	ProjectSection(ProjectDependencies) = postProject
		{5A7C8BE9-67FE-4587-A8E3-C3C9308744F8} = {5A7C8BE9-67FE-4587-A8E3-C3C9308744F8}
		{9E348861-E300-4530-A3F0-F9B01C9F7E5C} = {9E348861-E300-4530-A3F0-F9B01C9F7E5C}
		{E291BFBD-B59C-4D32-AADC-E1807CD13158} = {E291BFBD-B59C-4D32-AADC-E1807CD13158}
		{E74F60C5-012A-4A46-B9D9-894F9227A533} = {E74F60C5-012A-4A46-B9D9-894F9227A533}
		{1BFA3245-57B0-4E3C-B042-C20AAC4342D5} = {1BFA3245-57B0-4E3C-B042-C20AAC4342D5}
	EndProjectSection
EndProject
Project("{8BC9CEB8-8B4A-11D0-8D11-00A0C91BC942}") = "oflog", "..\oflog\libsrc\oflog.vcxproj", "{E74F60C5-012A-4A46-B9D9-894F9227A533}"
	ProjectSection(ProjectDependencies) = postProject
		{5A7C8BE9-67FE-4587-A8E3-C3C9308744F8} = {5A7C8BE9-67FE-4587-A8E3-C3C9308744F8}
	EndProjectSection
EndProject
Project("{8BC9CEB8-8B4A-11D0-8D11-00A0C91BC942}") = "ofstd", "..\ofstd\libsrc\ofstd.vcxproj", "{1BFA3245-57B0-4E3C-B042-C20AAC4342D5}"
	ProjectSection(ProjectDependencies) = postProject
		{5A7C8BE9-67FE-4587-A8E3-C3C9308744F8} = {5A7C8BE9-67FE-4587-A8E3-C3C9308744F8}
	EndProjectSection
EndProject
Project("{8BC9CEB8-8B4A-11D0-8D11-00A0C91BC942}") = "xml2dsr", "apps\xml2dsr.vcxproj", "{9AE002AE-36AF-41E2-9D74-75D6447831F3}"
	ProjectSection(ProjectDependencies) = postProject
		{5A7C8BE9-67FE-4587-A8E3-C3C9308744F8} = {5A7C8BE9-67FE-4587-A8E3-C3C9308744F8}
		{9E348861-E300-4530-A3F0-F9B01C9F7E5C} = {9E348861-E300-4530-A3F0-F9B01C9F7E5C}
		{E291BFBD-B59C-4D32-AADC-E1807CD13158} = {E291BFBD-B59C-4D32-AADC-E1807CD13158}
		{E74F60C5-012A-4A46-B9D9-894F9227A533} = {E74F60C5-012A-4A46-B9D9-894F9227A533}
		{1BFA3245-57B0-4E3C-B042-C20AAC4342D5} = {1BFA3245-57B0-4E3C-B042-C20AAC4342D5}
	EndProjectSection
EndProject
Global
	GlobalSection(SolutionConfigurationPlatforms) = preSolution
		Debug|Win32 = Debug|Win32
		Release|Win32 = Release|Win32
		MinSizeRel|Win32 = MinSizeRel|Win32
		RelWithDebInfo|Win32 = RelWithDebInfo|Win32
	EndGlobalSection
	GlobalSection(ProjectConfigurationPlatforms) = postSolution
		{EF9E337E-1378-46FC-85B8-2AE04E46F04D}.Debug|Win32.ActiveCfg = Debug|Win32
		{EF9E337E-1378-46FC-85B8-2AE04E46F04D}.Debug|Win32.Build.0 = Debug|Win32
		{EF9E337E-1378-46FC-85B8-2AE04E46F04D}.Release|Win32.ActiveCfg = Release|Win32
		{EF9E337E-1378-46FC-85B8-2AE04E46F04D}.Release|Win32.Build.0 = Release|Win32
		{EF9E337E-1378-46FC-85B8-2AE04E46F04D}.MinSizeRel|Win32.ActiveCfg = MinSizeRel|Win32
		{EF9E337E-1378-46FC-85B8-2AE04E46F04D}.MinSizeRel|Win32.Build.0 = MinSizeRel|Win32
		{EF9E337E-1378-46FC-85B8-2AE04E46F04D}.RelWithDebInfo|Win32.ActiveCfg = RelWithDebInfo|Win32
		{EF9E337E-1378-46FC-85B8-2AE04E46F04D}.RelWithDebInfo|Win32.Build.0 = RelWithDebInfo|Win32
		{789A64C0-CC81-43AB-8473-285AD3D029CB}.Debug|Win32.ActiveCfg = Debug|Win32
		{789A64C0-CC81-43AB-8473-285AD3D029CB}.Release|Win32.ActiveCfg = Release|Win32
		{789A64C0-CC81-43AB-8473-285AD3D029CB}.MinSizeRel|Win32.ActiveCfg = MinSizeRel|Win32
		{789A64C0-CC81-43AB-8473-285AD3D029CB}.RelWithDebInfo|Win32.ActiveCfg = RelWithDebInfo|Win32
		{5A7C8BE9-67FE-4587-A8E3-C3C9308744F8}.Debug|Win32.ActiveCfg = Debug|Win32
		{5A7C8BE9-67FE-4587-A8E3-C3C9308744F8}.Debug|Win32.Build.0 = Debug|Win32
		{5A7C8BE9-67FE-4587-A8E3-C3C9308744F8}.Release|Win32.ActiveCfg = Release|Win32
		{5A7C8BE9-67FE-4587-A8E3-C3C9308744F8}.Release|Win32.Build.0 = Release|Win32
		{5A7C8BE9-67FE-4587-A8E3-C3C9308744F8}.MinSizeRel|Win32.ActiveCfg = MinSizeRel|Win32
		{5A7C8BE9-67FE-4587-A8E3-C3C9308744F8}.MinSizeRel|Win32.Build.0 = MinSizeRel|Win32
		{5A7C8BE9-67FE-4587-A8E3-C3C9308744F8}.RelWithDebInfo|Win32.ActiveCfg = RelWithDebInfo|Win32
		{5A7C8BE9-67FE-4587-A8E3-C3C9308744F8}.RelWithDebInfo|Win32.Build.0 = RelWithDebInfo|Win32
		{9E348861-E300-4530-A3F0-F9B01C9F7E5C}.Debug|Win32.ActiveCfg = Debug|Win32
		{9E348861-E300-4530-A3F0-F9B01C9F7E5C}.Debug|Win32.Build.0 = Debug|Win32
		{9E348861-E300-4530-A3F0-F9B01C9F7E5C}.Release|Win32.ActiveCfg = Release|Win32
		{9E348861-E300-4530-A3F0-F9B01C9F7E5C}.Release|Win32.Build.0 = Release|Win32
		{9E348861-E300-4530-A3F0-F9B01C9F7E5C}.MinSizeRel|Win32.ActiveCfg = MinSizeRel|Win32
		{9E348861-E300-4530-A3F0-F9B01C9F7E5C}.MinSizeRel|Win32.Build.0 = MinSizeRel|Win32
		{9E348861-E300-4530-A3F0-F9B01C9F7E5C}.RelWithDebInfo|Win32.ActiveCfg = RelWithDebInfo|Win32
		{9E348861-E300-4530-A3F0-F9B01C9F7E5C}.RelWithDebInfo|Win32.Build.0 = RelWithDebInfo|Win32
		{E291BFBD-B59C-4D32-AADC-E1807CD13158}.Debug|Win32.ActiveCfg = Debug|Win32
		{E291BFBD-B59C-4D32-AADC-E1807CD13158}.Debug|Win32.Build.0 = Debug|Win32
		{E291BFBD-B59C-4D32-AADC-E1807CD13158}.Release|Win32.ActiveCfg = Release|Win32
		{E291BFBD-B59C-4D32-AADC-E1807CD13158}.Release|Win32.Build.0 = Release|Win32
		{E291BFBD-B59C-4D32-AADC-E1807CD13158}.MinSizeRel|Win32.ActiveCfg = MinSizeRel|Win32
		{E291BFBD-B59C-4D32-AADC-E1807CD13158}.MinSizeRel|Win32.Build.0 = MinSizeRel|Win32
		{E291BFBD-B59C-4D32-AADC-E1807CD13158}.RelWithDebInfo|Win32.ActiveCfg = RelWithDebInfo|Win32
		{E291BFBD-B59C-4D32-AADC-E1807CD13158}.RelWithDebInfo|Win32.Build.0 = RelWithDebInfo|Win32
		{7634E78A-57FC-4F71-8232-93517A9190AB}.Debug|Win32.ActiveCfg = Debug|Win32
		{7634E78A-57FC-4F71-8232-93517A9190AB}.Debug|Win32.Build.0 = Debug|Win32
		{7634E78A-57FC-4F71-8232-93517A9190AB}.Release|Win32.ActiveCfg = Release|Win32
		{7634E78A-57FC-4F71-8232-93517A9190AB}.Release|Win32.Build.0 = Release|Win32
		{7634E78A-57FC-4F71-8232-93517A9190AB}.MinSizeRel|Win32.ActiveCfg = MinSizeRel|Win32
		{7634E78A-57FC-4F71-8232-93517A9190AB}.MinSizeRel|Win32.Build.0 = MinSizeRel|Win32
		{7634E78A-57FC-4F71-8232-93517A9190AB}.RelWithDebInfo|Win32.ActiveCfg = RelWithDebInfo|Win32
		{7634E78A-57FC-4F71-8232-93517A9190AB}.RelWithDebInfo|Win32.Build.0 = RelWithDebInfo|Win32
		{1632C925-BC85-470A-95A3-6327041402BB}.Debug|Win32.ActiveCfg = Debug|Win32
		{1632C925-BC85-470A-95A3-6327041402BB}.Debug|Win32.Build.0 = Debug|Win32
		{1632C925-BC85-470A-95A3-6327041402BB}.Release|Win32.ActiveCfg = Release|Win32
		{1632C925-BC85-470A-95A3-6327041402BB}.Release|Win32.Build.0 = Release|Win32
		{1632C925-BC85-470A-95A3-6327041402BB}.MinSizeRel|Win32.ActiveCfg = MinSizeRel|Win32
		{1632C925-BC85-470A-95A3-6327041402BB}.MinSizeRel|Win32.Build.0 = MinSizeRel|Win32
		{1632C925-BC85-470A-95A3-6327041402BB}.RelWithDebInfo|Win32.ActiveCfg = RelWithDebInfo|Win32
		{1632C925-BC85-470A-95A3-6327041402BB}.RelWithDebInfo|Win32.Build.0 = RelWithDebInfo|Win32
		{EC4A8F60-7591-4CA4-B373-F1AE502296E5}.Debug|Win32.ActiveCfg = Debug|Win32
		{EC4A8F60-7591-4CA4-B373-F1AE502296E5}.Debug|Win32.Build.0 = Debug|Win32
		{EC4A8F60-7591-4CA4-B373-F1AE502296E5}.Release|Win32.ActiveCfg = Release|Win32
		{EC4A8F60-7591-4CA4-B373-F1AE502296E5}.Release|Win32.Build.0 = Release|Win32
		{EC4A8F60-7591-4CA4-B373-F1AE502296E5}.MinSizeRel|Win32.ActiveCfg = MinSizeRel|Win32
		{EC4A8F60-7591-4CA4-B373-F1AE502296E5}.MinSizeRel|Win32.Build.0 = MinSizeRel|Win32
		{EC4A8F60-7591-4CA4-B373-F1AE502296E5}.RelWithDebInfo|Win32.ActiveCfg = RelWithDebInfo|Win32
		{EC4A8F60-7591-4CA4-B373-F1AE502296E5}.RelWithDebInfo|Win32.Build.0 = RelWithDebInfo|Win32
		{B86F99C0-B90B-4CAD-A32A-4229FFD1F718}.Debug|Win32.ActiveCfg = Debug|Win32
		{B86F99C0-B90B-4CAD-A32A-4229FFD1F718}.Debug|Win32.Build.0 = Debug|Win32
		{B86F99C0-B90B-4CAD-A32A-4229FFD1F718}.Release|Win32.ActiveCfg = Release|Win32
		{B86F99C0-B90B-4CAD-A32A-4229FFD1F718}.Release|Win32.Build.0 = Release|Win32
		{B86F99C0-B90B-4CAD-A32A-4229FFD1F718}.MinSizeRel|Win32.ActiveCfg = MinSizeRel|Win32
		{B86F99C0-B90B-4CAD-A32A-4229FFD1F718}.MinSizeRel|Win32.Build.0 = MinSizeRel|Win32
		{B86F99C0-B90B-4CAD-A32A-4229FFD1F718}.RelWithDebInfo|Win32.ActiveCfg = RelWithDebInfo|Win32
		{B86F99C0-B90B-4CAD-A32A-4229FFD1F718}.RelWithDebInfo|Win32.Build.0 = RelWithDebInfo|Win32
		{E74F60C5-012A-4A46-B9D9-894F9227A533}.Debug|Win32.ActiveCfg = Debug|Win32
		{E74F60C5-012A-4A46-B9D9-894F9227A533}.Debug|Win32.Build.0 = Debug|Win32
		{E74F60C5-012A-4A46-B9D9-894F9227A533}.Release|Win32.ActiveCfg = Release|Win32
		{E74F60C5-012A-4A46-B9D9-894F9227A533}.Release|Win32.Build.0 = Release|Win32
		{E74F60C5-012A-4A46-B9D9-894F9227A533}.MinSizeRel|Win32.ActiveCfg = MinSizeRel|Win32
		{E74F60C5-012A-4A46-B9D9-894F9227A533}.MinSizeRel|Win32.Build.0 = MinSizeRel|Win32
		{E74F60C5-012A-4A46-B9D9-894F9227A533}.RelWithDebInfo|Win32.ActiveCfg = RelWithDebInfo|Win32
		{E74F60C5-012A-4A46-B9D9-894F9227A533}.RelWithDebInfo|Win32.Build.0 = RelWithDebInfo|Win32
		{1BFA3245-57B0-4E3C-B042-C20AAC4342D5}.Debug|Win32.ActiveCfg = Debug|Win32
		{1BFA3245-57B0-4E3C-B042-C20AAC4342D5}.Debug|Win32.Build.0 = Debug|Win32
		{1BFA3245-57B0-4E3C-B042-C20AAC4342D5}.Release|Win32.ActiveCfg = Release|Win32
		{1BFA3245-57B0-4E3C-B042-C20AAC4342D5}.Release|Win32.Build.0 = Release|Win32
		{1BFA3245-57B0-4E3C-B042-C20AAC4342D5}.MinSizeRel|Win32.ActiveCfg = MinSizeRel|Win32
		{1BFA3245-57B0-4E3C-B042-C20AAC4342D5}.MinSizeRel|Win32.Build.0 = MinSizeRel|Win32
		{1BFA3245-57B0-4E3C-B042-C20AAC4342D5}.RelWithDebInfo|Win32.ActiveCfg = RelWithDebInfo|Win32
		{1BFA3245-57B0-4E3C-B042-C20AAC4342D5}.RelWithDebInfo|Win32.Build.0 = RelWithDebInfo|Win32
		{9AE002AE-36AF-41E2-9D74-75D6447831F3}.Debug|Win32.ActiveCfg = Debug|Win32
		{9AE002AE-36AF-41E2-9D74-75D6447831F3}.Debug|Win32.Build.0 = Debug|Win32
		{9AE002AE-36AF-41E2-9D74-75D6447831F3}.Release|Win32.ActiveCfg = Release|Win32
		{9AE002AE-36AF-41E2-9D74-75D6447831F3}.Release|Win32.Build.0 = Release|Win32
		{9AE002AE-36AF-41E2-9D74-75D6447831F3}.MinSizeRel|Win32.ActiveCfg = MinSizeRel|Win32
		{9AE002AE-36AF-41E2-9D74-75D6447831F3}.MinSizeRel|Win32.Build.0 = MinSizeRel|Win32
		{9AE002AE-36AF-41E2-9D74-75D6447831F3}.RelWithDebInfo|Win32.ActiveCfg = RelWithDebInfo|Win32
		{9AE002AE-36AF-41E2-9D74-75D6447831F3}.RelWithDebInfo|Win32.Build.0 = RelWithDebInfo|Win32
	EndGlobalSection
	GlobalSection(ExtensibilityGlobals) = postSolution
	EndGlobalSection
	GlobalSection(ExtensibilityAddIns) = postSolution
	EndGlobalSection
EndGlobal
