Microsoft Visual Studio Solution File, Format Version 12.00
# Visual Studio 2012
Project("{8BC9CEB8-8B4A-11D0-8D11-00A0C91BC942}") = "ALL_BUILD", "ALL_BUILD.vcxproj", "{EF9E337E-1378-46FC-85B8-2AE04E46F04D}"
	ProjectSection(ProjectDependencies) = postProject
		{CB79018F-4A27-4A1D-8F65-EF062BA0453B} = {CB79018F-4A27-4A1D-8F65-EF062BA0453B}
		{65C9C457-01B1-4613-BA64-4D400689E113} = {65C9C457-01B1-4613-BA64-4D400689E113}
		{C35AB337-BAB9-424A-A2B7-FC908129940F} = {C35AB337-BAB9-424A-A2B7-FC908129940F}
		{99F2F211-6838-4C01-B622-845F8FC657BD} = {99F2F211-6838-4C01-B622-845F8FC657BD}
	EndProjectSection
EndProject
Project("{8BC9CEB8-8B4A-11D0-8D11-00A0C91BC942}") = "INSTALL", "INSTALL.vcxproj", "{789A64C0-CC81-43AB-8473-285AD3D029CB}"
	ProjectSection(ProjectDependencies) = postProject
		{EF9E337E-1378-46FC-85B8-2AE04E46F04D} = {EF9E337E-1378-46FC-85B8-2AE04E46F04D}
	EndProjectSection
EndProject
Project("{8BC9CEB8-8B4A-11D0-8D11-00A0C91BC942}") = "ZERO_CHECK", "..\ZERO_CHECK.vcxproj", "{5A7C8BE9-67FE-4587-A8E3-C3C9308744F8}"
	ProjectSection(ProjectDependencies) = postProject
	EndProjectSection
EndProject
Project("{8BC9CEB8-8B4A-11D0-8D11-00A0C91BC942}") = "dcmdata", "..\dcmdata\libsrc\dcmdata.vcxproj", "{9E348861-E300-4530-A3F0-F9B01C9F7E5C}"
	ProjectSection(ProjectDependencies) = postProject
		{5A7C8BE9-67FE-4587-A8E3-C3C9308744F8} = {5A7C8BE9-67FE-4587-A8E3-C3C9308744F8}
	EndProjectSection
EndProject
Project("{8BC9CEB8-8B4A-11D0-8D11-00A0C91BC942}") = "dcmnet", "..\dcmnet\libsrc\dcmnet.vcxproj", "{72CB6414-E5E7-4C5B-A2B9-4E0ABF726D52}"
	ProjectSection(ProjectDependencies) = postProject
		{5A7C8BE9-67FE-4587-A8E3-C3C9308744F8} = {5A7C8BE9-67FE-4587-A8E3-C3C9308744F8}
	EndProjectSection
EndProject
Project("{8BC9CEB8-8B4A-11D0-8D11-00A0C91BC942}") = "dcmqrdb", "libsrc\dcmqrdb.vcxproj", "{CB79018F-4A27-4A1D-8F65-EF062BA0453B}"
	ProjectSection(ProjectDependencies) = postProject
		{5A7C8BE9-67FE-4587-A8E3-C3C9308744F8} = {5A7C8BE9-67FE-4587-A8E3-C3C9308744F8}
	EndProjectSection
EndProject
Project("{8BC9CEB8-8B4A-11D0-8D11-00A0C91BC942}") = "dcmqridx", "apps\dcmqridx.vcxproj", "{65C9C457-01B1-4613-BA64-4D400689E113}"
	ProjectSection(ProjectDependencies) = postProject
		{5A7C8BE9-67FE-4587-A8E3-C3C9308744F8} = {5A7C8BE9-67FE-4587-A8E3-C3C9308744F8}
		{9E348861-E300-4530-A3F0-F9B01C9F7E5C} = {9E348861-E300-4530-A3F0-F9B01C9F7E5C}
		{72CB6414-E5E7-4C5B-A2B9-4E0ABF726D52} = {72CB6414-E5E7-4C5B-A2B9-4E0ABF726D52}
		{CB79018F-4A27-4A1D-8F65-EF062BA0453B} = {CB79018F-4A27-4A1D-8F65-EF062BA0453B}
		{E74F60C5-012A-4A46-B9D9-894F9227A533} = {E74F60C5-012A-4A46-B9D9-894F9227A533}
		{1BFA3245-57B0-4E3C-B042-C20AAC4342D5} = {1BFA3245-57B0-4E3C-B042-C20AAC4342D5}
	EndProjectSection
EndProject
Project("{8BC9CEB8-8B4A-11D0-8D11-00A0C91BC942}") = "dcmqrscp", "apps\dcmqrscp.vcxproj", "{C35AB337-BAB9-424A-A2B7-FC908129940F}"
	ProjectSection(ProjectDependencies) = postProject
		{5A7C8BE9-67FE-4587-A8E3-C3C9308744F8} = {5A7C8BE9-67FE-4587-A8E3-C3C9308744F8}
		{9E348861-E300-4530-A3F0-F9B01C9F7E5C} = {9E348861-E300-4530-A3F0-F9B01C9F7E5C}
		{72CB6414-E5E7-4C5B-A2B9-4E0ABF726D52} = {72CB6414-E5E7-4C5B-A2B9-4E0ABF726D52}
		{CB79018F-4A27-4A1D-8F65-EF062BA0453B} = {CB79018F-4A27-4A1D-8F65-EF062BA0453B}
		{E74F60C5-012A-4A46-B9D9-894F9227A533} = {E74F60C5-012A-4A46-B9D9-894F9227A533}
		{1BFA3245-57B0-4E3C-B042-C20AAC4342D5} = {1BFA3245-57B0-4E3C-B042-C20AAC4342D5}
	EndProjectSection
EndProject
Project("{8BC9CEB8-8B4A-11D0-8D11-00A0C91BC942}") = "dcmqrti", "apps\dcmqrti.vcxproj", "{99F2F211-6838-4C01-B622-845F8FC657BD}"
	ProjectSection(ProjectDependencies) = postProject
		{5A7C8BE9-67FE-4587-A8E3-C3C9308744F8} = {5A7C8BE9-67FE-4587-A8E3-C3C9308744F8}
		{9E348861-E300-4530-A3F0-F9B01C9F7E5C} = {9E348861-E300-4530-A3F0-F9B01C9F7E5C}
		{72CB6414-E5E7-4C5B-A2B9-4E0ABF726D52} = {72CB6414-E5E7-4C5B-A2B9-4E0ABF726D52}
		{CB79018F-4A27-4A1D-8F65-EF062BA0453B} = {CB79018F-4A27-4A1D-8F65-EF062BA0453B}
		{E74F60C5-012A-4A46-B9D9-894F9227A533} = {E74F60C5-012A-4A46-B9D9-894F9227A533}
		{1BFA3245-57B0-4E3C-B042-C20AAC4342D5} = {1BFA3245-57B0-4E3C-B042-C20AAC4342D5}
	EndProjectSection
EndProject
Project("{8BC9CEB8-8B4A-11D0-8D11-00A0C91BC942}") = "oflog", "..\oflog\libsrc\oflog.vcxproj", "{E74F60C5-012A-4A46-B9D9-894F9227A533}"
	ProjectSection(ProjectDependencies) = postProject
		{5A7C8BE9-67FE-4587-A8E3-C3C9308744F8} = {5A7C8BE9-67FE-4587-A8E3-C3C9308744F8}
	EndProjectSection
EndProject
Project("{8BC9CEB8-8B4A-11D0-8D11-00A0C91BC942}") = "ofstd", "..\ofstd\libsrc\ofstd.vcxproj", "{1BFA3245-57B0-4E3C-B042-C20AAC4342D5}"
	ProjectSection(ProjectDependencies) = postProject
		{5A7C8BE9-67FE-4587-A8E3-C3C9308744F8} = {5A7C8BE9-67FE-4587-A8E3-C3C9308744F8}
	EndProjectSection
EndProject
Global
	GlobalSection(SolutionConfigurationPlatforms) = preSolution
		Debug|Win32 = Debug|Win32
		Release|Win32 = Release|Win32
		MinSizeRel|Win32 = MinSizeRel|Win32
		RelWithDebInfo|Win32 = RelWithDebInfo|Win32
	EndGlobalSection
	GlobalSection(ProjectConfigurationPlatforms) = postSolution
		{EF9E337E-1378-46FC-85B8-2AE04E46F04D}.Debug|Win32.ActiveCfg = Debug|Win32
		{EF9E337E-1378-46FC-85B8-2AE04E46F04D}.Debug|Win32.Build.0 = Debug|Win32
		{EF9E337E-1378-46FC-85B8-2AE04E46F04D}.Release|Win32.ActiveCfg = Release|Win32
		{EF9E337E-1378-46FC-85B8-2AE04E46F04D}.Release|Win32.Build.0 = Release|Win32
		{EF9E337E-1378-46FC-85B8-2AE04E46F04D}.MinSizeRel|Win32.ActiveCfg = MinSizeRel|Win32
		{EF9E337E-1378-46FC-85B8-2AE04E46F04D}.MinSizeRel|Win32.Build.0 = MinSizeRel|Win32
		{EF9E337E-1378-46FC-85B8-2AE04E46F04D}.RelWithDebInfo|Win32.ActiveCfg = RelWithDebInfo|Win32
		{EF9E337E-1378-46FC-85B8-2AE04E46F04D}.RelWithDebInfo|Win32.Build.0 = RelWithDebInfo|Win32
		{789A64C0-CC81-43AB-8473-285AD3D029CB}.Debug|Win32.ActiveCfg = Debug|Win32
		{789A64C0-CC81-43AB-8473-285AD3D029CB}.Release|Win32.ActiveCfg = Release|Win32
		{789A64C0-CC81-43AB-8473-285AD3D029CB}.MinSizeRel|Win32.ActiveCfg = MinSizeRel|Win32
		{789A64C0-CC81-43AB-8473-285AD3D029CB}.RelWithDebInfo|Win32.ActiveCfg = RelWithDebInfo|Win32
		{5A7C8BE9-67FE-4587-A8E3-C3C9308744F8}.Debug|Win32.ActiveCfg = Debug|Win32
		{5A7C8BE9-67FE-4587-A8E3-C3C9308744F8}.Debug|Win32.Build.0 = Debug|Win32
		{5A7C8BE9-67FE-4587-A8E3-C3C9308744F8}.Release|Win32.ActiveCfg = Release|Win32
		{5A7C8BE9-67FE-4587-A8E3-C3C9308744F8}.Release|Win32.Build.0 = Release|Win32
		{5A7C8BE9-67FE-4587-A8E3-C3C9308744F8}.MinSizeRel|Win32.ActiveCfg = MinSizeRel|Win32
		{5A7C8BE9-67FE-4587-A8E3-C3C9308744F8}.MinSizeRel|Win32.Build.0 = MinSizeRel|Win32
		{5A7C8BE9-67FE-4587-A8E3-C3C9308744F8}.RelWithDebInfo|Win32.ActiveCfg = RelWithDebInfo|Win32
		{5A7C8BE9-67FE-4587-A8E3-C3C9308744F8}.RelWithDebInfo|Win32.Build.0 = RelWithDebInfo|Win32
		{9E348861-E300-4530-A3F0-F9B01C9F7E5C}.Debug|Win32.ActiveCfg = Debug|Win32
		{9E348861-E300-4530-A3F0-F9B01C9F7E5C}.Debug|Win32.Build.0 = Debug|Win32
		{9E348861-E300-4530-A3F0-F9B01C9F7E5C}.Release|Win32.ActiveCfg = Release|Win32
		{9E348861-E300-4530-A3F0-F9B01C9F7E5C}.Release|Win32.Build.0 = Release|Win32
		{9E348861-E300-4530-A3F0-F9B01C9F7E5C}.MinSizeRel|Win32.ActiveCfg = MinSizeRel|Win32
		{9E348861-E300-4530-A3F0-F9B01C9F7E5C}.MinSizeRel|Win32.Build.0 = MinSizeRel|Win32
		{9E348861-E300-4530-A3F0-F9B01C9F7E5C}.RelWithDebInfo|Win32.ActiveCfg = RelWithDebInfo|Win32
		{9E348861-E300-4530-A3F0-F9B01C9F7E5C}.RelWithDebInfo|Win32.Build.0 = RelWithDebInfo|Win32
		{72CB6414-E5E7-4C5B-A2B9-4E0ABF726D52}.Debug|Win32.ActiveCfg = Debug|Win32
		{72CB6414-E5E7-4C5B-A2B9-4E0ABF726D52}.Debug|Win32.Build.0 = Debug|Win32
		{72CB6414-E5E7-4C5B-A2B9-4E0ABF726D52}.Release|Win32.ActiveCfg = Release|Win32
		{72CB6414-E5E7-4C5B-A2B9-4E0ABF726D52}.Release|Win32.Build.0 = Release|Win32
		{72CB6414-E5E7-4C5B-A2B9-4E0ABF726D52}.MinSizeRel|Win32.ActiveCfg = MinSizeRel|Win32
		{72CB6414-E5E7-4C5B-A2B9-4E0ABF726D52}.MinSizeRel|Win32.Build.0 = MinSizeRel|Win32
		{72CB6414-E5E7-4C5B-A2B9-4E0ABF726D52}.RelWithDebInfo|Win32.ActiveCfg = RelWithDebInfo|Win32
		{72CB6414-E5E7-4C5B-A2B9-4E0ABF726D52}.RelWithDebInfo|Win32.Build.0 = RelWithDebInfo|Win32
		{CB79018F-4A27-4A1D-8F65-EF062BA0453B}.Debug|Win32.ActiveCfg = Debug|Win32
		{CB79018F-4A27-4A1D-8F65-EF062BA0453B}.Debug|Win32.Build.0 = Debug|Win32
		{CB79018F-4A27-4A1D-8F65-EF062BA0453B}.Release|Win32.ActiveCfg = Release|Win32
		{CB79018F-4A27-4A1D-8F65-EF062BA0453B}.Release|Win32.Build.0 = Release|Win32
		{CB79018F-4A27-4A1D-8F65-EF062BA0453B}.MinSizeRel|Win32.ActiveCfg = MinSizeRel|Win32
		{CB79018F-4A27-4A1D-8F65-EF062BA0453B}.MinSizeRel|Win32.Build.0 = MinSizeRel|Win32
		{CB79018F-4A27-4A1D-8F65-EF062BA0453B}.RelWithDebInfo|Win32.ActiveCfg = RelWithDebInfo|Win32
		{CB79018F-4A27-4A1D-8F65-EF062BA0453B}.RelWithDebInfo|Win32.Build.0 = RelWithDebInfo|Win32
		{65C9C457-01B1-4613-BA64-4D400689E113}.Debug|Win32.ActiveCfg = Debug|Win32
		{65C9C457-01B1-4613-BA64-4D400689E113}.Debug|Win32.Build.0 = Debug|Win32
		{65C9C457-01B1-4613-BA64-4D400689E113}.Release|Win32.ActiveCfg = Release|Win32
		{65C9C457-01B1-4613-BA64-4D400689E113}.Release|Win32.Build.0 = Release|Win32
		{65C9C457-01B1-4613-BA64-4D400689E113}.MinSizeRel|Win32.ActiveCfg = MinSizeRel|Win32
		{65C9C457-01B1-4613-BA64-4D400689E113}.MinSizeRel|Win32.Build.0 = MinSizeRel|Win32
		{65C9C457-01B1-4613-BA64-4D400689E113}.RelWithDebInfo|Win32.ActiveCfg = RelWithDebInfo|Win32
		{65C9C457-01B1-4613-BA64-4D400689E113}.RelWithDebInfo|Win32.Build.0 = RelWithDebInfo|Win32
		{C35AB337-BAB9-424A-A2B7-FC908129940F}.Debug|Win32.ActiveCfg = Debug|Win32
		{C35AB337-BAB9-424A-A2B7-FC908129940F}.Debug|Win32.Build.0 = Debug|Win32
		{C35AB337-BAB9-424A-A2B7-FC908129940F}.Release|Win32.ActiveCfg = Release|Win32
		{C35AB337-BAB9-424A-A2B7-FC908129940F}.Release|Win32.Build.0 = Release|Win32
		{C35AB337-BAB9-424A-A2B7-FC908129940F}.MinSizeRel|Win32.ActiveCfg = MinSizeRel|Win32
		{C35AB337-BAB9-424A-A2B7-FC908129940F}.MinSizeRel|Win32.Build.0 = MinSizeRel|Win32
		{C35AB337-BAB9-424A-A2B7-FC908129940F}.RelWithDebInfo|Win32.ActiveCfg = RelWithDebInfo|Win32
		{C35AB337-BAB9-424A-A2B7-FC908129940F}.RelWithDebInfo|Win32.Build.0 = RelWithDebInfo|Win32
		{99F2F211-6838-4C01-B622-845F8FC657BD}.Debug|Win32.ActiveCfg = Debug|Win32
		{99F2F211-6838-4C01-B622-845F8FC657BD}.Debug|Win32.Build.0 = Debug|Win32
		{99F2F211-6838-4C01-B622-845F8FC657BD}.Release|Win32.ActiveCfg = Release|Win32
		{99F2F211-6838-4C01-B622-845F8FC657BD}.Release|Win32.Build.0 = Release|Win32
		{99F2F211-6838-4C01-B622-845F8FC657BD}.MinSizeRel|Win32.ActiveCfg = MinSizeRel|Win32
		{99F2F211-6838-4C01-B622-845F8FC657BD}.MinSizeRel|Win32.Build.0 = MinSizeRel|Win32
		{99F2F211-6838-4C01-B622-845F8FC657BD}.RelWithDebInfo|Win32.ActiveCfg = RelWithDebInfo|Win32
		{99F2F211-6838-4C01-B622-845F8FC657BD}.RelWithDebInfo|Win32.Build.0 = RelWithDebInfo|Win32
		{E74F60C5-012A-4A46-B9D9-894F9227A533}.Debug|Win32.ActiveCfg = Debug|Win32
		{E74F60C5-012A-4A46-B9D9-894F9227A533}.Debug|Win32.Build.0 = Debug|Win32
		{E74F60C5-012A-4A46-B9D9-894F9227A533}.Release|Win32.ActiveCfg = Release|Win32
		{E74F60C5-012A-4A46-B9D9-894F9227A533}.Release|Win32.Build.0 = Release|Win32
		{E74F60C5-012A-4A46-B9D9-894F9227A533}.MinSizeRel|Win32.ActiveCfg = MinSizeRel|Win32
		{E74F60C5-012A-4A46-B9D9-894F9227A533}.MinSizeRel|Win32.Build.0 = MinSizeRel|Win32
		{E74F60C5-012A-4A46-B9D9-894F9227A533}.RelWithDebInfo|Win32.ActiveCfg = RelWithDebInfo|Win32
		{E74F60C5-012A-4A46-B9D9-894F9227A533}.RelWithDebInfo|Win32.Build.0 = RelWithDebInfo|Win32
		{1BFA3245-57B0-4E3C-B042-C20AAC4342D5}.Debug|Win32.ActiveCfg = Debug|Win32
		{1BFA3245-57B0-4E3C-B042-C20AAC4342D5}.Debug|Win32.Build.0 = Debug|Win32
		{1BFA3245-57B0-4E3C-B042-C20AAC4342D5}.Release|Win32.ActiveCfg = Release|Win32
		{1BFA3245-57B0-4E3C-B042-C20AAC4342D5}.Release|Win32.Build.0 = Release|Win32
		{1BFA3245-57B0-4E3C-B042-C20AAC4342D5}.MinSizeRel|Win32.ActiveCfg = MinSizeRel|Win32
		{1BFA3245-57B0-4E3C-B042-C20AAC4342D5}.MinSizeRel|Win32.Build.0 = MinSizeRel|Win32
		{1BFA3245-57B0-4E3C-B042-C20AAC4342D5}.RelWithDebInfo|Win32.ActiveCfg = RelWithDebInfo|Win32
		{1BFA3245-57B0-4E3C-B042-C20AAC4342D5}.RelWithDebInfo|Win32.Build.0 = RelWithDebInfo|Win32
	EndGlobalSection
	GlobalSection(ExtensibilityGlobals) = postSolution
	EndGlobalSection
	GlobalSection(ExtensibilityAddIns) = postSolution
	EndGlobalSection
EndGlobal
