Microsoft Visual Studio Solution File, Format Version 12.00
# Visual Studio 2012
Project("{8BC9CEB8-8B4A-11D0-8D11-00A0C91BC942}") = "ALL_BUILD", "ALL_BUILD.vcxproj", "{EF9E337E-1378-46FC-85B8-2AE04E46F04D}"
	ProjectSection(ProjectDependencies) = postProject
		{08C8CD2E-00EB-4A16-A19B-E43B607E337A} = {08C8CD2E-00EB-4A16-A19B-E43B607E337A}
		{7135DE6C-71FE-4671-9EAF-C3CB3CFB6A6A} = {7135DE6C-71FE-4671-9EAF-C3CB3CFB6A6A}
		{1A07A4AA-9695-47DF-A1EC-F1D9FC49BBFA} = {1A07A4AA-9695-47DF-A1EC-F1D9FC49BBFA}
		{122D3BBD-B23A-4D93-BBDA-BDA9C34A8375} = {122D3BBD-B23A-4D93-BBDA-BDA9C34A8375}
	EndProjectSection
EndProject
Project("{8BC9CEB8-8B4A-11D0-8D11-00A0C91BC942}") = "INSTALL", "INSTALL.vcxproj", "{789A64C0-CC81-43AB-8473-285AD3D029CB}"
	ProjectSection(ProjectDependencies) = postProject
		{EF9E337E-1378-46FC-85B8-2AE04E46F04D} = {EF9E337E-1378-46FC-85B8-2AE04E46F04D}
	EndProjectSection
EndProject
Project("{8BC9CEB8-8B4A-11D0-8D11-00A0C91BC942}") = "ZERO_CHECK", "..\ZERO_CHECK.vcxproj", "{5A7C8BE9-67FE-4587-A8E3-C3C9308744F8}"
	ProjectSection(ProjectDependencies) = postProject
	EndProjectSection
EndProject
Project("{8BC9CEB8-8B4A-11D0-8D11-00A0C91BC942}") = "dcm2pnm", "apps\dcm2pnm.vcxproj", "{08C8CD2E-00EB-4A16-A19B-E43B607E337A}"
	ProjectSection(ProjectDependencies) = postProject
		{5A7C8BE9-67FE-4587-A8E3-C3C9308744F8} = {5A7C8BE9-67FE-4587-A8E3-C3C9308744F8}
		{9E348861-E300-4530-A3F0-F9B01C9F7E5C} = {9E348861-E300-4530-A3F0-F9B01C9F7E5C}
		{7135DE6C-71FE-4671-9EAF-C3CB3CFB6A6A} = {7135DE6C-71FE-4671-9EAF-C3CB3CFB6A6A}
		{BBD698E2-037D-4287-8BC1-A0A2F2F96693} = {BBD698E2-037D-4287-8BC1-A0A2F2F96693}
		{E74F60C5-012A-4A46-B9D9-894F9227A533} = {E74F60C5-012A-4A46-B9D9-894F9227A533}
		{1BFA3245-57B0-4E3C-B042-C20AAC4342D5} = {1BFA3245-57B0-4E3C-B042-C20AAC4342D5}
	EndProjectSection
EndProject
Project("{8BC9CEB8-8B4A-11D0-8D11-00A0C91BC942}") = "dcmdata", "..\dcmdata\libsrc\dcmdata.vcxproj", "{9E348861-E300-4530-A3F0-F9B01C9F7E5C}"
	ProjectSection(ProjectDependencies) = postProject
		{5A7C8BE9-67FE-4587-A8E3-C3C9308744F8} = {5A7C8BE9-67FE-4587-A8E3-C3C9308744F8}
	EndProjectSection
EndProject
Project("{8BC9CEB8-8B4A-11D0-8D11-00A0C91BC942}") = "dcmimage", "libsrc\dcmimage.vcxproj", "{7135DE6C-71FE-4671-9EAF-C3CB3CFB6A6A}"
	ProjectSection(ProjectDependencies) = postProject
		{5A7C8BE9-67FE-4587-A8E3-C3C9308744F8} = {5A7C8BE9-67FE-4587-A8E3-C3C9308744F8}
	EndProjectSection
EndProject
Project("{8BC9CEB8-8B4A-11D0-8D11-00A0C91BC942}") = "dcmimgle", "..\dcmimgle\libsrc\dcmimgle.vcxproj", "{BBD698E2-037D-4287-8BC1-A0A2F2F96693}"
	ProjectSection(ProjectDependencies) = postProject
		{5A7C8BE9-67FE-4587-A8E3-C3C9308744F8} = {5A7C8BE9-67FE-4587-A8E3-C3C9308744F8}
	EndProjectSection
EndProject
Project("{8BC9CEB8-8B4A-11D0-8D11-00A0C91BC942}") = "dcmquant", "apps\dcmquant.vcxproj", "{1A07A4AA-9695-47DF-A1EC-F1D9FC49BBFA}"
	ProjectSection(ProjectDependencies) = postProject
		{5A7C8BE9-67FE-4587-A8E3-C3C9308744F8} = {5A7C8BE9-67FE-4587-A8E3-C3C9308744F8}
		{9E348861-E300-4530-A3F0-F9B01C9F7E5C} = {9E348861-E300-4530-A3F0-F9B01C9F7E5C}
		{7135DE6C-71FE-4671-9EAF-C3CB3CFB6A6A} = {7135DE6C-71FE-4671-9EAF-C3CB3CFB6A6A}
		{BBD698E2-037D-4287-8BC1-A0A2F2F96693} = {BBD698E2-037D-4287-8BC1-A0A2F2F96693}
		{E74F60C5-012A-4A46-B9D9-894F9227A533} = {E74F60C5-012A-4A46-B9D9-894F9227A533}
		{1BFA3245-57B0-4E3C-B042-C20AAC4342D5} = {1BFA3245-57B0-4E3C-B042-C20AAC4342D5}
	EndProjectSection
EndProject
Project("{8BC9CEB8-8B4A-11D0-8D11-00A0C91BC942}") = "dcmscale", "apps\dcmscale.vcxproj", "{122D3BBD-B23A-4D93-BBDA-BDA9C34A8375}"
	ProjectSection(ProjectDependencies) = postProject
		{5A7C8BE9-67FE-4587-A8E3-C3C9308744F8} = {5A7C8BE9-67FE-4587-A8E3-C3C9308744F8}
		{9E348861-E300-4530-A3F0-F9B01C9F7E5C} = {9E348861-E300-4530-A3F0-F9B01C9F7E5C}
		{7135DE6C-71FE-4671-9EAF-C3CB3CFB6A6A} = {7135DE6C-71FE-4671-9EAF-C3CB3CFB6A6A}
		{BBD698E2-037D-4287-8BC1-A0A2F2F96693} = {BBD698E2-037D-4287-8BC1-A0A2F2F96693}
		{E74F60C5-012A-4A46-B9D9-894F9227A533} = {E74F60C5-012A-4A46-B9D9-894F9227A533}
		{1BFA3245-57B0-4E3C-B042-C20AAC4342D5} = {1BFA3245-57B0-4E3C-B042-C20AAC4342D5}
	EndProjectSection
EndProject
Project("{8BC9CEB8-8B4A-11D0-8D11-00A0C91BC942}") = "oflog", "..\oflog\libsrc\oflog.vcxproj", "{E74F60C5-012A-4A46-B9D9-894F9227A533}"
	ProjectSection(ProjectDependencies) = postProject
		{5A7C8BE9-67FE-4587-A8E3-C3C9308744F8} = {5A7C8BE9-67FE-4587-A8E3-C3C9308744F8}
	EndProjectSection
EndProject
Project("{8BC9CEB8-8B4A-11D0-8D11-00A0C91BC942}") = "ofstd", "..\ofstd\libsrc\ofstd.vcxproj", "{1BFA3245-57B0-4E3C-B042-C20AAC4342D5}"
	ProjectSection(ProjectDependencies) = postProject
		{5A7C8BE9-67FE-4587-A8E3-C3C9308744F8} = {5A7C8BE9-67FE-4587-A8E3-C3C9308744F8}
	EndProjectSection
EndProject
Global
	GlobalSection(SolutionConfigurationPlatforms) = preSolution
		Debug|Win32 = Debug|Win32
		Release|Win32 = Release|Win32
		MinSizeRel|Win32 = MinSizeRel|Win32
		RelWithDebInfo|Win32 = RelWithDebInfo|Win32
	EndGlobalSection
	GlobalSection(ProjectConfigurationPlatforms) = postSolution
		{EF9E337E-1378-46FC-85B8-2AE04E46F04D}.Debug|Win32.ActiveCfg = Debug|Win32
		{EF9E337E-1378-46FC-85B8-2AE04E46F04D}.Debug|Win32.Build.0 = Debug|Win32
		{EF9E337E-1378-46FC-85B8-2AE04E46F04D}.Release|Win32.ActiveCfg = Release|Win32
		{EF9E337E-1378-46FC-85B8-2AE04E46F04D}.Release|Win32.Build.0 = Release|Win32
		{EF9E337E-1378-46FC-85B8-2AE04E46F04D}.MinSizeRel|Win32.ActiveCfg = MinSizeRel|Win32
		{EF9E337E-1378-46FC-85B8-2AE04E46F04D}.MinSizeRel|Win32.Build.0 = MinSizeRel|Win32
		{EF9E337E-1378-46FC-85B8-2AE04E46F04D}.RelWithDebInfo|Win32.ActiveCfg = RelWithDebInfo|Win32
		{EF9E337E-1378-46FC-85B8-2AE04E46F04D}.RelWithDebInfo|Win32.Build.0 = RelWithDebInfo|Win32
		{789A64C0-CC81-43AB-8473-285AD3D029CB}.Debug|Win32.ActiveCfg = Debug|Win32
		{789A64C0-CC81-43AB-8473-285AD3D029CB}.Release|Win32.ActiveCfg = Release|Win32
		{789A64C0-CC81-43AB-8473-285AD3D029CB}.MinSizeRel|Win32.ActiveCfg = MinSizeRel|Win32
		{789A64C0-CC81-43AB-8473-285AD3D029CB}.RelWithDebInfo|Win32.ActiveCfg = RelWithDebInfo|Win32
		{5A7C8BE9-67FE-4587-A8E3-C3C9308744F8}.Debug|Win32.ActiveCfg = Debug|Win32
		{5A7C8BE9-67FE-4587-A8E3-C3C9308744F8}.Debug|Win32.Build.0 = Debug|Win32
		{5A7C8BE9-67FE-4587-A8E3-C3C9308744F8}.Release|Win32.ActiveCfg = Release|Win32
		{5A7C8BE9-67FE-4587-A8E3-C3C9308744F8}.Release|Win32.Build.0 = Release|Win32
		{5A7C8BE9-67FE-4587-A8E3-C3C9308744F8}.MinSizeRel|Win32.ActiveCfg = MinSizeRel|Win32
		{5A7C8BE9-67FE-4587-A8E3-C3C9308744F8}.MinSizeRel|Win32.Build.0 = MinSizeRel|Win32
		{5A7C8BE9-67FE-4587-A8E3-C3C9308744F8}.RelWithDebInfo|Win32.ActiveCfg = RelWithDebInfo|Win32
		{5A7C8BE9-67FE-4587-A8E3-C3C9308744F8}.RelWithDebInfo|Win32.Build.0 = RelWithDebInfo|Win32
		{08C8CD2E-00EB-4A16-A19B-E43B607E337A}.Debug|Win32.ActiveCfg = Debug|Win32
		{08C8CD2E-00EB-4A16-A19B-E43B607E337A}.Debug|Win32.Build.0 = Debug|Win32
		{08C8CD2E-00EB-4A16-A19B-E43B607E337A}.Release|Win32.ActiveCfg = Release|Win32
		{08C8CD2E-00EB-4A16-A19B-E43B607E337A}.Release|Win32.Build.0 = Release|Win32
		{08C8CD2E-00EB-4A16-A19B-E43B607E337A}.MinSizeRel|Win32.ActiveCfg = MinSizeRel|Win32
		{08C8CD2E-00EB-4A16-A19B-E43B607E337A}.MinSizeRel|Win32.Build.0 = MinSizeRel|Win32
		{08C8CD2E-00EB-4A16-A19B-E43B607E337A}.RelWithDebInfo|Win32.ActiveCfg = RelWithDebInfo|Win32
		{08C8CD2E-00EB-4A16-A19B-E43B607E337A}.RelWithDebInfo|Win32.Build.0 = RelWithDebInfo|Win32
		{9E348861-E300-4530-A3F0-F9B01C9F7E5C}.Debug|Win32.ActiveCfg = Debug|Win32
		{9E348861-E300-4530-A3F0-F9B01C9F7E5C}.Debug|Win32.Build.0 = Debug|Win32
		{9E348861-E300-4530-A3F0-F9B01C9F7E5C}.Release|Win32.ActiveCfg = Release|Win32
		{9E348861-E300-4530-A3F0-F9B01C9F7E5C}.Release|Win32.Build.0 = Release|Win32
		{9E348861-E300-4530-A3F0-F9B01C9F7E5C}.MinSizeRel|Win32.ActiveCfg = MinSizeRel|Win32
		{9E348861-E300-4530-A3F0-F9B01C9F7E5C}.MinSizeRel|Win32.Build.0 = MinSizeRel|Win32
		{9E348861-E300-4530-A3F0-F9B01C9F7E5C}.RelWithDebInfo|Win32.ActiveCfg = RelWithDebInfo|Win32
		{9E348861-E300-4530-A3F0-F9B01C9F7E5C}.RelWithDebInfo|Win32.Build.0 = RelWithDebInfo|Win32
		{7135DE6C-71FE-4671-9EAF-C3CB3CFB6A6A}.Debug|Win32.ActiveCfg = Debug|Win32
		{7135DE6C-71FE-4671-9EAF-C3CB3CFB6A6A}.Debug|Win32.Build.0 = Debug|Win32
		{7135DE6C-71FE-4671-9EAF-C3CB3CFB6A6A}.Release|Win32.ActiveCfg = Release|Win32
		{7135DE6C-71FE-4671-9EAF-C3CB3CFB6A6A}.Release|Win32.Build.0 = Release|Win32
		{7135DE6C-71FE-4671-9EAF-C3CB3CFB6A6A}.MinSizeRel|Win32.ActiveCfg = MinSizeRel|Win32
		{7135DE6C-71FE-4671-9EAF-C3CB3CFB6A6A}.MinSizeRel|Win32.Build.0 = MinSizeRel|Win32
		{7135DE6C-71FE-4671-9EAF-C3CB3CFB6A6A}.RelWithDebInfo|Win32.ActiveCfg = RelWithDebInfo|Win32
		{7135DE6C-71FE-4671-9EAF-C3CB3CFB6A6A}.RelWithDebInfo|Win32.Build.0 = RelWithDebInfo|Win32
		{BBD698E2-037D-4287-8BC1-A0A2F2F96693}.Debug|Win32.ActiveCfg = Debug|Win32
		{BBD698E2-037D-4287-8BC1-A0A2F2F96693}.Debug|Win32.Build.0 = Debug|Win32
		{BBD698E2-037D-4287-8BC1-A0A2F2F96693}.Release|Win32.ActiveCfg = Release|Win32
		{BBD698E2-037D-4287-8BC1-A0A2F2F96693}.Release|Win32.Build.0 = Release|Win32
		{BBD698E2-037D-4287-8BC1-A0A2F2F96693}.MinSizeRel|Win32.ActiveCfg = MinSizeRel|Win32
		{BBD698E2-037D-4287-8BC1-A0A2F2F96693}.MinSizeRel|Win32.Build.0 = MinSizeRel|Win32
		{BBD698E2-037D-4287-8BC1-A0A2F2F96693}.RelWithDebInfo|Win32.ActiveCfg = RelWithDebInfo|Win32
		{BBD698E2-037D-4287-8BC1-A0A2F2F96693}.RelWithDebInfo|Win32.Build.0 = RelWithDebInfo|Win32
		{1A07A4AA-9695-47DF-A1EC-F1D9FC49BBFA}.Debug|Win32.ActiveCfg = Debug|Win32
		{1A07A4AA-9695-47DF-A1EC-F1D9FC49BBFA}.Debug|Win32.Build.0 = Debug|Win32
		{1A07A4AA-9695-47DF-A1EC-F1D9FC49BBFA}.Release|Win32.ActiveCfg = Release|Win32
		{1A07A4AA-9695-47DF-A1EC-F1D9FC49BBFA}.Release|Win32.Build.0 = Release|Win32
		{1A07A4AA-9695-47DF-A1EC-F1D9FC49BBFA}.MinSizeRel|Win32.ActiveCfg = MinSizeRel|Win32
		{1A07A4AA-9695-47DF-A1EC-F1D9FC49BBFA}.MinSizeRel|Win32.Build.0 = MinSizeRel|Win32
		{1A07A4AA-9695-47DF-A1EC-F1D9FC49BBFA}.RelWithDebInfo|Win32.ActiveCfg = RelWithDebInfo|Win32
		{1A07A4AA-9695-47DF-A1EC-F1D9FC49BBFA}.RelWithDebInfo|Win32.Build.0 = RelWithDebInfo|Win32
		{122D3BBD-B23A-4D93-BBDA-BDA9C34A8375}.Debug|Win32.ActiveCfg = Debug|Win32
		{122D3BBD-B23A-4D93-BBDA-BDA9C34A8375}.Debug|Win32.Build.0 = Debug|Win32
		{122D3BBD-B23A-4D93-BBDA-BDA9C34A8375}.Release|Win32.ActiveCfg = Release|Win32
		{122D3BBD-B23A-4D93-BBDA-BDA9C34A8375}.Release|Win32.Build.0 = Release|Win32
		{122D3BBD-B23A-4D93-BBDA-BDA9C34A8375}.MinSizeRel|Win32.ActiveCfg = MinSizeRel|Win32
		{122D3BBD-B23A-4D93-BBDA-BDA9C34A8375}.MinSizeRel|Win32.Build.0 = MinSizeRel|Win32
		{122D3BBD-B23A-4D93-BBDA-BDA9C34A8375}.RelWithDebInfo|Win32.ActiveCfg = RelWithDebInfo|Win32
		{122D3BBD-B23A-4D93-BBDA-BDA9C34A8375}.RelWithDebInfo|Win32.Build.0 = RelWithDebInfo|Win32
		{E74F60C5-012A-4A46-B9D9-894F9227A533}.Debug|Win32.ActiveCfg = Debug|Win32
		{E74F60C5-012A-4A46-B9D9-894F9227A533}.Debug|Win32.Build.0 = Debug|Win32
		{E74F60C5-012A-4A46-B9D9-894F9227A533}.Release|Win32.ActiveCfg = Release|Win32
		{E74F60C5-012A-4A46-B9D9-894F9227A533}.Release|Win32.Build.0 = Release|Win32
		{E74F60C5-012A-4A46-B9D9-894F9227A533}.MinSizeRel|Win32.ActiveCfg = MinSizeRel|Win32
		{E74F60C5-012A-4A46-B9D9-894F9227A533}.MinSizeRel|Win32.Build.0 = MinSizeRel|Win32
		{E74F60C5-012A-4A46-B9D9-894F9227A533}.RelWithDebInfo|Win32.ActiveCfg = RelWithDebInfo|Win32
		{E74F60C5-012A-4A46-B9D9-894F9227A533}.RelWithDebInfo|Win32.Build.0 = RelWithDebInfo|Win32
		{1BFA3245-57B0-4E3C-B042-C20AAC4342D5}.Debug|Win32.ActiveCfg = Debug|Win32
		{1BFA3245-57B0-4E3C-B042-C20AAC4342D5}.Debug|Win32.Build.0 = Debug|Win32
		{1BFA3245-57B0-4E3C-B042-C20AAC4342D5}.Release|Win32.ActiveCfg = Release|Win32
		{1BFA3245-57B0-4E3C-B042-C20AAC4342D5}.Release|Win32.Build.0 = Release|Win32
		{1BFA3245-57B0-4E3C-B042-C20AAC4342D5}.MinSizeRel|Win32.ActiveCfg = MinSizeRel|Win32
		{1BFA3245-57B0-4E3C-B042-C20AAC4342D5}.MinSizeRel|Win32.Build.0 = MinSizeRel|Win32
		{1BFA3245-57B0-4E3C-B042-C20AAC4342D5}.RelWithDebInfo|Win32.ActiveCfg = RelWithDebInfo|Win32
		{1BFA3245-57B0-4E3C-B042-C20AAC4342D5}.RelWithDebInfo|Win32.Build.0 = RelWithDebInfo|Win32
	EndGlobalSection
	GlobalSection(ExtensibilityGlobals) = postSolution
	EndGlobalSection
	GlobalSection(ExtensibilityAddIns) = postSolution
	EndGlobalSection
EndGlobal
