Microsoft Visual Studio Solution File, Format Version 12.00
# Visual Studio 2012
Project("{8BC9CEB8-8B4A-11D0-8D11-00A0C91BC942}") = "ALL_BUILD", "ALL_BUILD.vcxproj", "{EF9E337E-1378-46FC-85B8-2AE04E46F04D}"
	ProjectSection(ProjectDependencies) = postProject
		{A848B1BD-B539-4FFF-9D2B-BB73E75BD444} = {A848B1BD-B539-4FFF-9D2B-BB73E75BD444}
		{8B82565A-AE79-46F7-993A-78BA34B16271} = {8B82565A-AE79-46F7-993A-78BA34B16271}
		{D30AE4BD-444A-4377-A4AC-B348ECB88B22} = {D30AE4BD-444A-4377-A4AC-B348ECB88B22}
		{9B5EE6C5-ACD2-4E60-8307-E175AA748AA9} = {9B5EE6C5-ACD2-4E60-8307-E175AA748AA9}
		{9E348861-E300-4530-A3F0-F9B01C9F7E5C} = {9E348861-E300-4530-A3F0-F9B01C9F7E5C}
		{ADD06494-CE4F-46DC-A9CB-73DB2B21D4E6} = {ADD06494-CE4F-46DC-A9CB-73DB2B21D4E6}
		{CC806ECC-4A6C-4781-951A-C4AA0DF544EB} = {CC806ECC-4A6C-4781-951A-C4AA0DF544EB}
		{8D8A6BA2-8D3C-4352-9610-F212E337225D} = {8D8A6BA2-8D3C-4352-9610-F212E337225D}
		{6703243E-4B9A-41B4-B8FE-4145F040C44E} = {6703243E-4B9A-41B4-B8FE-4145F040C44E}
		{ACF02774-BB68-41E2-A0D9-A907B2FB6E78} = {ACF02774-BB68-41E2-A0D9-A907B2FB6E78}
		{39C33BA1-E586-453F-8F38-31C6EB10FD01} = {39C33BA1-E586-453F-8F38-31C6EB10FD01}
		{2A875ABB-EF7B-4C30-BDA5-91B4525362A7} = {2A875ABB-EF7B-4C30-BDA5-91B4525362A7}
		{FDFB3C1B-F95B-43CB-A3FE-4C81E846FFF6} = {FDFB3C1B-F95B-43CB-A3FE-4C81E846FFF6}
		{23CFE8D5-51EF-4CEC-8230-7B14D4C24B1E} = {23CFE8D5-51EF-4CEC-8230-7B14D4C24B1E}
		{9FBC217D-6C1E-4C97-9B2C-814A37DF2DD6} = {9FBC217D-6C1E-4C97-9B2C-814A37DF2DD6}
		{F0C4075F-751A-4F5C-A0C1-AB3D44F3DCA9} = {F0C4075F-751A-4F5C-A0C1-AB3D44F3DCA9}
		{7F6D406C-904A-4342-B3C5-83DE70841933} = {7F6D406C-904A-4342-B3C5-83DE70841933}
		{4B2B4EFD-36E9-47DC-8583-8385F26F1E9E} = {4B2B4EFD-36E9-47DC-8583-8385F26F1E9E}
		{553367D1-F3CF-4CA1-A918-E9039EA6CBDE} = {553367D1-F3CF-4CA1-A918-E9039EA6CBDE}
		{A8652E92-585C-4BB1-95D6-A5C2A3636232} = {A8652E92-585C-4BB1-95D6-A5C2A3636232}
	EndProjectSection
EndProject
Project("{8BC9CEB8-8B4A-11D0-8D11-00A0C91BC942}") = "INSTALL", "INSTALL.vcxproj", "{789A64C0-CC81-43AB-8473-285AD3D029CB}"
	ProjectSection(ProjectDependencies) = postProject
		{EF9E337E-1378-46FC-85B8-2AE04E46F04D} = {EF9E337E-1378-46FC-85B8-2AE04E46F04D}
	EndProjectSection
EndProject
Project("{8BC9CEB8-8B4A-11D0-8D11-00A0C91BC942}") = "ZERO_CHECK", "..\ZERO_CHECK.vcxproj", "{5A7C8BE9-67FE-4587-A8E3-C3C9308744F8}"
	ProjectSection(ProjectDependencies) = postProject
	EndProjectSection
EndProject
Project("{8BC9CEB8-8B4A-11D0-8D11-00A0C91BC942}") = "dcm2pdf", "apps\dcm2pdf.vcxproj", "{A848B1BD-B539-4FFF-9D2B-BB73E75BD444}"
	ProjectSection(ProjectDependencies) = postProject
		{5A7C8BE9-67FE-4587-A8E3-C3C9308744F8} = {5A7C8BE9-67FE-4587-A8E3-C3C9308744F8}
		{9E348861-E300-4530-A3F0-F9B01C9F7E5C} = {9E348861-E300-4530-A3F0-F9B01C9F7E5C}
		{E74F60C5-012A-4A46-B9D9-894F9227A533} = {E74F60C5-012A-4A46-B9D9-894F9227A533}
		{1BFA3245-57B0-4E3C-B042-C20AAC4342D5} = {1BFA3245-57B0-4E3C-B042-C20AAC4342D5}
	EndProjectSection
EndProject
Project("{8BC9CEB8-8B4A-11D0-8D11-00A0C91BC942}") = "dcm2xml", "apps\dcm2xml.vcxproj", "{8B82565A-AE79-46F7-993A-78BA34B16271}"
	ProjectSection(ProjectDependencies) = postProject
		{5A7C8BE9-67FE-4587-A8E3-C3C9308744F8} = {5A7C8BE9-67FE-4587-A8E3-C3C9308744F8}
		{9E348861-E300-4530-A3F0-F9B01C9F7E5C} = {9E348861-E300-4530-A3F0-F9B01C9F7E5C}
		{E74F60C5-012A-4A46-B9D9-894F9227A533} = {E74F60C5-012A-4A46-B9D9-894F9227A533}
		{1BFA3245-57B0-4E3C-B042-C20AAC4342D5} = {1BFA3245-57B0-4E3C-B042-C20AAC4342D5}
	EndProjectSection
EndProject
Project("{8BC9CEB8-8B4A-11D0-8D11-00A0C91BC942}") = "dcmconv", "apps\dcmconv.vcxproj", "{D30AE4BD-444A-4377-A4AC-B348ECB88B22}"
	ProjectSection(ProjectDependencies) = postProject
		{5A7C8BE9-67FE-4587-A8E3-C3C9308744F8} = {5A7C8BE9-67FE-4587-A8E3-C3C9308744F8}
		{9E348861-E300-4530-A3F0-F9B01C9F7E5C} = {9E348861-E300-4530-A3F0-F9B01C9F7E5C}
		{E74F60C5-012A-4A46-B9D9-894F9227A533} = {E74F60C5-012A-4A46-B9D9-894F9227A533}
		{1BFA3245-57B0-4E3C-B042-C20AAC4342D5} = {1BFA3245-57B0-4E3C-B042-C20AAC4342D5}
	EndProjectSection
EndProject
Project("{8BC9CEB8-8B4A-11D0-8D11-00A0C91BC942}") = "dcmcrle", "apps\dcmcrle.vcxproj", "{9B5EE6C5-ACD2-4E60-8307-E175AA748AA9}"
	ProjectSection(ProjectDependencies) = postProject
		{5A7C8BE9-67FE-4587-A8E3-C3C9308744F8} = {5A7C8BE9-67FE-4587-A8E3-C3C9308744F8}
		{9E348861-E300-4530-A3F0-F9B01C9F7E5C} = {9E348861-E300-4530-A3F0-F9B01C9F7E5C}
		{E74F60C5-012A-4A46-B9D9-894F9227A533} = {E74F60C5-012A-4A46-B9D9-894F9227A533}
		{1BFA3245-57B0-4E3C-B042-C20AAC4342D5} = {1BFA3245-57B0-4E3C-B042-C20AAC4342D5}
	EndProjectSection
EndProject
Project("{8BC9CEB8-8B4A-11D0-8D11-00A0C91BC942}") = "dcmdata", "libsrc\dcmdata.vcxproj", "{9E348861-E300-4530-A3F0-F9B01C9F7E5C}"
	ProjectSection(ProjectDependencies) = postProject
		{5A7C8BE9-67FE-4587-A8E3-C3C9308744F8} = {5A7C8BE9-67FE-4587-A8E3-C3C9308744F8}
	EndProjectSection
EndProject
Project("{8BC9CEB8-8B4A-11D0-8D11-00A0C91BC942}") = "dcmdrle", "apps\dcmdrle.vcxproj", "{ADD06494-CE4F-46DC-A9CB-73DB2B21D4E6}"
	ProjectSection(ProjectDependencies) = postProject
		{5A7C8BE9-67FE-4587-A8E3-C3C9308744F8} = {5A7C8BE9-67FE-4587-A8E3-C3C9308744F8}
		{9E348861-E300-4530-A3F0-F9B01C9F7E5C} = {9E348861-E300-4530-A3F0-F9B01C9F7E5C}
		{E74F60C5-012A-4A46-B9D9-894F9227A533} = {E74F60C5-012A-4A46-B9D9-894F9227A533}
		{1BFA3245-57B0-4E3C-B042-C20AAC4342D5} = {1BFA3245-57B0-4E3C-B042-C20AAC4342D5}
	EndProjectSection
EndProject
Project("{8BC9CEB8-8B4A-11D0-8D11-00A0C91BC942}") = "dcmdump", "apps\dcmdump.vcxproj", "{CC806ECC-4A6C-4781-951A-C4AA0DF544EB}"
	ProjectSection(ProjectDependencies) = postProject
		{5A7C8BE9-67FE-4587-A8E3-C3C9308744F8} = {5A7C8BE9-67FE-4587-A8E3-C3C9308744F8}
		{9E348861-E300-4530-A3F0-F9B01C9F7E5C} = {9E348861-E300-4530-A3F0-F9B01C9F7E5C}
		{E74F60C5-012A-4A46-B9D9-894F9227A533} = {E74F60C5-012A-4A46-B9D9-894F9227A533}
		{1BFA3245-57B0-4E3C-B042-C20AAC4342D5} = {1BFA3245-57B0-4E3C-B042-C20AAC4342D5}
	EndProjectSection
EndProject
Project("{8BC9CEB8-8B4A-11D0-8D11-00A0C91BC942}") = "dcmftest", "apps\dcmftest.vcxproj", "{8D8A6BA2-8D3C-4352-9610-F212E337225D}"
	ProjectSection(ProjectDependencies) = postProject
		{5A7C8BE9-67FE-4587-A8E3-C3C9308744F8} = {5A7C8BE9-67FE-4587-A8E3-C3C9308744F8}
		{1BFA3245-57B0-4E3C-B042-C20AAC4342D5} = {1BFA3245-57B0-4E3C-B042-C20AAC4342D5}
	EndProjectSection
EndProject
Project("{8BC9CEB8-8B4A-11D0-8D11-00A0C91BC942}") = "dcmgpdir", "apps\dcmgpdir.vcxproj", "{6703243E-4B9A-41B4-B8FE-4145F040C44E}"
	ProjectSection(ProjectDependencies) = postProject
		{5A7C8BE9-67FE-4587-A8E3-C3C9308744F8} = {5A7C8BE9-67FE-4587-A8E3-C3C9308744F8}
		{9E348861-E300-4530-A3F0-F9B01C9F7E5C} = {9E348861-E300-4530-A3F0-F9B01C9F7E5C}
		{E74F60C5-012A-4A46-B9D9-894F9227A533} = {E74F60C5-012A-4A46-B9D9-894F9227A533}
		{1BFA3245-57B0-4E3C-B042-C20AAC4342D5} = {1BFA3245-57B0-4E3C-B042-C20AAC4342D5}
	EndProjectSection
EndProject
Project("{8BC9CEB8-8B4A-11D0-8D11-00A0C91BC942}") = "dcmodify", "apps\dcmodify.vcxproj", "{ACF02774-BB68-41E2-A0D9-A907B2FB6E78}"
	ProjectSection(ProjectDependencies) = postProject
		{5A7C8BE9-67FE-4587-A8E3-C3C9308744F8} = {5A7C8BE9-67FE-4587-A8E3-C3C9308744F8}
		{9E348861-E300-4530-A3F0-F9B01C9F7E5C} = {9E348861-E300-4530-A3F0-F9B01C9F7E5C}
		{E74F60C5-012A-4A46-B9D9-894F9227A533} = {E74F60C5-012A-4A46-B9D9-894F9227A533}
		{1BFA3245-57B0-4E3C-B042-C20AAC4342D5} = {1BFA3245-57B0-4E3C-B042-C20AAC4342D5}
	EndProjectSection
EndProject
Project("{8BC9CEB8-8B4A-11D0-8D11-00A0C91BC942}") = "dump2dcm", "apps\dump2dcm.vcxproj", "{39C33BA1-E586-453F-8F38-31C6EB10FD01}"
	ProjectSection(ProjectDependencies) = postProject
		{5A7C8BE9-67FE-4587-A8E3-C3C9308744F8} = {5A7C8BE9-67FE-4587-A8E3-C3C9308744F8}
		{9E348861-E300-4530-A3F0-F9B01C9F7E5C} = {9E348861-E300-4530-A3F0-F9B01C9F7E5C}
		{E74F60C5-012A-4A46-B9D9-894F9227A533} = {E74F60C5-012A-4A46-B9D9-894F9227A533}
		{1BFA3245-57B0-4E3C-B042-C20AAC4342D5} = {1BFA3245-57B0-4E3C-B042-C20AAC4342D5}
	EndProjectSection
EndProject
Project("{8BC9CEB8-8B4A-11D0-8D11-00A0C91BC942}") = "i2dbmp", "tests\i2dbmp.vcxproj", "{2A875ABB-EF7B-4C30-BDA5-91B4525362A7}"
	ProjectSection(ProjectDependencies) = postProject
		{5A7C8BE9-67FE-4587-A8E3-C3C9308744F8} = {5A7C8BE9-67FE-4587-A8E3-C3C9308744F8}
		{9E348861-E300-4530-A3F0-F9B01C9F7E5C} = {9E348861-E300-4530-A3F0-F9B01C9F7E5C}
		{23CFE8D5-51EF-4CEC-8230-7B14D4C24B1E} = {23CFE8D5-51EF-4CEC-8230-7B14D4C24B1E}
		{E74F60C5-012A-4A46-B9D9-894F9227A533} = {E74F60C5-012A-4A46-B9D9-894F9227A533}
		{1BFA3245-57B0-4E3C-B042-C20AAC4342D5} = {1BFA3245-57B0-4E3C-B042-C20AAC4342D5}
	EndProjectSection
EndProject
Project("{8BC9CEB8-8B4A-11D0-8D11-00A0C91BC942}") = "img2dcm", "apps\img2dcm.vcxproj", "{FDFB3C1B-F95B-43CB-A3FE-4C81E846FFF6}"
	ProjectSection(ProjectDependencies) = postProject
		{5A7C8BE9-67FE-4587-A8E3-C3C9308744F8} = {5A7C8BE9-67FE-4587-A8E3-C3C9308744F8}
		{9E348861-E300-4530-A3F0-F9B01C9F7E5C} = {9E348861-E300-4530-A3F0-F9B01C9F7E5C}
		{23CFE8D5-51EF-4CEC-8230-7B14D4C24B1E} = {23CFE8D5-51EF-4CEC-8230-7B14D4C24B1E}
		{E74F60C5-012A-4A46-B9D9-894F9227A533} = {E74F60C5-012A-4A46-B9D9-894F9227A533}
		{1BFA3245-57B0-4E3C-B042-C20AAC4342D5} = {1BFA3245-57B0-4E3C-B042-C20AAC4342D5}
	EndProjectSection
EndProject
Project("{8BC9CEB8-8B4A-11D0-8D11-00A0C91BC942}") = "libi2d", "libi2d\libi2d.vcxproj", "{23CFE8D5-51EF-4CEC-8230-7B14D4C24B1E}"
	ProjectSection(ProjectDependencies) = postProject
		{5A7C8BE9-67FE-4587-A8E3-C3C9308744F8} = {5A7C8BE9-67FE-4587-A8E3-C3C9308744F8}
	EndProjectSection
EndProject
Project("{8BC9CEB8-8B4A-11D0-8D11-00A0C91BC942}") = "oflog", "..\oflog\libsrc\oflog.vcxproj", "{E74F60C5-012A-4A46-B9D9-894F9227A533}"
	ProjectSection(ProjectDependencies) = postProject
		{5A7C8BE9-67FE-4587-A8E3-C3C9308744F8} = {5A7C8BE9-67FE-4587-A8E3-C3C9308744F8}
	EndProjectSection
EndProject
Project("{8BC9CEB8-8B4A-11D0-8D11-00A0C91BC942}") = "ofstd", "..\ofstd\libsrc\ofstd.vcxproj", "{1BFA3245-57B0-4E3C-B042-C20AAC4342D5}"
	ProjectSection(ProjectDependencies) = postProject
		{5A7C8BE9-67FE-4587-A8E3-C3C9308744F8} = {5A7C8BE9-67FE-4587-A8E3-C3C9308744F8}
	EndProjectSection
EndProject
Project("{8BC9CEB8-8B4A-11D0-8D11-00A0C91BC942}") = "pdf2dcm", "apps\pdf2dcm.vcxproj", "{9FBC217D-6C1E-4C97-9B2C-814A37DF2DD6}"
	ProjectSection(ProjectDependencies) = postProject
		{5A7C8BE9-67FE-4587-A8E3-C3C9308744F8} = {5A7C8BE9-67FE-4587-A8E3-C3C9308744F8}
		{9E348861-E300-4530-A3F0-F9B01C9F7E5C} = {9E348861-E300-4530-A3F0-F9B01C9F7E5C}
		{E74F60C5-012A-4A46-B9D9-894F9227A533} = {E74F60C5-012A-4A46-B9D9-894F9227A533}
		{1BFA3245-57B0-4E3C-B042-C20AAC4342D5} = {1BFA3245-57B0-4E3C-B042-C20AAC4342D5}
	EndProjectSection
EndProject
Project("{8BC9CEB8-8B4A-11D0-8D11-00A0C91BC942}") = "tstchval", "tests\tstchval.vcxproj", "{F0C4075F-751A-4F5C-A0C1-AB3D44F3DCA9}"
	ProjectSection(ProjectDependencies) = postProject
		{5A7C8BE9-67FE-4587-A8E3-C3C9308744F8} = {5A7C8BE9-67FE-4587-A8E3-C3C9308744F8}
		{9E348861-E300-4530-A3F0-F9B01C9F7E5C} = {9E348861-E300-4530-A3F0-F9B01C9F7E5C}
		{E74F60C5-012A-4A46-B9D9-894F9227A533} = {E74F60C5-012A-4A46-B9D9-894F9227A533}
		{1BFA3245-57B0-4E3C-B042-C20AAC4342D5} = {1BFA3245-57B0-4E3C-B042-C20AAC4342D5}
	EndProjectSection
EndProject
Project("{8BC9CEB8-8B4A-11D0-8D11-00A0C91BC942}") = "tstpath", "tests\tstpath.vcxproj", "{7F6D406C-904A-4342-B3C5-83DE70841933}"
	ProjectSection(ProjectDependencies) = postProject
		{5A7C8BE9-67FE-4587-A8E3-C3C9308744F8} = {5A7C8BE9-67FE-4587-A8E3-C3C9308744F8}
		{9E348861-E300-4530-A3F0-F9B01C9F7E5C} = {9E348861-E300-4530-A3F0-F9B01C9F7E5C}
		{E74F60C5-012A-4A46-B9D9-894F9227A533} = {E74F60C5-012A-4A46-B9D9-894F9227A533}
		{1BFA3245-57B0-4E3C-B042-C20AAC4342D5} = {1BFA3245-57B0-4E3C-B042-C20AAC4342D5}
	EndProjectSection
EndProject
Project("{8BC9CEB8-8B4A-11D0-8D11-00A0C91BC942}") = "tstpread", "tests\tstpread.vcxproj", "{4B2B4EFD-36E9-47DC-8583-8385F26F1E9E}"
	ProjectSection(ProjectDependencies) = postProject
		{5A7C8BE9-67FE-4587-A8E3-C3C9308744F8} = {5A7C8BE9-67FE-4587-A8E3-C3C9308744F8}
		{9E348861-E300-4530-A3F0-F9B01C9F7E5C} = {9E348861-E300-4530-A3F0-F9B01C9F7E5C}
		{E74F60C5-012A-4A46-B9D9-894F9227A533} = {E74F60C5-012A-4A46-B9D9-894F9227A533}
		{1BFA3245-57B0-4E3C-B042-C20AAC4342D5} = {1BFA3245-57B0-4E3C-B042-C20AAC4342D5}
	EndProjectSection
EndProject
Project("{8BC9CEB8-8B4A-11D0-8D11-00A0C91BC942}") = "tvrdatim", "tests\tvrdatim.vcxproj", "{553367D1-F3CF-4CA1-A918-E9039EA6CBDE}"
	ProjectSection(ProjectDependencies) = postProject
		{5A7C8BE9-67FE-4587-A8E3-C3C9308744F8} = {5A7C8BE9-67FE-4587-A8E3-C3C9308744F8}
		{9E348861-E300-4530-A3F0-F9B01C9F7E5C} = {9E348861-E300-4530-A3F0-F9B01C9F7E5C}
		{E74F60C5-012A-4A46-B9D9-894F9227A533} = {E74F60C5-012A-4A46-B9D9-894F9227A533}
		{1BFA3245-57B0-4E3C-B042-C20AAC4342D5} = {1BFA3245-57B0-4E3C-B042-C20AAC4342D5}
	EndProjectSection
EndProject
Project("{8BC9CEB8-8B4A-11D0-8D11-00A0C91BC942}") = "xml2dcm", "apps\xml2dcm.vcxproj", "{A8652E92-585C-4BB1-95D6-A5C2A3636232}"
	ProjectSection(ProjectDependencies) = postProject
		{5A7C8BE9-67FE-4587-A8E3-C3C9308744F8} = {5A7C8BE9-67FE-4587-A8E3-C3C9308744F8}
		{9E348861-E300-4530-A3F0-F9B01C9F7E5C} = {9E348861-E300-4530-A3F0-F9B01C9F7E5C}
		{E74F60C5-012A-4A46-B9D9-894F9227A533} = {E74F60C5-012A-4A46-B9D9-894F9227A533}
		{1BFA3245-57B0-4E3C-B042-C20AAC4342D5} = {1BFA3245-57B0-4E3C-B042-C20AAC4342D5}
	EndProjectSection
EndProject
Global
	GlobalSection(SolutionConfigurationPlatforms) = preSolution
		Debug|Win32 = Debug|Win32
		Release|Win32 = Release|Win32
		MinSizeRel|Win32 = MinSizeRel|Win32
		RelWithDebInfo|Win32 = RelWithDebInfo|Win32
	EndGlobalSection
	GlobalSection(ProjectConfigurationPlatforms) = postSolution
		{EF9E337E-1378-46FC-85B8-2AE04E46F04D}.Debug|Win32.ActiveCfg = Debug|Win32
		{EF9E337E-1378-46FC-85B8-2AE04E46F04D}.Debug|Win32.Build.0 = Debug|Win32
		{EF9E337E-1378-46FC-85B8-2AE04E46F04D}.Release|Win32.ActiveCfg = Release|Win32
		{EF9E337E-1378-46FC-85B8-2AE04E46F04D}.Release|Win32.Build.0 = Release|Win32
		{EF9E337E-1378-46FC-85B8-2AE04E46F04D}.MinSizeRel|Win32.ActiveCfg = MinSizeRel|Win32
		{EF9E337E-1378-46FC-85B8-2AE04E46F04D}.MinSizeRel|Win32.Build.0 = MinSizeRel|Win32
		{EF9E337E-1378-46FC-85B8-2AE04E46F04D}.RelWithDebInfo|Win32.ActiveCfg = RelWithDebInfo|Win32
		{EF9E337E-1378-46FC-85B8-2AE04E46F04D}.RelWithDebInfo|Win32.Build.0 = RelWithDebInfo|Win32
		{789A64C0-CC81-43AB-8473-285AD3D029CB}.Debug|Win32.ActiveCfg = Debug|Win32
		{789A64C0-CC81-43AB-8473-285AD3D029CB}.Release|Win32.ActiveCfg = Release|Win32
		{789A64C0-CC81-43AB-8473-285AD3D029CB}.MinSizeRel|Win32.ActiveCfg = MinSizeRel|Win32
		{789A64C0-CC81-43AB-8473-285AD3D029CB}.RelWithDebInfo|Win32.ActiveCfg = RelWithDebInfo|Win32
		{5A7C8BE9-67FE-4587-A8E3-C3C9308744F8}.Debug|Win32.ActiveCfg = Debug|Win32
		{5A7C8BE9-67FE-4587-A8E3-C3C9308744F8}.Debug|Win32.Build.0 = Debug|Win32
		{5A7C8BE9-67FE-4587-A8E3-C3C9308744F8}.Release|Win32.ActiveCfg = Release|Win32
		{5A7C8BE9-67FE-4587-A8E3-C3C9308744F8}.Release|Win32.Build.0 = Release|Win32
		{5A7C8BE9-67FE-4587-A8E3-C3C9308744F8}.MinSizeRel|Win32.ActiveCfg = MinSizeRel|Win32
		{5A7C8BE9-67FE-4587-A8E3-C3C9308744F8}.MinSizeRel|Win32.Build.0 = MinSizeRel|Win32
		{5A7C8BE9-67FE-4587-A8E3-C3C9308744F8}.RelWithDebInfo|Win32.ActiveCfg = RelWithDebInfo|Win32
		{5A7C8BE9-67FE-4587-A8E3-C3C9308744F8}.RelWithDebInfo|Win32.Build.0 = RelWithDebInfo|Win32
		{A848B1BD-B539-4FFF-9D2B-BB73E75BD444}.Debug|Win32.ActiveCfg = Debug|Win32
		{A848B1BD-B539-4FFF-9D2B-BB73E75BD444}.Debug|Win32.Build.0 = Debug|Win32
		{A848B1BD-B539-4FFF-9D2B-BB73E75BD444}.Release|Win32.ActiveCfg = Release|Win32
		{A848B1BD-B539-4FFF-9D2B-BB73E75BD444}.Release|Win32.Build.0 = Release|Win32
		{A848B1BD-B539-4FFF-9D2B-BB73E75BD444}.MinSizeRel|Win32.ActiveCfg = MinSizeRel|Win32
		{A848B1BD-B539-4FFF-9D2B-BB73E75BD444}.MinSizeRel|Win32.Build.0 = MinSizeRel|Win32
		{A848B1BD-B539-4FFF-9D2B-BB73E75BD444}.RelWithDebInfo|Win32.ActiveCfg = RelWithDebInfo|Win32
		{A848B1BD-B539-4FFF-9D2B-BB73E75BD444}.RelWithDebInfo|Win32.Build.0 = RelWithDebInfo|Win32
		{8B82565A-AE79-46F7-993A-78BA34B16271}.Debug|Win32.ActiveCfg = Debug|Win32
		{8B82565A-AE79-46F7-993A-78BA34B16271}.Debug|Win32.Build.0 = Debug|Win32
		{8B82565A-AE79-46F7-993A-78BA34B16271}.Release|Win32.ActiveCfg = Release|Win32
		{8B82565A-AE79-46F7-993A-78BA34B16271}.Release|Win32.Build.0 = Release|Win32
		{8B82565A-AE79-46F7-993A-78BA34B16271}.MinSizeRel|Win32.ActiveCfg = MinSizeRel|Win32
		{8B82565A-AE79-46F7-993A-78BA34B16271}.MinSizeRel|Win32.Build.0 = MinSizeRel|Win32
		{8B82565A-AE79-46F7-993A-78BA34B16271}.RelWithDebInfo|Win32.ActiveCfg = RelWithDebInfo|Win32
		{8B82565A-AE79-46F7-993A-78BA34B16271}.RelWithDebInfo|Win32.Build.0 = RelWithDebInfo|Win32
		{D30AE4BD-444A-4377-A4AC-B348ECB88B22}.Debug|Win32.ActiveCfg = Debug|Win32
		{D30AE4BD-444A-4377-A4AC-B348ECB88B22}.Debug|Win32.Build.0 = Debug|Win32
		{D30AE4BD-444A-4377-A4AC-B348ECB88B22}.Release|Win32.ActiveCfg = Release|Win32
		{D30AE4BD-444A-4377-A4AC-B348ECB88B22}.Release|Win32.Build.0 = Release|Win32
		{D30AE4BD-444A-4377-A4AC-B348ECB88B22}.MinSizeRel|Win32.ActiveCfg = MinSizeRel|Win32
		{D30AE4BD-444A-4377-A4AC-B348ECB88B22}.MinSizeRel|Win32.Build.0 = MinSizeRel|Win32
		{D30AE4BD-444A-4377-A4AC-B348ECB88B22}.RelWithDebInfo|Win32.ActiveCfg = RelWithDebInfo|Win32
		{D30AE4BD-444A-4377-A4AC-B348ECB88B22}.RelWithDebInfo|Win32.Build.0 = RelWithDebInfo|Win32
		{9B5EE6C5-ACD2-4E60-8307-E175AA748AA9}.Debug|Win32.ActiveCfg = Debug|Win32
		{9B5EE6C5-ACD2-4E60-8307-E175AA748AA9}.Debug|Win32.Build.0 = Debug|Win32
		{9B5EE6C5-ACD2-4E60-8307-E175AA748AA9}.Release|Win32.ActiveCfg = Release|Win32
		{9B5EE6C5-ACD2-4E60-8307-E175AA748AA9}.Release|Win32.Build.0 = Release|Win32
		{9B5EE6C5-ACD2-4E60-8307-E175AA748AA9}.MinSizeRel|Win32.ActiveCfg = MinSizeRel|Win32
		{9B5EE6C5-ACD2-4E60-8307-E175AA748AA9}.MinSizeRel|Win32.Build.0 = MinSizeRel|Win32
		{9B5EE6C5-ACD2-4E60-8307-E175AA748AA9}.RelWithDebInfo|Win32.ActiveCfg = RelWithDebInfo|Win32
		{9B5EE6C5-ACD2-4E60-8307-E175AA748AA9}.RelWithDebInfo|Win32.Build.0 = RelWithDebInfo|Win32
		{9E348861-E300-4530-A3F0-F9B01C9F7E5C}.Debug|Win32.ActiveCfg = Debug|Win32
		{9E348861-E300-4530-A3F0-F9B01C9F7E5C}.Debug|Win32.Build.0 = Debug|Win32
		{9E348861-E300-4530-A3F0-F9B01C9F7E5C}.Release|Win32.ActiveCfg = Release|Win32
		{9E348861-E300-4530-A3F0-F9B01C9F7E5C}.Release|Win32.Build.0 = Release|Win32
		{9E348861-E300-4530-A3F0-F9B01C9F7E5C}.MinSizeRel|Win32.ActiveCfg = MinSizeRel|Win32
		{9E348861-E300-4530-A3F0-F9B01C9F7E5C}.MinSizeRel|Win32.Build.0 = MinSizeRel|Win32
		{9E348861-E300-4530-A3F0-F9B01C9F7E5C}.RelWithDebInfo|Win32.ActiveCfg = RelWithDebInfo|Win32
		{9E348861-E300-4530-A3F0-F9B01C9F7E5C}.RelWithDebInfo|Win32.Build.0 = RelWithDebInfo|Win32
		{ADD06494-CE4F-46DC-A9CB-73DB2B21D4E6}.Debug|Win32.ActiveCfg = Debug|Win32
		{ADD06494-CE4F-46DC-A9CB-73DB2B21D4E6}.Debug|Win32.Build.0 = Debug|Win32
		{ADD06494-CE4F-46DC-A9CB-73DB2B21D4E6}.Release|Win32.ActiveCfg = Release|Win32
		{ADD06494-CE4F-46DC-A9CB-73DB2B21D4E6}.Release|Win32.Build.0 = Release|Win32
		{ADD06494-CE4F-46DC-A9CB-73DB2B21D4E6}.MinSizeRel|Win32.ActiveCfg = MinSizeRel|Win32
		{ADD06494-CE4F-46DC-A9CB-73DB2B21D4E6}.MinSizeRel|Win32.Build.0 = MinSizeRel|Win32
		{ADD06494-CE4F-46DC-A9CB-73DB2B21D4E6}.RelWithDebInfo|Win32.ActiveCfg = RelWithDebInfo|Win32
		{ADD06494-CE4F-46DC-A9CB-73DB2B21D4E6}.RelWithDebInfo|Win32.Build.0 = RelWithDebInfo|Win32
		{CC806ECC-4A6C-4781-951A-C4AA0DF544EB}.Debug|Win32.ActiveCfg = Debug|Win32
		{CC806ECC-4A6C-4781-951A-C4AA0DF544EB}.Debug|Win32.Build.0 = Debug|Win32
		{CC806ECC-4A6C-4781-951A-C4AA0DF544EB}.Release|Win32.ActiveCfg = Release|Win32
		{CC806ECC-4A6C-4781-951A-C4AA0DF544EB}.Release|Win32.Build.0 = Release|Win32
		{CC806ECC-4A6C-4781-951A-C4AA0DF544EB}.MinSizeRel|Win32.ActiveCfg = MinSizeRel|Win32
		{CC806ECC-4A6C-4781-951A-C4AA0DF544EB}.MinSizeRel|Win32.Build.0 = MinSizeRel|Win32
		{CC806ECC-4A6C-4781-951A-C4AA0DF544EB}.RelWithDebInfo|Win32.ActiveCfg = RelWithDebInfo|Win32
		{CC806ECC-4A6C-4781-951A-C4AA0DF544EB}.RelWithDebInfo|Win32.Build.0 = RelWithDebInfo|Win32
		{8D8A6BA2-8D3C-4352-9610-F212E337225D}.Debug|Win32.ActiveCfg = Debug|Win32
		{8D8A6BA2-8D3C-4352-9610-F212E337225D}.Debug|Win32.Build.0 = Debug|Win32
		{8D8A6BA2-8D3C-4352-9610-F212E337225D}.Release|Win32.ActiveCfg = Release|Win32
		{8D8A6BA2-8D3C-4352-9610-F212E337225D}.Release|Win32.Build.0 = Release|Win32
		{8D8A6BA2-8D3C-4352-9610-F212E337225D}.MinSizeRel|Win32.ActiveCfg = MinSizeRel|Win32
		{8D8A6BA2-8D3C-4352-9610-F212E337225D}.MinSizeRel|Win32.Build.0 = MinSizeRel|Win32
		{8D8A6BA2-8D3C-4352-9610-F212E337225D}.RelWithDebInfo|Win32.ActiveCfg = RelWithDebInfo|Win32
		{8D8A6BA2-8D3C-4352-9610-F212E337225D}.RelWithDebInfo|Win32.Build.0 = RelWithDebInfo|Win32
		{6703243E-4B9A-41B4-B8FE-4145F040C44E}.Debug|Win32.ActiveCfg = Debug|Win32
		{6703243E-4B9A-41B4-B8FE-4145F040C44E}.Debug|Win32.Build.0 = Debug|Win32
		{6703243E-4B9A-41B4-B8FE-4145F040C44E}.Release|Win32.ActiveCfg = Release|Win32
		{6703243E-4B9A-41B4-B8FE-4145F040C44E}.Release|Win32.Build.0 = Release|Win32
		{6703243E-4B9A-41B4-B8FE-4145F040C44E}.MinSizeRel|Win32.ActiveCfg = MinSizeRel|Win32
		{6703243E-4B9A-41B4-B8FE-4145F040C44E}.MinSizeRel|Win32.Build.0 = MinSizeRel|Win32
		{6703243E-4B9A-41B4-B8FE-4145F040C44E}.RelWithDebInfo|Win32.ActiveCfg = RelWithDebInfo|Win32
		{6703243E-4B9A-41B4-B8FE-4145F040C44E}.RelWithDebInfo|Win32.Build.0 = RelWithDebInfo|Win32
		{ACF02774-BB68-41E2-A0D9-A907B2FB6E78}.Debug|Win32.ActiveCfg = Debug|Win32
		{ACF02774-BB68-41E2-A0D9-A907B2FB6E78}.Debug|Win32.Build.0 = Debug|Win32
		{ACF02774-BB68-41E2-A0D9-A907B2FB6E78}.Release|Win32.ActiveCfg = Release|Win32
		{ACF02774-BB68-41E2-A0D9-A907B2FB6E78}.Release|Win32.Build.0 = Release|Win32
		{ACF02774-BB68-41E2-A0D9-A907B2FB6E78}.MinSizeRel|Win32.ActiveCfg = MinSizeRel|Win32
		{ACF02774-BB68-41E2-A0D9-A907B2FB6E78}.MinSizeRel|Win32.Build.0 = MinSizeRel|Win32
		{ACF02774-BB68-41E2-A0D9-A907B2FB6E78}.RelWithDebInfo|Win32.ActiveCfg = RelWithDebInfo|Win32
		{ACF02774-BB68-41E2-A0D9-A907B2FB6E78}.RelWithDebInfo|Win32.Build.0 = RelWithDebInfo|Win32
		{39C33BA1-E586-453F-8F38-31C6EB10FD01}.Debug|Win32.ActiveCfg = Debug|Win32
		{39C33BA1-E586-453F-8F38-31C6EB10FD01}.Debug|Win32.Build.0 = Debug|Win32
		{39C33BA1-E586-453F-8F38-31C6EB10FD01}.Release|Win32.ActiveCfg = Release|Win32
		{39C33BA1-E586-453F-8F38-31C6EB10FD01}.Release|Win32.Build.0 = Release|Win32
		{39C33BA1-E586-453F-8F38-31C6EB10FD01}.MinSizeRel|Win32.ActiveCfg = MinSizeRel|Win32
		{39C33BA1-E586-453F-8F38-31C6EB10FD01}.MinSizeRel|Win32.Build.0 = MinSizeRel|Win32
		{39C33BA1-E586-453F-8F38-31C6EB10FD01}.RelWithDebInfo|Win32.ActiveCfg = RelWithDebInfo|Win32
		{39C33BA1-E586-453F-8F38-31C6EB10FD01}.RelWithDebInfo|Win32.Build.0 = RelWithDebInfo|Win32
		{2A875ABB-EF7B-4C30-BDA5-91B4525362A7}.Debug|Win32.ActiveCfg = Debug|Win32
		{2A875ABB-EF7B-4C30-BDA5-91B4525362A7}.Debug|Win32.Build.0 = Debug|Win32
		{2A875ABB-EF7B-4C30-BDA5-91B4525362A7}.Release|Win32.ActiveCfg = Release|Win32
		{2A875ABB-EF7B-4C30-BDA5-91B4525362A7}.Release|Win32.Build.0 = Release|Win32
		{2A875ABB-EF7B-4C30-BDA5-91B4525362A7}.MinSizeRel|Win32.ActiveCfg = MinSizeRel|Win32
		{2A875ABB-EF7B-4C30-BDA5-91B4525362A7}.MinSizeRel|Win32.Build.0 = MinSizeRel|Win32
		{2A875ABB-EF7B-4C30-BDA5-91B4525362A7}.RelWithDebInfo|Win32.ActiveCfg = RelWithDebInfo|Win32
		{2A875ABB-EF7B-4C30-BDA5-91B4525362A7}.RelWithDebInfo|Win32.Build.0 = RelWithDebInfo|Win32
		{FDFB3C1B-F95B-43CB-A3FE-4C81E846FFF6}.Debug|Win32.ActiveCfg = Debug|Win32
		{FDFB3C1B-F95B-43CB-A3FE-4C81E846FFF6}.Debug|Win32.Build.0 = Debug|Win32
		{FDFB3C1B-F95B-43CB-A3FE-4C81E846FFF6}.Release|Win32.ActiveCfg = Release|Win32
		{FDFB3C1B-F95B-43CB-A3FE-4C81E846FFF6}.Release|Win32.Build.0 = Release|Win32
		{FDFB3C1B-F95B-43CB-A3FE-4C81E846FFF6}.MinSizeRel|Win32.ActiveCfg = MinSizeRel|Win32
		{FDFB3C1B-F95B-43CB-A3FE-4C81E846FFF6}.MinSizeRel|Win32.Build.0 = MinSizeRel|Win32
		{FDFB3C1B-F95B-43CB-A3FE-4C81E846FFF6}.RelWithDebInfo|Win32.ActiveCfg = RelWithDebInfo|Win32
		{FDFB3C1B-F95B-43CB-A3FE-4C81E846FFF6}.RelWithDebInfo|Win32.Build.0 = RelWithDebInfo|Win32
		{23CFE8D5-51EF-4CEC-8230-7B14D4C24B1E}.Debug|Win32.ActiveCfg = Debug|Win32
		{23CFE8D5-51EF-4CEC-8230-7B14D4C24B1E}.Debug|Win32.Build.0 = Debug|Win32
		{23CFE8D5-51EF-4CEC-8230-7B14D4C24B1E}.Release|Win32.ActiveCfg = Release|Win32
		{23CFE8D5-51EF-4CEC-8230-7B14D4C24B1E}.Release|Win32.Build.0 = Release|Win32
		{23CFE8D5-51EF-4CEC-8230-7B14D4C24B1E}.MinSizeRel|Win32.ActiveCfg = MinSizeRel|Win32
		{23CFE8D5-51EF-4CEC-8230-7B14D4C24B1E}.MinSizeRel|Win32.Build.0 = MinSizeRel|Win32
		{23CFE8D5-51EF-4CEC-8230-7B14D4C24B1E}.RelWithDebInfo|Win32.ActiveCfg = RelWithDebInfo|Win32
		{23CFE8D5-51EF-4CEC-8230-7B14D4C24B1E}.RelWithDebInfo|Win32.Build.0 = RelWithDebInfo|Win32
		{E74F60C5-012A-4A46-B9D9-894F9227A533}.Debug|Win32.ActiveCfg = Debug|Win32
		{E74F60C5-012A-4A46-B9D9-894F9227A533}.Debug|Win32.Build.0 = Debug|Win32
		{E74F60C5-012A-4A46-B9D9-894F9227A533}.Release|Win32.ActiveCfg = Release|Win32
		{E74F60C5-012A-4A46-B9D9-894F9227A533}.Release|Win32.Build.0 = Release|Win32
		{E74F60C5-012A-4A46-B9D9-894F9227A533}.MinSizeRel|Win32.ActiveCfg = MinSizeRel|Win32
		{E74F60C5-012A-4A46-B9D9-894F9227A533}.MinSizeRel|Win32.Build.0 = MinSizeRel|Win32
		{E74F60C5-012A-4A46-B9D9-894F9227A533}.RelWithDebInfo|Win32.ActiveCfg = RelWithDebInfo|Win32
		{E74F60C5-012A-4A46-B9D9-894F9227A533}.RelWithDebInfo|Win32.Build.0 = RelWithDebInfo|Win32
		{1BFA3245-57B0-4E3C-B042-C20AAC4342D5}.Debug|Win32.ActiveCfg = Debug|Win32
		{1BFA3245-57B0-4E3C-B042-C20AAC4342D5}.Debug|Win32.Build.0 = Debug|Win32
		{1BFA3245-57B0-4E3C-B042-C20AAC4342D5}.Release|Win32.ActiveCfg = Release|Win32
		{1BFA3245-57B0-4E3C-B042-C20AAC4342D5}.Release|Win32.Build.0 = Release|Win32
		{1BFA3245-57B0-4E3C-B042-C20AAC4342D5}.MinSizeRel|Win32.ActiveCfg = MinSizeRel|Win32
		{1BFA3245-57B0-4E3C-B042-C20AAC4342D5}.MinSizeRel|Win32.Build.0 = MinSizeRel|Win32
		{1BFA3245-57B0-4E3C-B042-C20AAC4342D5}.RelWithDebInfo|Win32.ActiveCfg = RelWithDebInfo|Win32
		{1BFA3245-57B0-4E3C-B042-C20AAC4342D5}.RelWithDebInfo|Win32.Build.0 = RelWithDebInfo|Win32
		{9FBC217D-6C1E-4C97-9B2C-814A37DF2DD6}.Debug|Win32.ActiveCfg = Debug|Win32
		{9FBC217D-6C1E-4C97-9B2C-814A37DF2DD6}.Debug|Win32.Build.0 = Debug|Win32
		{9FBC217D-6C1E-4C97-9B2C-814A37DF2DD6}.Release|Win32.ActiveCfg = Release|Win32
		{9FBC217D-6C1E-4C97-9B2C-814A37DF2DD6}.Release|Win32.Build.0 = Release|Win32
		{9FBC217D-6C1E-4C97-9B2C-814A37DF2DD6}.MinSizeRel|Win32.ActiveCfg = MinSizeRel|Win32
		{9FBC217D-6C1E-4C97-9B2C-814A37DF2DD6}.MinSizeRel|Win32.Build.0 = MinSizeRel|Win32
		{9FBC217D-6C1E-4C97-9B2C-814A37DF2DD6}.RelWithDebInfo|Win32.ActiveCfg = RelWithDebInfo|Win32
		{9FBC217D-6C1E-4C97-9B2C-814A37DF2DD6}.RelWithDebInfo|Win32.Build.0 = RelWithDebInfo|Win32
		{F0C4075F-751A-4F5C-A0C1-AB3D44F3DCA9}.Debug|Win32.ActiveCfg = Debug|Win32
		{F0C4075F-751A-4F5C-A0C1-AB3D44F3DCA9}.Debug|Win32.Build.0 = Debug|Win32
		{F0C4075F-751A-4F5C-A0C1-AB3D44F3DCA9}.Release|Win32.ActiveCfg = Release|Win32
		{F0C4075F-751A-4F5C-A0C1-AB3D44F3DCA9}.Release|Win32.Build.0 = Release|Win32
		{F0C4075F-751A-4F5C-A0C1-AB3D44F3DCA9}.MinSizeRel|Win32.ActiveCfg = MinSizeRel|Win32
		{F0C4075F-751A-4F5C-A0C1-AB3D44F3DCA9}.MinSizeRel|Win32.Build.0 = MinSizeRel|Win32
		{F0C4075F-751A-4F5C-A0C1-AB3D44F3DCA9}.RelWithDebInfo|Win32.ActiveCfg = RelWithDebInfo|Win32
		{F0C4075F-751A-4F5C-A0C1-AB3D44F3DCA9}.RelWithDebInfo|Win32.Build.0 = RelWithDebInfo|Win32
		{7F6D406C-904A-4342-B3C5-83DE70841933}.Debug|Win32.ActiveCfg = Debug|Win32
		{7F6D406C-904A-4342-B3C5-83DE70841933}.Debug|Win32.Build.0 = Debug|Win32
		{7F6D406C-904A-4342-B3C5-83DE70841933}.Release|Win32.ActiveCfg = Release|Win32
		{7F6D406C-904A-4342-B3C5-83DE70841933}.Release|Win32.Build.0 = Release|Win32
		{7F6D406C-904A-4342-B3C5-83DE70841933}.MinSizeRel|Win32.ActiveCfg = MinSizeRel|Win32
		{7F6D406C-904A-4342-B3C5-83DE70841933}.MinSizeRel|Win32.Build.0 = MinSizeRel|Win32
		{7F6D406C-904A-4342-B3C5-83DE70841933}.RelWithDebInfo|Win32.ActiveCfg = RelWithDebInfo|Win32
		{7F6D406C-904A-4342-B3C5-83DE70841933}.RelWithDebInfo|Win32.Build.0 = RelWithDebInfo|Win32
		{4B2B4EFD-36E9-47DC-8583-8385F26F1E9E}.Debug|Win32.ActiveCfg = Debug|Win32
		{4B2B4EFD-36E9-47DC-8583-8385F26F1E9E}.Debug|Win32.Build.0 = Debug|Win32
		{4B2B4EFD-36E9-47DC-8583-8385F26F1E9E}.Release|Win32.ActiveCfg = Release|Win32
		{4B2B4EFD-36E9-47DC-8583-8385F26F1E9E}.Release|Win32.Build.0 = Release|Win32
		{4B2B4EFD-36E9-47DC-8583-8385F26F1E9E}.MinSizeRel|Win32.ActiveCfg = MinSizeRel|Win32
		{4B2B4EFD-36E9-47DC-8583-8385F26F1E9E}.MinSizeRel|Win32.Build.0 = MinSizeRel|Win32
		{4B2B4EFD-36E9-47DC-8583-8385F26F1E9E}.RelWithDebInfo|Win32.ActiveCfg = RelWithDebInfo|Win32
		{4B2B4EFD-36E9-47DC-8583-8385F26F1E9E}.RelWithDebInfo|Win32.Build.0 = RelWithDebInfo|Win32
		{553367D1-F3CF-4CA1-A918-E9039EA6CBDE}.Debug|Win32.ActiveCfg = Debug|Win32
		{553367D1-F3CF-4CA1-A918-E9039EA6CBDE}.Debug|Win32.Build.0 = Debug|Win32
		{553367D1-F3CF-4CA1-A918-E9039EA6CBDE}.Release|Win32.ActiveCfg = Release|Win32
		{553367D1-F3CF-4CA1-A918-E9039EA6CBDE}.Release|Win32.Build.0 = Release|Win32
		{553367D1-F3CF-4CA1-A918-E9039EA6CBDE}.MinSizeRel|Win32.ActiveCfg = MinSizeRel|Win32
		{553367D1-F3CF-4CA1-A918-E9039EA6CBDE}.MinSizeRel|Win32.Build.0 = MinSizeRel|Win32
		{553367D1-F3CF-4CA1-A918-E9039EA6CBDE}.RelWithDebInfo|Win32.ActiveCfg = RelWithDebInfo|Win32
		{553367D1-F3CF-4CA1-A918-E9039EA6CBDE}.RelWithDebInfo|Win32.Build.0 = RelWithDebInfo|Win32
		{A8652E92-585C-4BB1-95D6-A5C2A3636232}.Debug|Win32.ActiveCfg = Debug|Win32
		{A8652E92-585C-4BB1-95D6-A5C2A3636232}.Debug|Win32.Build.0 = Debug|Win32
		{A8652E92-585C-4BB1-95D6-A5C2A3636232}.Release|Win32.ActiveCfg = Release|Win32
		{A8652E92-585C-4BB1-95D6-A5C2A3636232}.Release|Win32.Build.0 = Release|Win32
		{A8652E92-585C-4BB1-95D6-A5C2A3636232}.MinSizeRel|Win32.ActiveCfg = MinSizeRel|Win32
		{A8652E92-585C-4BB1-95D6-A5C2A3636232}.MinSizeRel|Win32.Build.0 = MinSizeRel|Win32
		{A8652E92-585C-4BB1-95D6-A5C2A3636232}.RelWithDebInfo|Win32.ActiveCfg = RelWithDebInfo|Win32
		{A8652E92-585C-4BB1-95D6-A5C2A3636232}.RelWithDebInfo|Win32.Build.0 = RelWithDebInfo|Win32
	EndGlobalSection
	GlobalSection(ExtensibilityGlobals) = postSolution
	EndGlobalSection
	GlobalSection(ExtensibilityAddIns) = postSolution
	EndGlobalSection
EndGlobal
