Microsoft Visual Studio Solution File, Format Version 12.00
# Visual Studio 2012
Project("{8BC9CEB8-8B4A-11D0-8D11-00A0C91BC942}") = "ALL_BUILD", "ALL_BUILD.vcxproj", "{EF9E337E-1378-46FC-85B8-2AE04E46F04D}"
	ProjectSection(ProjectDependencies) = postProject
		{72CB6414-E5E7-4C5B-A2B9-4E0ABF726D52} = {72CB6414-E5E7-4C5B-A2B9-4E0ABF726D52}
		{2A852936-4674-424A-8523-23AB2DB383BA} = {2A852936-4674-424A-8523-23AB2DB383BA}
		{568201CF-65E7-4759-ACB7-F05D6F85A965} = {568201CF-65E7-4759-ACB7-F05D6F85A965}
		{01AAB8FF-5805-4889-AF3B-8095D71FF941} = {01AAB8FF-5805-4889-AF3B-8095D71FF941}
		{C3C79E5F-FCA8-4B81-A155-AE039EC251A9} = {C3C79E5F-FCA8-4B81-A155-AE039EC251A9}
		{52B38AA6-299F-4C4D-8941-47A47E194019} = {52B38AA6-299F-4C4D-8941-47A47E194019}
		{9A1E6BD4-8C0E-4CBB-801C-002830B55D78} = {9A1E6BD4-8C0E-4CBB-801C-002830B55D78}
	EndProjectSection
EndProject
Project("{8BC9CEB8-8B4A-11D0-8D11-00A0C91BC942}") = "INSTALL", "INSTALL.vcxproj", "{789A64C0-CC81-43AB-8473-285AD3D029CB}"
	ProjectSection(ProjectDependencies) = postProject
		{EF9E337E-1378-46FC-85B8-2AE04E46F04D} = {EF9E337E-1378-46FC-85B8-2AE04E46F04D}
	EndProjectSection
EndProject
Project("{8BC9CEB8-8B4A-11D0-8D11-00A0C91BC942}") = "ZERO_CHECK", "..\ZERO_CHECK.vcxproj", "{5A7C8BE9-67FE-4587-A8E3-C3C9308744F8}"
	ProjectSection(ProjectDependencies) = postProject
	EndProjectSection
EndProject
Project("{8BC9CEB8-8B4A-11D0-8D11-00A0C91BC942}") = "dcmdata", "..\dcmdata\libsrc\dcmdata.vcxproj", "{9E348861-E300-4530-A3F0-F9B01C9F7E5C}"
	ProjectSection(ProjectDependencies) = postProject
		{5A7C8BE9-67FE-4587-A8E3-C3C9308744F8} = {5A7C8BE9-67FE-4587-A8E3-C3C9308744F8}
	EndProjectSection
EndProject
Project("{8BC9CEB8-8B4A-11D0-8D11-00A0C91BC942}") = "dcmnet", "libsrc\dcmnet.vcxproj", "{72CB6414-E5E7-4C5B-A2B9-4E0ABF726D52}"
	ProjectSection(ProjectDependencies) = postProject
		{5A7C8BE9-67FE-4587-A8E3-C3C9308744F8} = {5A7C8BE9-67FE-4587-A8E3-C3C9308744F8}
	EndProjectSection
EndProject
Project("{8BC9CEB8-8B4A-11D0-8D11-00A0C91BC942}") = "dcmtls", "..\dcmtls\libsrc\dcmtls.vcxproj", "{18729FA1-063B-408E-B605-B70C734CB09A}"
	ProjectSection(ProjectDependencies) = postProject
		{5A7C8BE9-67FE-4587-A8E3-C3C9308744F8} = {5A7C8BE9-67FE-4587-A8E3-C3C9308744F8}
	EndProjectSection
EndProject
Project("{8BC9CEB8-8B4A-11D0-8D11-00A0C91BC942}") = "echoscu", "apps\echoscu.vcxproj", "{2A852936-4674-424A-8523-23AB2DB383BA}"
	ProjectSection(ProjectDependencies) = postProject
		{5A7C8BE9-67FE-4587-A8E3-C3C9308744F8} = {5A7C8BE9-67FE-4587-A8E3-C3C9308744F8}
		{9E348861-E300-4530-A3F0-F9B01C9F7E5C} = {9E348861-E300-4530-A3F0-F9B01C9F7E5C}
		{72CB6414-E5E7-4C5B-A2B9-4E0ABF726D52} = {72CB6414-E5E7-4C5B-A2B9-4E0ABF726D52}
		{18729FA1-063B-408E-B605-B70C734CB09A} = {18729FA1-063B-408E-B605-B70C734CB09A}
		{E74F60C5-012A-4A46-B9D9-894F9227A533} = {E74F60C5-012A-4A46-B9D9-894F9227A533}
		{1BFA3245-57B0-4E3C-B042-C20AAC4342D5} = {1BFA3245-57B0-4E3C-B042-C20AAC4342D5}
	EndProjectSection
EndProject
Project("{8BC9CEB8-8B4A-11D0-8D11-00A0C91BC942}") = "findscu", "apps\findscu.vcxproj", "{568201CF-65E7-4759-ACB7-F05D6F85A965}"
	ProjectSection(ProjectDependencies) = postProject
		{5A7C8BE9-67FE-4587-A8E3-C3C9308744F8} = {5A7C8BE9-67FE-4587-A8E3-C3C9308744F8}
		{9E348861-E300-4530-A3F0-F9B01C9F7E5C} = {9E348861-E300-4530-A3F0-F9B01C9F7E5C}
		{72CB6414-E5E7-4C5B-A2B9-4E0ABF726D52} = {72CB6414-E5E7-4C5B-A2B9-4E0ABF726D52}
		{18729FA1-063B-408E-B605-B70C734CB09A} = {18729FA1-063B-408E-B605-B70C734CB09A}
		{E74F60C5-012A-4A46-B9D9-894F9227A533} = {E74F60C5-012A-4A46-B9D9-894F9227A533}
		{1BFA3245-57B0-4E3C-B042-C20AAC4342D5} = {1BFA3245-57B0-4E3C-B042-C20AAC4342D5}
	EndProjectSection
EndProject
Project("{8BC9CEB8-8B4A-11D0-8D11-00A0C91BC942}") = "movescu", "apps\movescu.vcxproj", "{01AAB8FF-5805-4889-AF3B-8095D71FF941}"
	ProjectSection(ProjectDependencies) = postProject
		{5A7C8BE9-67FE-4587-A8E3-C3C9308744F8} = {5A7C8BE9-67FE-4587-A8E3-C3C9308744F8}
		{9E348861-E300-4530-A3F0-F9B01C9F7E5C} = {9E348861-E300-4530-A3F0-F9B01C9F7E5C}
		{72CB6414-E5E7-4C5B-A2B9-4E0ABF726D52} = {72CB6414-E5E7-4C5B-A2B9-4E0ABF726D52}
		{E74F60C5-012A-4A46-B9D9-894F9227A533} = {E74F60C5-012A-4A46-B9D9-894F9227A533}
		{1BFA3245-57B0-4E3C-B042-C20AAC4342D5} = {1BFA3245-57B0-4E3C-B042-C20AAC4342D5}
	EndProjectSection
EndProject
Project("{8BC9CEB8-8B4A-11D0-8D11-00A0C91BC942}") = "oflog", "..\oflog\libsrc\oflog.vcxproj", "{E74F60C5-012A-4A46-B9D9-894F9227A533}"
	ProjectSection(ProjectDependencies) = postProject
		{5A7C8BE9-67FE-4587-A8E3-C3C9308744F8} = {5A7C8BE9-67FE-4587-A8E3-C3C9308744F8}
	EndProjectSection
EndProject
Project("{8BC9CEB8-8B4A-11D0-8D11-00A0C91BC942}") = "ofstd", "..\ofstd\libsrc\ofstd.vcxproj", "{1BFA3245-57B0-4E3C-B042-C20AAC4342D5}"
	ProjectSection(ProjectDependencies) = postProject
		{5A7C8BE9-67FE-4587-A8E3-C3C9308744F8} = {5A7C8BE9-67FE-4587-A8E3-C3C9308744F8}
	EndProjectSection
EndProject
Project("{8BC9CEB8-8B4A-11D0-8D11-00A0C91BC942}") = "storescp", "apps\storescp.vcxproj", "{C3C79E5F-FCA8-4B81-A155-AE039EC251A9}"
	ProjectSection(ProjectDependencies) = postProject
		{5A7C8BE9-67FE-4587-A8E3-C3C9308744F8} = {5A7C8BE9-67FE-4587-A8E3-C3C9308744F8}
		{9E348861-E300-4530-A3F0-F9B01C9F7E5C} = {9E348861-E300-4530-A3F0-F9B01C9F7E5C}
		{72CB6414-E5E7-4C5B-A2B9-4E0ABF726D52} = {72CB6414-E5E7-4C5B-A2B9-4E0ABF726D52}
		{18729FA1-063B-408E-B605-B70C734CB09A} = {18729FA1-063B-408E-B605-B70C734CB09A}
		{E74F60C5-012A-4A46-B9D9-894F9227A533} = {E74F60C5-012A-4A46-B9D9-894F9227A533}
		{1BFA3245-57B0-4E3C-B042-C20AAC4342D5} = {1BFA3245-57B0-4E3C-B042-C20AAC4342D5}
	EndProjectSection
EndProject
Project("{8BC9CEB8-8B4A-11D0-8D11-00A0C91BC942}") = "storescu", "apps\storescu.vcxproj", "{52B38AA6-299F-4C4D-8941-47A47E194019}"
	ProjectSection(ProjectDependencies) = postProject
		{5A7C8BE9-67FE-4587-A8E3-C3C9308744F8} = {5A7C8BE9-67FE-4587-A8E3-C3C9308744F8}
		{9E348861-E300-4530-A3F0-F9B01C9F7E5C} = {9E348861-E300-4530-A3F0-F9B01C9F7E5C}
		{72CB6414-E5E7-4C5B-A2B9-4E0ABF726D52} = {72CB6414-E5E7-4C5B-A2B9-4E0ABF726D52}
		{18729FA1-063B-408E-B605-B70C734CB09A} = {18729FA1-063B-408E-B605-B70C734CB09A}
		{E74F60C5-012A-4A46-B9D9-894F9227A533} = {E74F60C5-012A-4A46-B9D9-894F9227A533}
		{1BFA3245-57B0-4E3C-B042-C20AAC4342D5} = {1BFA3245-57B0-4E3C-B042-C20AAC4342D5}
	EndProjectSection
EndProject
Project("{8BC9CEB8-8B4A-11D0-8D11-00A0C91BC942}") = "termscu", "apps\termscu.vcxproj", "{9A1E6BD4-8C0E-4CBB-801C-002830B55D78}"
	ProjectSection(ProjectDependencies) = postProject
		{5A7C8BE9-67FE-4587-A8E3-C3C9308744F8} = {5A7C8BE9-67FE-4587-A8E3-C3C9308744F8}
		{9E348861-E300-4530-A3F0-F9B01C9F7E5C} = {9E348861-E300-4530-A3F0-F9B01C9F7E5C}
		{72CB6414-E5E7-4C5B-A2B9-4E0ABF726D52} = {72CB6414-E5E7-4C5B-A2B9-4E0ABF726D52}
		{E74F60C5-012A-4A46-B9D9-894F9227A533} = {E74F60C5-012A-4A46-B9D9-894F9227A533}
		{1BFA3245-57B0-4E3C-B042-C20AAC4342D5} = {1BFA3245-57B0-4E3C-B042-C20AAC4342D5}
	EndProjectSection
EndProject
Global
	GlobalSection(SolutionConfigurationPlatforms) = preSolution
		Debug|Win32 = Debug|Win32
		Release|Win32 = Release|Win32
		MinSizeRel|Win32 = MinSizeRel|Win32
		RelWithDebInfo|Win32 = RelWithDebInfo|Win32
	EndGlobalSection
	GlobalSection(ProjectConfigurationPlatforms) = postSolution
		{EF9E337E-1378-46FC-85B8-2AE04E46F04D}.Debug|Win32.ActiveCfg = Debug|Win32
		{EF9E337E-1378-46FC-85B8-2AE04E46F04D}.Debug|Win32.Build.0 = Debug|Win32
		{EF9E337E-1378-46FC-85B8-2AE04E46F04D}.Release|Win32.ActiveCfg = Release|Win32
		{EF9E337E-1378-46FC-85B8-2AE04E46F04D}.Release|Win32.Build.0 = Release|Win32
		{EF9E337E-1378-46FC-85B8-2AE04E46F04D}.MinSizeRel|Win32.ActiveCfg = MinSizeRel|Win32
		{EF9E337E-1378-46FC-85B8-2AE04E46F04D}.MinSizeRel|Win32.Build.0 = MinSizeRel|Win32
		{EF9E337E-1378-46FC-85B8-2AE04E46F04D}.RelWithDebInfo|Win32.ActiveCfg = RelWithDebInfo|Win32
		{EF9E337E-1378-46FC-85B8-2AE04E46F04D}.RelWithDebInfo|Win32.Build.0 = RelWithDebInfo|Win32
		{789A64C0-CC81-43AB-8473-285AD3D029CB}.Debug|Win32.ActiveCfg = Debug|Win32
		{789A64C0-CC81-43AB-8473-285AD3D029CB}.Release|Win32.ActiveCfg = Release|Win32
		{789A64C0-CC81-43AB-8473-285AD3D029CB}.MinSizeRel|Win32.ActiveCfg = MinSizeRel|Win32
		{789A64C0-CC81-43AB-8473-285AD3D029CB}.RelWithDebInfo|Win32.ActiveCfg = RelWithDebInfo|Win32
		{5A7C8BE9-67FE-4587-A8E3-C3C9308744F8}.Debug|Win32.ActiveCfg = Debug|Win32
		{5A7C8BE9-67FE-4587-A8E3-C3C9308744F8}.Debug|Win32.Build.0 = Debug|Win32
		{5A7C8BE9-67FE-4587-A8E3-C3C9308744F8}.Release|Win32.ActiveCfg = Release|Win32
		{5A7C8BE9-67FE-4587-A8E3-C3C9308744F8}.Release|Win32.Build.0 = Release|Win32
		{5A7C8BE9-67FE-4587-A8E3-C3C9308744F8}.MinSizeRel|Win32.ActiveCfg = MinSizeRel|Win32
		{5A7C8BE9-67FE-4587-A8E3-C3C9308744F8}.MinSizeRel|Win32.Build.0 = MinSizeRel|Win32
		{5A7C8BE9-67FE-4587-A8E3-C3C9308744F8}.RelWithDebInfo|Win32.ActiveCfg = RelWithDebInfo|Win32
		{5A7C8BE9-67FE-4587-A8E3-C3C9308744F8}.RelWithDebInfo|Win32.Build.0 = RelWithDebInfo|Win32
		{9E348861-E300-4530-A3F0-F9B01C9F7E5C}.Debug|Win32.ActiveCfg = Debug|Win32
		{9E348861-E300-4530-A3F0-F9B01C9F7E5C}.Debug|Win32.Build.0 = Debug|Win32
		{9E348861-E300-4530-A3F0-F9B01C9F7E5C}.Release|Win32.ActiveCfg = Release|Win32
		{9E348861-E300-4530-A3F0-F9B01C9F7E5C}.Release|Win32.Build.0 = Release|Win32
		{9E348861-E300-4530-A3F0-F9B01C9F7E5C}.MinSizeRel|Win32.ActiveCfg = MinSizeRel|Win32
		{9E348861-E300-4530-A3F0-F9B01C9F7E5C}.MinSizeRel|Win32.Build.0 = MinSizeRel|Win32
		{9E348861-E300-4530-A3F0-F9B01C9F7E5C}.RelWithDebInfo|Win32.ActiveCfg = RelWithDebInfo|Win32
		{9E348861-E300-4530-A3F0-F9B01C9F7E5C}.RelWithDebInfo|Win32.Build.0 = RelWithDebInfo|Win32
		{72CB6414-E5E7-4C5B-A2B9-4E0ABF726D52}.Debug|Win32.ActiveCfg = Debug|Win32
		{72CB6414-E5E7-4C5B-A2B9-4E0ABF726D52}.Debug|Win32.Build.0 = Debug|Win32
		{72CB6414-E5E7-4C5B-A2B9-4E0ABF726D52}.Release|Win32.ActiveCfg = Release|Win32
		{72CB6414-E5E7-4C5B-A2B9-4E0ABF726D52}.Release|Win32.Build.0 = Release|Win32
		{72CB6414-E5E7-4C5B-A2B9-4E0ABF726D52}.MinSizeRel|Win32.ActiveCfg = MinSizeRel|Win32
		{72CB6414-E5E7-4C5B-A2B9-4E0ABF726D52}.MinSizeRel|Win32.Build.0 = MinSizeRel|Win32
		{72CB6414-E5E7-4C5B-A2B9-4E0ABF726D52}.RelWithDebInfo|Win32.ActiveCfg = RelWithDebInfo|Win32
		{72CB6414-E5E7-4C5B-A2B9-4E0ABF726D52}.RelWithDebInfo|Win32.Build.0 = RelWithDebInfo|Win32
		{18729FA1-063B-408E-B605-B70C734CB09A}.Debug|Win32.ActiveCfg = Debug|Win32
		{18729FA1-063B-408E-B605-B70C734CB09A}.Debug|Win32.Build.0 = Debug|Win32
		{18729FA1-063B-408E-B605-B70C734CB09A}.Release|Win32.ActiveCfg = Release|Win32
		{18729FA1-063B-408E-B605-B70C734CB09A}.Release|Win32.Build.0 = Release|Win32
		{18729FA1-063B-408E-B605-B70C734CB09A}.MinSizeRel|Win32.ActiveCfg = MinSizeRel|Win32
		{18729FA1-063B-408E-B605-B70C734CB09A}.MinSizeRel|Win32.Build.0 = MinSizeRel|Win32
		{18729FA1-063B-408E-B605-B70C734CB09A}.RelWithDebInfo|Win32.ActiveCfg = RelWithDebInfo|Win32
		{18729FA1-063B-408E-B605-B70C734CB09A}.RelWithDebInfo|Win32.Build.0 = RelWithDebInfo|Win32
		{2A852936-4674-424A-8523-23AB2DB383BA}.Debug|Win32.ActiveCfg = Debug|Win32
		{2A852936-4674-424A-8523-23AB2DB383BA}.Debug|Win32.Build.0 = Debug|Win32
		{2A852936-4674-424A-8523-23AB2DB383BA}.Release|Win32.ActiveCfg = Release|Win32
		{2A852936-4674-424A-8523-23AB2DB383BA}.Release|Win32.Build.0 = Release|Win32
		{2A852936-4674-424A-8523-23AB2DB383BA}.MinSizeRel|Win32.ActiveCfg = MinSizeRel|Win32
		{2A852936-4674-424A-8523-23AB2DB383BA}.MinSizeRel|Win32.Build.0 = MinSizeRel|Win32
		{2A852936-4674-424A-8523-23AB2DB383BA}.RelWithDebInfo|Win32.ActiveCfg = RelWithDebInfo|Win32
		{2A852936-4674-424A-8523-23AB2DB383BA}.RelWithDebInfo|Win32.Build.0 = RelWithDebInfo|Win32
		{568201CF-65E7-4759-ACB7-F05D6F85A965}.Debug|Win32.ActiveCfg = Debug|Win32
		{568201CF-65E7-4759-ACB7-F05D6F85A965}.Debug|Win32.Build.0 = Debug|Win32
		{568201CF-65E7-4759-ACB7-F05D6F85A965}.Release|Win32.ActiveCfg = Release|Win32
		{568201CF-65E7-4759-ACB7-F05D6F85A965}.Release|Win32.Build.0 = Release|Win32
		{568201CF-65E7-4759-ACB7-F05D6F85A965}.MinSizeRel|Win32.ActiveCfg = MinSizeRel|Win32
		{568201CF-65E7-4759-ACB7-F05D6F85A965}.MinSizeRel|Win32.Build.0 = MinSizeRel|Win32
		{568201CF-65E7-4759-ACB7-F05D6F85A965}.RelWithDebInfo|Win32.ActiveCfg = RelWithDebInfo|Win32
		{568201CF-65E7-4759-ACB7-F05D6F85A965}.RelWithDebInfo|Win32.Build.0 = RelWithDebInfo|Win32
		{01AAB8FF-5805-4889-AF3B-8095D71FF941}.Debug|Win32.ActiveCfg = Debug|Win32
		{01AAB8FF-5805-4889-AF3B-8095D71FF941}.Debug|Win32.Build.0 = Debug|Win32
		{01AAB8FF-5805-4889-AF3B-8095D71FF941}.Release|Win32.ActiveCfg = Release|Win32
		{01AAB8FF-5805-4889-AF3B-8095D71FF941}.Release|Win32.Build.0 = Release|Win32
		{01AAB8FF-5805-4889-AF3B-8095D71FF941}.MinSizeRel|Win32.ActiveCfg = MinSizeRel|Win32
		{01AAB8FF-5805-4889-AF3B-8095D71FF941}.MinSizeRel|Win32.Build.0 = MinSizeRel|Win32
		{01AAB8FF-5805-4889-AF3B-8095D71FF941}.RelWithDebInfo|Win32.ActiveCfg = RelWithDebInfo|Win32
		{01AAB8FF-5805-4889-AF3B-8095D71FF941}.RelWithDebInfo|Win32.Build.0 = RelWithDebInfo|Win32
		{E74F60C5-012A-4A46-B9D9-894F9227A533}.Debug|Win32.ActiveCfg = Debug|Win32
		{E74F60C5-012A-4A46-B9D9-894F9227A533}.Debug|Win32.Build.0 = Debug|Win32
		{E74F60C5-012A-4A46-B9D9-894F9227A533}.Release|Win32.ActiveCfg = Release|Win32
		{E74F60C5-012A-4A46-B9D9-894F9227A533}.Release|Win32.Build.0 = Release|Win32
		{E74F60C5-012A-4A46-B9D9-894F9227A533}.MinSizeRel|Win32.ActiveCfg = MinSizeRel|Win32
		{E74F60C5-012A-4A46-B9D9-894F9227A533}.MinSizeRel|Win32.Build.0 = MinSizeRel|Win32
		{E74F60C5-012A-4A46-B9D9-894F9227A533}.RelWithDebInfo|Win32.ActiveCfg = RelWithDebInfo|Win32
		{E74F60C5-012A-4A46-B9D9-894F9227A533}.RelWithDebInfo|Win32.Build.0 = RelWithDebInfo|Win32
		{1BFA3245-57B0-4E3C-B042-C20AAC4342D5}.Debug|Win32.ActiveCfg = Debug|Win32
		{1BFA3245-57B0-4E3C-B042-C20AAC4342D5}.Debug|Win32.Build.0 = Debug|Win32
		{1BFA3245-57B0-4E3C-B042-C20AAC4342D5}.Release|Win32.ActiveCfg = Release|Win32
		{1BFA3245-57B0-4E3C-B042-C20AAC4342D5}.Release|Win32.Build.0 = Release|Win32
		{1BFA3245-57B0-4E3C-B042-C20AAC4342D5}.MinSizeRel|Win32.ActiveCfg = MinSizeRel|Win32
		{1BFA3245-57B0-4E3C-B042-C20AAC4342D5}.MinSizeRel|Win32.Build.0 = MinSizeRel|Win32
		{1BFA3245-57B0-4E3C-B042-C20AAC4342D5}.RelWithDebInfo|Win32.ActiveCfg = RelWithDebInfo|Win32
		{1BFA3245-57B0-4E3C-B042-C20AAC4342D5}.RelWithDebInfo|Win32.Build.0 = RelWithDebInfo|Win32
		{C3C79E5F-FCA8-4B81-A155-AE039EC251A9}.Debug|Win32.ActiveCfg = Debug|Win32
		{C3C79E5F-FCA8-4B81-A155-AE039EC251A9}.Debug|Win32.Build.0 = Debug|Win32
		{C3C79E5F-FCA8-4B81-A155-AE039EC251A9}.Release|Win32.ActiveCfg = Release|Win32
		{C3C79E5F-FCA8-4B81-A155-AE039EC251A9}.Release|Win32.Build.0 = Release|Win32
		{C3C79E5F-FCA8-4B81-A155-AE039EC251A9}.MinSizeRel|Win32.ActiveCfg = MinSizeRel|Win32
		{C3C79E5F-FCA8-4B81-A155-AE039EC251A9}.MinSizeRel|Win32.Build.0 = MinSizeRel|Win32
		{C3C79E5F-FCA8-4B81-A155-AE039EC251A9}.RelWithDebInfo|Win32.ActiveCfg = RelWithDebInfo|Win32
		{C3C79E5F-FCA8-4B81-A155-AE039EC251A9}.RelWithDebInfo|Win32.Build.0 = RelWithDebInfo|Win32
		{52B38AA6-299F-4C4D-8941-47A47E194019}.Debug|Win32.ActiveCfg = Debug|Win32
		{52B38AA6-299F-4C4D-8941-47A47E194019}.Debug|Win32.Build.0 = Debug|Win32
		{52B38AA6-299F-4C4D-8941-47A47E194019}.Release|Win32.ActiveCfg = Release|Win32
		{52B38AA6-299F-4C4D-8941-47A47E194019}.Release|Win32.Build.0 = Release|Win32
		{52B38AA6-299F-4C4D-8941-47A47E194019}.MinSizeRel|Win32.ActiveCfg = MinSizeRel|Win32
		{52B38AA6-299F-4C4D-8941-47A47E194019}.MinSizeRel|Win32.Build.0 = MinSizeRel|Win32
		{52B38AA6-299F-4C4D-8941-47A47E194019}.RelWithDebInfo|Win32.ActiveCfg = RelWithDebInfo|Win32
		{52B38AA6-299F-4C4D-8941-47A47E194019}.RelWithDebInfo|Win32.Build.0 = RelWithDebInfo|Win32
		{9A1E6BD4-8C0E-4CBB-801C-002830B55D78}.Debug|Win32.ActiveCfg = Debug|Win32
		{9A1E6BD4-8C0E-4CBB-801C-002830B55D78}.Debug|Win32.Build.0 = Debug|Win32
		{9A1E6BD4-8C0E-4CBB-801C-002830B55D78}.Release|Win32.ActiveCfg = Release|Win32
		{9A1E6BD4-8C0E-4CBB-801C-002830B55D78}.Release|Win32.Build.0 = Release|Win32
		{9A1E6BD4-8C0E-4CBB-801C-002830B55D78}.MinSizeRel|Win32.ActiveCfg = MinSizeRel|Win32
		{9A1E6BD4-8C0E-4CBB-801C-002830B55D78}.MinSizeRel|Win32.Build.0 = MinSizeRel|Win32
		{9A1E6BD4-8C0E-4CBB-801C-002830B55D78}.RelWithDebInfo|Win32.ActiveCfg = RelWithDebInfo|Win32
		{9A1E6BD4-8C0E-4CBB-801C-002830B55D78}.RelWithDebInfo|Win32.Build.0 = RelWithDebInfo|Win32
	EndGlobalSection
	GlobalSection(ExtensibilityGlobals) = postSolution
	EndGlobalSection
	GlobalSection(ExtensibilityAddIns) = postSolution
	EndGlobalSection
EndGlobal
