<?xml version="1.0" encoding="utf-8"?>
<Project ToolsVersion="4.0" xmlns="http://schemas.microsoft.com/developer/msbuild/2003">
  <ItemGroup>
    <ClCompile Include="..\..\..\dcmqrdb\libsrc\dcmqrcbf.cc">
      <Filter>Source Files</Filter>
    </ClCompile>
    <ClCompile Include="..\..\..\dcmqrdb\libsrc\dcmqrcbg.cc">
      <Filter>Source Files</Filter>
    </ClCompile>
    <ClCompile Include="..\..\..\dcmqrdb\libsrc\dcmqrcbm.cc">
      <Filter>Source Files</Filter>
    </ClCompile>
    <ClCompile Include="..\..\..\dcmqrdb\libsrc\dcmqrcbs.cc">
      <Filter>Source Files</Filter>
    </ClCompile>
    <ClCompile Include="..\..\..\dcmqrdb\libsrc\dcmqrcnf.cc">
      <Filter>Source Files</Filter>
    </ClCompile>
    <ClCompile Include="..\..\..\dcmqrdb\libsrc\dcmqrdbi.cc">
      <Filter>Source Files</Filter>
    </ClCompile>
    <ClCompile Include="..\..\..\dcmqrdb\libsrc\dcmqrdbs.cc">
      <Filter>Source Files</Filter>
    </ClCompile>
    <ClCompile Include="..\..\..\dcmqrdb\libsrc\dcmqropt.cc">
      <Filter>Source Files</Filter>
    </ClCompile>
    <ClCompile Include="..\..\..\dcmqrdb\libsrc\dcmqrptb.cc">
      <Filter>Source Files</Filter>
    </ClCompile>
    <ClCompile Include="..\..\..\dcmqrdb\libsrc\dcmqrsrv.cc">
      <Filter>Source Files</Filter>
    </ClCompile>
    <ClCompile Include="..\..\..\dcmqrdb\libsrc\dcmqrtis.cc">
      <Filter>Source Files</Filter>
    </ClCompile>
  </ItemGroup>
  <ItemGroup>
    <Filter Include="Source Files">
      <UniqueIdentifier>{E962C043-DEE3-44CE-9FCD-6CD14A03836B}</UniqueIdentifier>
    </Filter>
  </ItemGroup>
</Project>