Microsoft Visual Studio Solution File, Format Version 12.00
# Visual Studio 2012
Project("{8BC9CEB8-8B4A-11D0-8D11-00A0C91BC942}") = "ALL_BUILD", "ALL_BUILD.vcxproj", "{EF9E337E-1378-46FC-85B8-2AE04E46F04D}"
	ProjectSection(ProjectDependencies) = postProject
		{3BA6063E-0E2D-4573-B3E5-1A3DAE5F7242} = {3BA6063E-0E2D-4573-B3E5-1A3DAE5F7242}
		{87D61A54-B4E9-4C79-871E-A9DDB08D2E61} = {87D61A54-B4E9-4C79-871E-A9DDB08D2E61}
		{3E0849A8-D30B-4C2F-AFA8-C3A6F1E23BDB} = {3E0849A8-D30B-4C2F-AFA8-C3A6F1E23BDB}
		{E9202B59-E0B6-40AB-B363-F358CBBB58BA} = {E9202B59-E0B6-40AB-B363-F358CBBB58BA}
		{D4266892-0540-4929-B62F-875407CB9B71} = {D4266892-0540-4929-B62F-875407CB9B71}
		{641A4BE6-E160-469B-91D8-E9B8392213CC} = {641A4BE6-E160-469B-91D8-E9B8392213CC}
		{7FD154AC-F653-41DA-8233-AE7C6EB98A6B} = {7FD154AC-F653-41DA-8233-AE7C6EB98A6B}
		{B2ABD07F-73AC-4645-B976-BFCE87F1291C} = {B2ABD07F-73AC-4645-B976-BFCE87F1291C}
		{C3D88CEC-32C7-4504-ACB7-E315E874207B} = {C3D88CEC-32C7-4504-ACB7-E315E874207B}
		{203FD0AB-BA71-4FC0-9C41-1F92BE19B603} = {203FD0AB-BA71-4FC0-9C41-1F92BE19B603}
		{80BBEB1C-DA96-4C92-B93E-D6B94009526F} = {80BBEB1C-DA96-4C92-B93E-D6B94009526F}
	EndProjectSection
EndProject
Project("{8BC9CEB8-8B4A-11D0-8D11-00A0C91BC942}") = "INSTALL", "INSTALL.vcxproj", "{789A64C0-CC81-43AB-8473-285AD3D029CB}"
	ProjectSection(ProjectDependencies) = postProject
		{EF9E337E-1378-46FC-85B8-2AE04E46F04D} = {EF9E337E-1378-46FC-85B8-2AE04E46F04D}
	EndProjectSection
EndProject
Project("{8BC9CEB8-8B4A-11D0-8D11-00A0C91BC942}") = "ZERO_CHECK", "..\ZERO_CHECK.vcxproj", "{5A7C8BE9-67FE-4587-A8E3-C3C9308744F8}"
	ProjectSection(ProjectDependencies) = postProject
	EndProjectSection
EndProject
Project("{8BC9CEB8-8B4A-11D0-8D11-00A0C91BC942}") = "dcmdata", "..\dcmdata\libsrc\dcmdata.vcxproj", "{9E348861-E300-4530-A3F0-F9B01C9F7E5C}"
	ProjectSection(ProjectDependencies) = postProject
		{5A7C8BE9-67FE-4587-A8E3-C3C9308744F8} = {5A7C8BE9-67FE-4587-A8E3-C3C9308744F8}
	EndProjectSection
EndProject
Project("{8BC9CEB8-8B4A-11D0-8D11-00A0C91BC942}") = "dcmdsig", "..\dcmsign\libsrc\dcmdsig.vcxproj", "{53CC5CCD-13C3-4801-813C-5B1093272A0F}"
	ProjectSection(ProjectDependencies) = postProject
		{5A7C8BE9-67FE-4587-A8E3-C3C9308744F8} = {5A7C8BE9-67FE-4587-A8E3-C3C9308744F8}
	EndProjectSection
EndProject
Project("{8BC9CEB8-8B4A-11D0-8D11-00A0C91BC942}") = "dcmimgle", "..\dcmimgle\libsrc\dcmimgle.vcxproj", "{BBD698E2-037D-4287-8BC1-A0A2F2F96693}"
	ProjectSection(ProjectDependencies) = postProject
		{5A7C8BE9-67FE-4587-A8E3-C3C9308744F8} = {5A7C8BE9-67FE-4587-A8E3-C3C9308744F8}
	EndProjectSection
EndProject
Project("{8BC9CEB8-8B4A-11D0-8D11-00A0C91BC942}") = "dcmmkcrv", "apps\dcmmkcrv.vcxproj", "{3BA6063E-0E2D-4573-B3E5-1A3DAE5F7242}"
	ProjectSection(ProjectDependencies) = postProject
		{5A7C8BE9-67FE-4587-A8E3-C3C9308744F8} = {5A7C8BE9-67FE-4587-A8E3-C3C9308744F8}
		{9E348861-E300-4530-A3F0-F9B01C9F7E5C} = {9E348861-E300-4530-A3F0-F9B01C9F7E5C}
		{BBD698E2-037D-4287-8BC1-A0A2F2F96693} = {BBD698E2-037D-4287-8BC1-A0A2F2F96693}
		{72CB6414-E5E7-4C5B-A2B9-4E0ABF726D52} = {72CB6414-E5E7-4C5B-A2B9-4E0ABF726D52}
		{80BBEB1C-DA96-4C92-B93E-D6B94009526F} = {80BBEB1C-DA96-4C92-B93E-D6B94009526F}
		{CB79018F-4A27-4A1D-8F65-EF062BA0453B} = {CB79018F-4A27-4A1D-8F65-EF062BA0453B}
		{E74F60C5-012A-4A46-B9D9-894F9227A533} = {E74F60C5-012A-4A46-B9D9-894F9227A533}
		{1BFA3245-57B0-4E3C-B042-C20AAC4342D5} = {1BFA3245-57B0-4E3C-B042-C20AAC4342D5}
	EndProjectSection
EndProject
Project("{8BC9CEB8-8B4A-11D0-8D11-00A0C91BC942}") = "dcmmklut", "apps\dcmmklut.vcxproj", "{87D61A54-B4E9-4C79-871E-A9DDB08D2E61}"
	ProjectSection(ProjectDependencies) = postProject
		{5A7C8BE9-67FE-4587-A8E3-C3C9308744F8} = {5A7C8BE9-67FE-4587-A8E3-C3C9308744F8}
		{9E348861-E300-4530-A3F0-F9B01C9F7E5C} = {9E348861-E300-4530-A3F0-F9B01C9F7E5C}
		{BBD698E2-037D-4287-8BC1-A0A2F2F96693} = {BBD698E2-037D-4287-8BC1-A0A2F2F96693}
		{72CB6414-E5E7-4C5B-A2B9-4E0ABF726D52} = {72CB6414-E5E7-4C5B-A2B9-4E0ABF726D52}
		{80BBEB1C-DA96-4C92-B93E-D6B94009526F} = {80BBEB1C-DA96-4C92-B93E-D6B94009526F}
		{CB79018F-4A27-4A1D-8F65-EF062BA0453B} = {CB79018F-4A27-4A1D-8F65-EF062BA0453B}
		{E291BFBD-B59C-4D32-AADC-E1807CD13158} = {E291BFBD-B59C-4D32-AADC-E1807CD13158}
		{E74F60C5-012A-4A46-B9D9-894F9227A533} = {E74F60C5-012A-4A46-B9D9-894F9227A533}
		{1BFA3245-57B0-4E3C-B042-C20AAC4342D5} = {1BFA3245-57B0-4E3C-B042-C20AAC4342D5}
	EndProjectSection
EndProject
Project("{8BC9CEB8-8B4A-11D0-8D11-00A0C91BC942}") = "dcmnet", "..\dcmnet\libsrc\dcmnet.vcxproj", "{72CB6414-E5E7-4C5B-A2B9-4E0ABF726D52}"
	ProjectSection(ProjectDependencies) = postProject
		{5A7C8BE9-67FE-4587-A8E3-C3C9308744F8} = {5A7C8BE9-67FE-4587-A8E3-C3C9308744F8}
	EndProjectSection
EndProject
Project("{8BC9CEB8-8B4A-11D0-8D11-00A0C91BC942}") = "dcmp2pgm", "apps\dcmp2pgm.vcxproj", "{3E0849A8-D30B-4C2F-AFA8-C3A6F1E23BDB}"
	ProjectSection(ProjectDependencies) = postProject
		{5A7C8BE9-67FE-4587-A8E3-C3C9308744F8} = {5A7C8BE9-67FE-4587-A8E3-C3C9308744F8}
		{9E348861-E300-4530-A3F0-F9B01C9F7E5C} = {9E348861-E300-4530-A3F0-F9B01C9F7E5C}
		{53CC5CCD-13C3-4801-813C-5B1093272A0F} = {53CC5CCD-13C3-4801-813C-5B1093272A0F}
		{BBD698E2-037D-4287-8BC1-A0A2F2F96693} = {BBD698E2-037D-4287-8BC1-A0A2F2F96693}
		{72CB6414-E5E7-4C5B-A2B9-4E0ABF726D52} = {72CB6414-E5E7-4C5B-A2B9-4E0ABF726D52}
		{80BBEB1C-DA96-4C92-B93E-D6B94009526F} = {80BBEB1C-DA96-4C92-B93E-D6B94009526F}
		{CB79018F-4A27-4A1D-8F65-EF062BA0453B} = {CB79018F-4A27-4A1D-8F65-EF062BA0453B}
		{E291BFBD-B59C-4D32-AADC-E1807CD13158} = {E291BFBD-B59C-4D32-AADC-E1807CD13158}
		{18729FA1-063B-408E-B605-B70C734CB09A} = {18729FA1-063B-408E-B605-B70C734CB09A}
		{E74F60C5-012A-4A46-B9D9-894F9227A533} = {E74F60C5-012A-4A46-B9D9-894F9227A533}
		{1BFA3245-57B0-4E3C-B042-C20AAC4342D5} = {1BFA3245-57B0-4E3C-B042-C20AAC4342D5}
	EndProjectSection
EndProject
Project("{8BC9CEB8-8B4A-11D0-8D11-00A0C91BC942}") = "dcmprscp", "apps\dcmprscp.vcxproj", "{E9202B59-E0B6-40AB-B363-F358CBBB58BA}"
	ProjectSection(ProjectDependencies) = postProject
		{5A7C8BE9-67FE-4587-A8E3-C3C9308744F8} = {5A7C8BE9-67FE-4587-A8E3-C3C9308744F8}
		{9E348861-E300-4530-A3F0-F9B01C9F7E5C} = {9E348861-E300-4530-A3F0-F9B01C9F7E5C}
		{53CC5CCD-13C3-4801-813C-5B1093272A0F} = {53CC5CCD-13C3-4801-813C-5B1093272A0F}
		{BBD698E2-037D-4287-8BC1-A0A2F2F96693} = {BBD698E2-037D-4287-8BC1-A0A2F2F96693}
		{72CB6414-E5E7-4C5B-A2B9-4E0ABF726D52} = {72CB6414-E5E7-4C5B-A2B9-4E0ABF726D52}
		{80BBEB1C-DA96-4C92-B93E-D6B94009526F} = {80BBEB1C-DA96-4C92-B93E-D6B94009526F}
		{CB79018F-4A27-4A1D-8F65-EF062BA0453B} = {CB79018F-4A27-4A1D-8F65-EF062BA0453B}
		{E291BFBD-B59C-4D32-AADC-E1807CD13158} = {E291BFBD-B59C-4D32-AADC-E1807CD13158}
		{18729FA1-063B-408E-B605-B70C734CB09A} = {18729FA1-063B-408E-B605-B70C734CB09A}
		{E74F60C5-012A-4A46-B9D9-894F9227A533} = {E74F60C5-012A-4A46-B9D9-894F9227A533}
		{1BFA3245-57B0-4E3C-B042-C20AAC4342D5} = {1BFA3245-57B0-4E3C-B042-C20AAC4342D5}
	EndProjectSection
EndProject
Project("{8BC9CEB8-8B4A-11D0-8D11-00A0C91BC942}") = "dcmprscu", "apps\dcmprscu.vcxproj", "{D4266892-0540-4929-B62F-875407CB9B71}"
	ProjectSection(ProjectDependencies) = postProject
		{5A7C8BE9-67FE-4587-A8E3-C3C9308744F8} = {5A7C8BE9-67FE-4587-A8E3-C3C9308744F8}
		{9E348861-E300-4530-A3F0-F9B01C9F7E5C} = {9E348861-E300-4530-A3F0-F9B01C9F7E5C}
		{53CC5CCD-13C3-4801-813C-5B1093272A0F} = {53CC5CCD-13C3-4801-813C-5B1093272A0F}
		{BBD698E2-037D-4287-8BC1-A0A2F2F96693} = {BBD698E2-037D-4287-8BC1-A0A2F2F96693}
		{72CB6414-E5E7-4C5B-A2B9-4E0ABF726D52} = {72CB6414-E5E7-4C5B-A2B9-4E0ABF726D52}
		{80BBEB1C-DA96-4C92-B93E-D6B94009526F} = {80BBEB1C-DA96-4C92-B93E-D6B94009526F}
		{CB79018F-4A27-4A1D-8F65-EF062BA0453B} = {CB79018F-4A27-4A1D-8F65-EF062BA0453B}
		{E291BFBD-B59C-4D32-AADC-E1807CD13158} = {E291BFBD-B59C-4D32-AADC-E1807CD13158}
		{18729FA1-063B-408E-B605-B70C734CB09A} = {18729FA1-063B-408E-B605-B70C734CB09A}
		{E74F60C5-012A-4A46-B9D9-894F9227A533} = {E74F60C5-012A-4A46-B9D9-894F9227A533}
		{1BFA3245-57B0-4E3C-B042-C20AAC4342D5} = {1BFA3245-57B0-4E3C-B042-C20AAC4342D5}
	EndProjectSection
EndProject
Project("{8BC9CEB8-8B4A-11D0-8D11-00A0C91BC942}") = "dcmpschk", "apps\dcmpschk.vcxproj", "{641A4BE6-E160-469B-91D8-E9B8392213CC}"
	ProjectSection(ProjectDependencies) = postProject
		{5A7C8BE9-67FE-4587-A8E3-C3C9308744F8} = {5A7C8BE9-67FE-4587-A8E3-C3C9308744F8}
		{9E348861-E300-4530-A3F0-F9B01C9F7E5C} = {9E348861-E300-4530-A3F0-F9B01C9F7E5C}
		{BBD698E2-037D-4287-8BC1-A0A2F2F96693} = {BBD698E2-037D-4287-8BC1-A0A2F2F96693}
		{72CB6414-E5E7-4C5B-A2B9-4E0ABF726D52} = {72CB6414-E5E7-4C5B-A2B9-4E0ABF726D52}
		{80BBEB1C-DA96-4C92-B93E-D6B94009526F} = {80BBEB1C-DA96-4C92-B93E-D6B94009526F}
		{CB79018F-4A27-4A1D-8F65-EF062BA0453B} = {CB79018F-4A27-4A1D-8F65-EF062BA0453B}
		{E291BFBD-B59C-4D32-AADC-E1807CD13158} = {E291BFBD-B59C-4D32-AADC-E1807CD13158}
		{E74F60C5-012A-4A46-B9D9-894F9227A533} = {E74F60C5-012A-4A46-B9D9-894F9227A533}
		{1BFA3245-57B0-4E3C-B042-C20AAC4342D5} = {1BFA3245-57B0-4E3C-B042-C20AAC4342D5}
	EndProjectSection
EndProject
Project("{8BC9CEB8-8B4A-11D0-8D11-00A0C91BC942}") = "dcmpsmk", "apps\dcmpsmk.vcxproj", "{7FD154AC-F653-41DA-8233-AE7C6EB98A6B}"
	ProjectSection(ProjectDependencies) = postProject
		{5A7C8BE9-67FE-4587-A8E3-C3C9308744F8} = {5A7C8BE9-67FE-4587-A8E3-C3C9308744F8}
		{9E348861-E300-4530-A3F0-F9B01C9F7E5C} = {9E348861-E300-4530-A3F0-F9B01C9F7E5C}
		{BBD698E2-037D-4287-8BC1-A0A2F2F96693} = {BBD698E2-037D-4287-8BC1-A0A2F2F96693}
		{72CB6414-E5E7-4C5B-A2B9-4E0ABF726D52} = {72CB6414-E5E7-4C5B-A2B9-4E0ABF726D52}
		{80BBEB1C-DA96-4C92-B93E-D6B94009526F} = {80BBEB1C-DA96-4C92-B93E-D6B94009526F}
		{CB79018F-4A27-4A1D-8F65-EF062BA0453B} = {CB79018F-4A27-4A1D-8F65-EF062BA0453B}
		{E291BFBD-B59C-4D32-AADC-E1807CD13158} = {E291BFBD-B59C-4D32-AADC-E1807CD13158}
		{E74F60C5-012A-4A46-B9D9-894F9227A533} = {E74F60C5-012A-4A46-B9D9-894F9227A533}
		{1BFA3245-57B0-4E3C-B042-C20AAC4342D5} = {1BFA3245-57B0-4E3C-B042-C20AAC4342D5}
	EndProjectSection
EndProject
Project("{8BC9CEB8-8B4A-11D0-8D11-00A0C91BC942}") = "dcmpsprt", "apps\dcmpsprt.vcxproj", "{B2ABD07F-73AC-4645-B976-BFCE87F1291C}"
	ProjectSection(ProjectDependencies) = postProject
		{5A7C8BE9-67FE-4587-A8E3-C3C9308744F8} = {5A7C8BE9-67FE-4587-A8E3-C3C9308744F8}
		{9E348861-E300-4530-A3F0-F9B01C9F7E5C} = {9E348861-E300-4530-A3F0-F9B01C9F7E5C}
		{53CC5CCD-13C3-4801-813C-5B1093272A0F} = {53CC5CCD-13C3-4801-813C-5B1093272A0F}
		{BBD698E2-037D-4287-8BC1-A0A2F2F96693} = {BBD698E2-037D-4287-8BC1-A0A2F2F96693}
		{72CB6414-E5E7-4C5B-A2B9-4E0ABF726D52} = {72CB6414-E5E7-4C5B-A2B9-4E0ABF726D52}
		{80BBEB1C-DA96-4C92-B93E-D6B94009526F} = {80BBEB1C-DA96-4C92-B93E-D6B94009526F}
		{CB79018F-4A27-4A1D-8F65-EF062BA0453B} = {CB79018F-4A27-4A1D-8F65-EF062BA0453B}
		{E291BFBD-B59C-4D32-AADC-E1807CD13158} = {E291BFBD-B59C-4D32-AADC-E1807CD13158}
		{18729FA1-063B-408E-B605-B70C734CB09A} = {18729FA1-063B-408E-B605-B70C734CB09A}
		{E74F60C5-012A-4A46-B9D9-894F9227A533} = {E74F60C5-012A-4A46-B9D9-894F9227A533}
		{1BFA3245-57B0-4E3C-B042-C20AAC4342D5} = {1BFA3245-57B0-4E3C-B042-C20AAC4342D5}
	EndProjectSection
EndProject
Project("{8BC9CEB8-8B4A-11D0-8D11-00A0C91BC942}") = "dcmpsrcv", "apps\dcmpsrcv.vcxproj", "{C3D88CEC-32C7-4504-ACB7-E315E874207B}"
	ProjectSection(ProjectDependencies) = postProject
		{5A7C8BE9-67FE-4587-A8E3-C3C9308744F8} = {5A7C8BE9-67FE-4587-A8E3-C3C9308744F8}
		{9E348861-E300-4530-A3F0-F9B01C9F7E5C} = {9E348861-E300-4530-A3F0-F9B01C9F7E5C}
		{53CC5CCD-13C3-4801-813C-5B1093272A0F} = {53CC5CCD-13C3-4801-813C-5B1093272A0F}
		{BBD698E2-037D-4287-8BC1-A0A2F2F96693} = {BBD698E2-037D-4287-8BC1-A0A2F2F96693}
		{72CB6414-E5E7-4C5B-A2B9-4E0ABF726D52} = {72CB6414-E5E7-4C5B-A2B9-4E0ABF726D52}
		{80BBEB1C-DA96-4C92-B93E-D6B94009526F} = {80BBEB1C-DA96-4C92-B93E-D6B94009526F}
		{CB79018F-4A27-4A1D-8F65-EF062BA0453B} = {CB79018F-4A27-4A1D-8F65-EF062BA0453B}
		{E291BFBD-B59C-4D32-AADC-E1807CD13158} = {E291BFBD-B59C-4D32-AADC-E1807CD13158}
		{18729FA1-063B-408E-B605-B70C734CB09A} = {18729FA1-063B-408E-B605-B70C734CB09A}
		{E74F60C5-012A-4A46-B9D9-894F9227A533} = {E74F60C5-012A-4A46-B9D9-894F9227A533}
		{1BFA3245-57B0-4E3C-B042-C20AAC4342D5} = {1BFA3245-57B0-4E3C-B042-C20AAC4342D5}
	EndProjectSection
EndProject
Project("{8BC9CEB8-8B4A-11D0-8D11-00A0C91BC942}") = "dcmpssnd", "apps\dcmpssnd.vcxproj", "{203FD0AB-BA71-4FC0-9C41-1F92BE19B603}"
	ProjectSection(ProjectDependencies) = postProject
		{5A7C8BE9-67FE-4587-A8E3-C3C9308744F8} = {5A7C8BE9-67FE-4587-A8E3-C3C9308744F8}
		{9E348861-E300-4530-A3F0-F9B01C9F7E5C} = {9E348861-E300-4530-A3F0-F9B01C9F7E5C}
		{53CC5CCD-13C3-4801-813C-5B1093272A0F} = {53CC5CCD-13C3-4801-813C-5B1093272A0F}
		{BBD698E2-037D-4287-8BC1-A0A2F2F96693} = {BBD698E2-037D-4287-8BC1-A0A2F2F96693}
		{72CB6414-E5E7-4C5B-A2B9-4E0ABF726D52} = {72CB6414-E5E7-4C5B-A2B9-4E0ABF726D52}
		{80BBEB1C-DA96-4C92-B93E-D6B94009526F} = {80BBEB1C-DA96-4C92-B93E-D6B94009526F}
		{CB79018F-4A27-4A1D-8F65-EF062BA0453B} = {CB79018F-4A27-4A1D-8F65-EF062BA0453B}
		{E291BFBD-B59C-4D32-AADC-E1807CD13158} = {E291BFBD-B59C-4D32-AADC-E1807CD13158}
		{18729FA1-063B-408E-B605-B70C734CB09A} = {18729FA1-063B-408E-B605-B70C734CB09A}
		{E74F60C5-012A-4A46-B9D9-894F9227A533} = {E74F60C5-012A-4A46-B9D9-894F9227A533}
		{1BFA3245-57B0-4E3C-B042-C20AAC4342D5} = {1BFA3245-57B0-4E3C-B042-C20AAC4342D5}
	EndProjectSection
EndProject
Project("{8BC9CEB8-8B4A-11D0-8D11-00A0C91BC942}") = "dcmpstat", "libsrc\dcmpstat.vcxproj", "{80BBEB1C-DA96-4C92-B93E-D6B94009526F}"
	ProjectSection(ProjectDependencies) = postProject
		{5A7C8BE9-67FE-4587-A8E3-C3C9308744F8} = {5A7C8BE9-67FE-4587-A8E3-C3C9308744F8}
	EndProjectSection
EndProject
Project("{8BC9CEB8-8B4A-11D0-8D11-00A0C91BC942}") = "dcmqrdb", "..\dcmqrdb\libsrc\dcmqrdb.vcxproj", "{CB79018F-4A27-4A1D-8F65-EF062BA0453B}"
	ProjectSection(ProjectDependencies) = postProject
		{5A7C8BE9-67FE-4587-A8E3-C3C9308744F8} = {5A7C8BE9-67FE-4587-A8E3-C3C9308744F8}
	EndProjectSection
EndProject
Project("{8BC9CEB8-8B4A-11D0-8D11-00A0C91BC942}") = "dcmsr", "..\dcmsr\libsrc\dcmsr.vcxproj", "{E291BFBD-B59C-4D32-AADC-E1807CD13158}"
	ProjectSection(ProjectDependencies) = postProject
		{5A7C8BE9-67FE-4587-A8E3-C3C9308744F8} = {5A7C8BE9-67FE-4587-A8E3-C3C9308744F8}
	EndProjectSection
EndProject
Project("{8BC9CEB8-8B4A-11D0-8D11-00A0C91BC942}") = "dcmtls", "..\dcmtls\libsrc\dcmtls.vcxproj", "{18729FA1-063B-408E-B605-B70C734CB09A}"
	ProjectSection(ProjectDependencies) = postProject
		{5A7C8BE9-67FE-4587-A8E3-C3C9308744F8} = {5A7C8BE9-67FE-4587-A8E3-C3C9308744F8}
	EndProjectSection
EndProject
Project("{8BC9CEB8-8B4A-11D0-8D11-00A0C91BC942}") = "oflog", "..\oflog\libsrc\oflog.vcxproj", "{E74F60C5-012A-4A46-B9D9-894F9227A533}"
	ProjectSection(ProjectDependencies) = postProject
		{5A7C8BE9-67FE-4587-A8E3-C3C9308744F8} = {5A7C8BE9-67FE-4587-A8E3-C3C9308744F8}
	EndProjectSection
EndProject
Project("{8BC9CEB8-8B4A-11D0-8D11-00A0C91BC942}") = "ofstd", "..\ofstd\libsrc\ofstd.vcxproj", "{1BFA3245-57B0-4E3C-B042-C20AAC4342D5}"
	ProjectSection(ProjectDependencies) = postProject
		{5A7C8BE9-67FE-4587-A8E3-C3C9308744F8} = {5A7C8BE9-67FE-4587-A8E3-C3C9308744F8}
	EndProjectSection
EndProject
Global
	GlobalSection(SolutionConfigurationPlatforms) = preSolution
		Debug|Win32 = Debug|Win32
		Release|Win32 = Release|Win32
		MinSizeRel|Win32 = MinSizeRel|Win32
		RelWithDebInfo|Win32 = RelWithDebInfo|Win32
	EndGlobalSection
	GlobalSection(ProjectConfigurationPlatforms) = postSolution
		{EF9E337E-1378-46FC-85B8-2AE04E46F04D}.Debug|Win32.ActiveCfg = Debug|Win32
		{EF9E337E-1378-46FC-85B8-2AE04E46F04D}.Debug|Win32.Build.0 = Debug|Win32
		{EF9E337E-1378-46FC-85B8-2AE04E46F04D}.Release|Win32.ActiveCfg = Release|Win32
		{EF9E337E-1378-46FC-85B8-2AE04E46F04D}.Release|Win32.Build.0 = Release|Win32
		{EF9E337E-1378-46FC-85B8-2AE04E46F04D}.MinSizeRel|Win32.ActiveCfg = MinSizeRel|Win32
		{EF9E337E-1378-46FC-85B8-2AE04E46F04D}.MinSizeRel|Win32.Build.0 = MinSizeRel|Win32
		{EF9E337E-1378-46FC-85B8-2AE04E46F04D}.RelWithDebInfo|Win32.ActiveCfg = RelWithDebInfo|Win32
		{EF9E337E-1378-46FC-85B8-2AE04E46F04D}.RelWithDebInfo|Win32.Build.0 = RelWithDebInfo|Win32
		{789A64C0-CC81-43AB-8473-285AD3D029CB}.Debug|Win32.ActiveCfg = Debug|Win32
		{789A64C0-CC81-43AB-8473-285AD3D029CB}.Release|Win32.ActiveCfg = Release|Win32
		{789A64C0-CC81-43AB-8473-285AD3D029CB}.MinSizeRel|Win32.ActiveCfg = MinSizeRel|Win32
		{789A64C0-CC81-43AB-8473-285AD3D029CB}.RelWithDebInfo|Win32.ActiveCfg = RelWithDebInfo|Win32
		{5A7C8BE9-67FE-4587-A8E3-C3C9308744F8}.Debug|Win32.ActiveCfg = Debug|Win32
		{5A7C8BE9-67FE-4587-A8E3-C3C9308744F8}.Debug|Win32.Build.0 = Debug|Win32
		{5A7C8BE9-67FE-4587-A8E3-C3C9308744F8}.Release|Win32.ActiveCfg = Release|Win32
		{5A7C8BE9-67FE-4587-A8E3-C3C9308744F8}.Release|Win32.Build.0 = Release|Win32
		{5A7C8BE9-67FE-4587-A8E3-C3C9308744F8}.MinSizeRel|Win32.ActiveCfg = MinSizeRel|Win32
		{5A7C8BE9-67FE-4587-A8E3-C3C9308744F8}.MinSizeRel|Win32.Build.0 = MinSizeRel|Win32
		{5A7C8BE9-67FE-4587-A8E3-C3C9308744F8}.RelWithDebInfo|Win32.ActiveCfg = RelWithDebInfo|Win32
		{5A7C8BE9-67FE-4587-A8E3-C3C9308744F8}.RelWithDebInfo|Win32.Build.0 = RelWithDebInfo|Win32
		{9E348861-E300-4530-A3F0-F9B01C9F7E5C}.Debug|Win32.ActiveCfg = Debug|Win32
		{9E348861-E300-4530-A3F0-F9B01C9F7E5C}.Debug|Win32.Build.0 = Debug|Win32
		{9E348861-E300-4530-A3F0-F9B01C9F7E5C}.Release|Win32.ActiveCfg = Release|Win32
		{9E348861-E300-4530-A3F0-F9B01C9F7E5C}.Release|Win32.Build.0 = Release|Win32
		{9E348861-E300-4530-A3F0-F9B01C9F7E5C}.MinSizeRel|Win32.ActiveCfg = MinSizeRel|Win32
		{9E348861-E300-4530-A3F0-F9B01C9F7E5C}.MinSizeRel|Win32.Build.0 = MinSizeRel|Win32
		{9E348861-E300-4530-A3F0-F9B01C9F7E5C}.RelWithDebInfo|Win32.ActiveCfg = RelWithDebInfo|Win32
		{9E348861-E300-4530-A3F0-F9B01C9F7E5C}.RelWithDebInfo|Win32.Build.0 = RelWithDebInfo|Win32
		{53CC5CCD-13C3-4801-813C-5B1093272A0F}.Debug|Win32.ActiveCfg = Debug|Win32
		{53CC5CCD-13C3-4801-813C-5B1093272A0F}.Debug|Win32.Build.0 = Debug|Win32
		{53CC5CCD-13C3-4801-813C-5B1093272A0F}.Release|Win32.ActiveCfg = Release|Win32
		{53CC5CCD-13C3-4801-813C-5B1093272A0F}.Release|Win32.Build.0 = Release|Win32
		{53CC5CCD-13C3-4801-813C-5B1093272A0F}.MinSizeRel|Win32.ActiveCfg = MinSizeRel|Win32
		{53CC5CCD-13C3-4801-813C-5B1093272A0F}.MinSizeRel|Win32.Build.0 = MinSizeRel|Win32
		{53CC5CCD-13C3-4801-813C-5B1093272A0F}.RelWithDebInfo|Win32.ActiveCfg = RelWithDebInfo|Win32
		{53CC5CCD-13C3-4801-813C-5B1093272A0F}.RelWithDebInfo|Win32.Build.0 = RelWithDebInfo|Win32
		{BBD698E2-037D-4287-8BC1-A0A2F2F96693}.Debug|Win32.ActiveCfg = Debug|Win32
		{BBD698E2-037D-4287-8BC1-A0A2F2F96693}.Debug|Win32.Build.0 = Debug|Win32
		{BBD698E2-037D-4287-8BC1-A0A2F2F96693}.Release|Win32.ActiveCfg = Release|Win32
		{BBD698E2-037D-4287-8BC1-A0A2F2F96693}.Release|Win32.Build.0 = Release|Win32
		{BBD698E2-037D-4287-8BC1-A0A2F2F96693}.MinSizeRel|Win32.ActiveCfg = MinSizeRel|Win32
		{BBD698E2-037D-4287-8BC1-A0A2F2F96693}.MinSizeRel|Win32.Build.0 = MinSizeRel|Win32
		{BBD698E2-037D-4287-8BC1-A0A2F2F96693}.RelWithDebInfo|Win32.ActiveCfg = RelWithDebInfo|Win32
		{BBD698E2-037D-4287-8BC1-A0A2F2F96693}.RelWithDebInfo|Win32.Build.0 = RelWithDebInfo|Win32
		{3BA6063E-0E2D-4573-B3E5-1A3DAE5F7242}.Debug|Win32.ActiveCfg = Debug|Win32
		{3BA6063E-0E2D-4573-B3E5-1A3DAE5F7242}.Debug|Win32.Build.0 = Debug|Win32
		{3BA6063E-0E2D-4573-B3E5-1A3DAE5F7242}.Release|Win32.ActiveCfg = Release|Win32
		{3BA6063E-0E2D-4573-B3E5-1A3DAE5F7242}.Release|Win32.Build.0 = Release|Win32
		{3BA6063E-0E2D-4573-B3E5-1A3DAE5F7242}.MinSizeRel|Win32.ActiveCfg = MinSizeRel|Win32
		{3BA6063E-0E2D-4573-B3E5-1A3DAE5F7242}.MinSizeRel|Win32.Build.0 = MinSizeRel|Win32
		{3BA6063E-0E2D-4573-B3E5-1A3DAE5F7242}.RelWithDebInfo|Win32.ActiveCfg = RelWithDebInfo|Win32
		{3BA6063E-0E2D-4573-B3E5-1A3DAE5F7242}.RelWithDebInfo|Win32.Build.0 = RelWithDebInfo|Win32
		{87D61A54-B4E9-4C79-871E-A9DDB08D2E61}.Debug|Win32.ActiveCfg = Debug|Win32
		{87D61A54-B4E9-4C79-871E-A9DDB08D2E61}.Debug|Win32.Build.0 = Debug|Win32
		{87D61A54-B4E9-4C79-871E-A9DDB08D2E61}.Release|Win32.ActiveCfg = Release|Win32
		{87D61A54-B4E9-4C79-871E-A9DDB08D2E61}.Release|Win32.Build.0 = Release|Win32
		{87D61A54-B4E9-4C79-871E-A9DDB08D2E61}.MinSizeRel|Win32.ActiveCfg = MinSizeRel|Win32
		{87D61A54-B4E9-4C79-871E-A9DDB08D2E61}.MinSizeRel|Win32.Build.0 = MinSizeRel|Win32
		{87D61A54-B4E9-4C79-871E-A9DDB08D2E61}.RelWithDebInfo|Win32.ActiveCfg = RelWithDebInfo|Win32
		{87D61A54-B4E9-4C79-871E-A9DDB08D2E61}.RelWithDebInfo|Win32.Build.0 = RelWithDebInfo|Win32
		{72CB6414-E5E7-4C5B-A2B9-4E0ABF726D52}.Debug|Win32.ActiveCfg = Debug|Win32
		{72CB6414-E5E7-4C5B-A2B9-4E0ABF726D52}.Debug|Win32.Build.0 = Debug|Win32
		{72CB6414-E5E7-4C5B-A2B9-4E0ABF726D52}.Release|Win32.ActiveCfg = Release|Win32
		{72CB6414-E5E7-4C5B-A2B9-4E0ABF726D52}.Release|Win32.Build.0 = Release|Win32
		{72CB6414-E5E7-4C5B-A2B9-4E0ABF726D52}.MinSizeRel|Win32.ActiveCfg = MinSizeRel|Win32
		{72CB6414-E5E7-4C5B-A2B9-4E0ABF726D52}.MinSizeRel|Win32.Build.0 = MinSizeRel|Win32
		{72CB6414-E5E7-4C5B-A2B9-4E0ABF726D52}.RelWithDebInfo|Win32.ActiveCfg = RelWithDebInfo|Win32
		{72CB6414-E5E7-4C5B-A2B9-4E0ABF726D52}.RelWithDebInfo|Win32.Build.0 = RelWithDebInfo|Win32
		{3E0849A8-D30B-4C2F-AFA8-C3A6F1E23BDB}.Debug|Win32.ActiveCfg = Debug|Win32
		{3E0849A8-D30B-4C2F-AFA8-C3A6F1E23BDB}.Debug|Win32.Build.0 = Debug|Win32
		{3E0849A8-D30B-4C2F-AFA8-C3A6F1E23BDB}.Release|Win32.ActiveCfg = Release|Win32
		{3E0849A8-D30B-4C2F-AFA8-C3A6F1E23BDB}.Release|Win32.Build.0 = Release|Win32
		{3E0849A8-D30B-4C2F-AFA8-C3A6F1E23BDB}.MinSizeRel|Win32.ActiveCfg = MinSizeRel|Win32
		{3E0849A8-D30B-4C2F-AFA8-C3A6F1E23BDB}.MinSizeRel|Win32.Build.0 = MinSizeRel|Win32
		{3E0849A8-D30B-4C2F-AFA8-C3A6F1E23BDB}.RelWithDebInfo|Win32.ActiveCfg = RelWithDebInfo|Win32
		{3E0849A8-D30B-4C2F-AFA8-C3A6F1E23BDB}.RelWithDebInfo|Win32.Build.0 = RelWithDebInfo|Win32
		{E9202B59-E0B6-40AB-B363-F358CBBB58BA}.Debug|Win32.ActiveCfg = Debug|Win32
		{E9202B59-E0B6-40AB-B363-F358CBBB58BA}.Debug|Win32.Build.0 = Debug|Win32
		{E9202B59-E0B6-40AB-B363-F358CBBB58BA}.Release|Win32.ActiveCfg = Release|Win32
		{E9202B59-E0B6-40AB-B363-F358CBBB58BA}.Release|Win32.Build.0 = Release|Win32
		{E9202B59-E0B6-40AB-B363-F358CBBB58BA}.MinSizeRel|Win32.ActiveCfg = MinSizeRel|Win32
		{E9202B59-E0B6-40AB-B363-F358CBBB58BA}.MinSizeRel|Win32.Build.0 = MinSizeRel|Win32
		{E9202B59-E0B6-40AB-B363-F358CBBB58BA}.RelWithDebInfo|Win32.ActiveCfg = RelWithDebInfo|Win32
		{E9202B59-E0B6-40AB-B363-F358CBBB58BA}.RelWithDebInfo|Win32.Build.0 = RelWithDebInfo|Win32
		{D4266892-0540-4929-B62F-875407CB9B71}.Debug|Win32.ActiveCfg = Debug|Win32
		{D4266892-0540-4929-B62F-875407CB9B71}.Debug|Win32.Build.0 = Debug|Win32
		{D4266892-0540-4929-B62F-875407CB9B71}.Release|Win32.ActiveCfg = Release|Win32
		{D4266892-0540-4929-B62F-875407CB9B71}.Release|Win32.Build.0 = Release|Win32
		{D4266892-0540-4929-B62F-875407CB9B71}.MinSizeRel|Win32.ActiveCfg = MinSizeRel|Win32
		{D4266892-0540-4929-B62F-875407CB9B71}.MinSizeRel|Win32.Build.0 = MinSizeRel|Win32
		{D4266892-0540-4929-B62F-875407CB9B71}.RelWithDebInfo|Win32.ActiveCfg = RelWithDebInfo|Win32
		{D4266892-0540-4929-B62F-875407CB9B71}.RelWithDebInfo|Win32.Build.0 = RelWithDebInfo|Win32
		{641A4BE6-E160-469B-91D8-E9B8392213CC}.Debug|Win32.ActiveCfg = Debug|Win32
		{641A4BE6-E160-469B-91D8-E9B8392213CC}.Debug|Win32.Build.0 = Debug|Win32
		{641A4BE6-E160-469B-91D8-E9B8392213CC}.Release|Win32.ActiveCfg = Release|Win32
		{641A4BE6-E160-469B-91D8-E9B8392213CC}.Release|Win32.Build.0 = Release|Win32
		{641A4BE6-E160-469B-91D8-E9B8392213CC}.MinSizeRel|Win32.ActiveCfg = MinSizeRel|Win32
		{641A4BE6-E160-469B-91D8-E9B8392213CC}.MinSizeRel|Win32.Build.0 = MinSizeRel|Win32
		{641A4BE6-E160-469B-91D8-E9B8392213CC}.RelWithDebInfo|Win32.ActiveCfg = RelWithDebInfo|Win32
		{641A4BE6-E160-469B-91D8-E9B8392213CC}.RelWithDebInfo|Win32.Build.0 = RelWithDebInfo|Win32
		{7FD154AC-F653-41DA-8233-AE7C6EB98A6B}.Debug|Win32.ActiveCfg = Debug|Win32
		{7FD154AC-F653-41DA-8233-AE7C6EB98A6B}.Debug|Win32.Build.0 = Debug|Win32
		{7FD154AC-F653-41DA-8233-AE7C6EB98A6B}.Release|Win32.ActiveCfg = Release|Win32
		{7FD154AC-F653-41DA-8233-AE7C6EB98A6B}.Release|Win32.Build.0 = Release|Win32
		{7FD154AC-F653-41DA-8233-AE7C6EB98A6B}.MinSizeRel|Win32.ActiveCfg = MinSizeRel|Win32
		{7FD154AC-F653-41DA-8233-AE7C6EB98A6B}.MinSizeRel|Win32.Build.0 = MinSizeRel|Win32
		{7FD154AC-F653-41DA-8233-AE7C6EB98A6B}.RelWithDebInfo|Win32.ActiveCfg = RelWithDebInfo|Win32
		{7FD154AC-F653-41DA-8233-AE7C6EB98A6B}.RelWithDebInfo|Win32.Build.0 = RelWithDebInfo|Win32
		{B2ABD07F-73AC-4645-B976-BFCE87F1291C}.Debug|Win32.ActiveCfg = Debug|Win32
		{B2ABD07F-73AC-4645-B976-BFCE87F1291C}.Debug|Win32.Build.0 = Debug|Win32
		{B2ABD07F-73AC-4645-B976-BFCE87F1291C}.Release|Win32.ActiveCfg = Release|Win32
		{B2ABD07F-73AC-4645-B976-BFCE87F1291C}.Release|Win32.Build.0 = Release|Win32
		{B2ABD07F-73AC-4645-B976-BFCE87F1291C}.MinSizeRel|Win32.ActiveCfg = MinSizeRel|Win32
		{B2ABD07F-73AC-4645-B976-BFCE87F1291C}.MinSizeRel|Win32.Build.0 = MinSizeRel|Win32
		{B2ABD07F-73AC-4645-B976-BFCE87F1291C}.RelWithDebInfo|Win32.ActiveCfg = RelWithDebInfo|Win32
		{B2ABD07F-73AC-4645-B976-BFCE87F1291C}.RelWithDebInfo|Win32.Build.0 = RelWithDebInfo|Win32
		{C3D88CEC-32C7-4504-ACB7-E315E874207B}.Debug|Win32.ActiveCfg = Debug|Win32
		{C3D88CEC-32C7-4504-ACB7-E315E874207B}.Debug|Win32.Build.0 = Debug|Win32
		{C3D88CEC-32C7-4504-ACB7-E315E874207B}.Release|Win32.ActiveCfg = Release|Win32
		{C3D88CEC-32C7-4504-ACB7-E315E874207B}.Release|Win32.Build.0 = Release|Win32
		{C3D88CEC-32C7-4504-ACB7-E315E874207B}.MinSizeRel|Win32.ActiveCfg = MinSizeRel|Win32
		{C3D88CEC-32C7-4504-ACB7-E315E874207B}.MinSizeRel|Win32.Build.0 = MinSizeRel|Win32
		{C3D88CEC-32C7-4504-ACB7-E315E874207B}.RelWithDebInfo|Win32.ActiveCfg = RelWithDebInfo|Win32
		{C3D88CEC-32C7-4504-ACB7-E315E874207B}.RelWithDebInfo|Win32.Build.0 = RelWithDebInfo|Win32
		{203FD0AB-BA71-4FC0-9C41-1F92BE19B603}.Debug|Win32.ActiveCfg = Debug|Win32
		{203FD0AB-BA71-4FC0-9C41-1F92BE19B603}.Debug|Win32.Build.0 = Debug|Win32
		{203FD0AB-BA71-4FC0-9C41-1F92BE19B603}.Release|Win32.ActiveCfg = Release|Win32
		{203FD0AB-BA71-4FC0-9C41-1F92BE19B603}.Release|Win32.Build.0 = Release|Win32
		{203FD0AB-BA71-4FC0-9C41-1F92BE19B603}.MinSizeRel|Win32.ActiveCfg = MinSizeRel|Win32
		{203FD0AB-BA71-4FC0-9C41-1F92BE19B603}.MinSizeRel|Win32.Build.0 = MinSizeRel|Win32
		{203FD0AB-BA71-4FC0-9C41-1F92BE19B603}.RelWithDebInfo|Win32.ActiveCfg = RelWithDebInfo|Win32
		{203FD0AB-BA71-4FC0-9C41-1F92BE19B603}.RelWithDebInfo|Win32.Build.0 = RelWithDebInfo|Win32
		{80BBEB1C-DA96-4C92-B93E-D6B94009526F}.Debug|Win32.ActiveCfg = Debug|Win32
		{80BBEB1C-DA96-4C92-B93E-D6B94009526F}.Debug|Win32.Build.0 = Debug|Win32
		{80BBEB1C-DA96-4C92-B93E-D6B94009526F}.Release|Win32.ActiveCfg = Release|Win32
		{80BBEB1C-DA96-4C92-B93E-D6B94009526F}.Release|Win32.Build.0 = Release|Win32
		{80BBEB1C-DA96-4C92-B93E-D6B94009526F}.MinSizeRel|Win32.ActiveCfg = MinSizeRel|Win32
		{80BBEB1C-DA96-4C92-B93E-D6B94009526F}.MinSizeRel|Win32.Build.0 = MinSizeRel|Win32
		{80BBEB1C-DA96-4C92-B93E-D6B94009526F}.RelWithDebInfo|Win32.ActiveCfg = RelWithDebInfo|Win32
		{80BBEB1C-DA96-4C92-B93E-D6B94009526F}.RelWithDebInfo|Win32.Build.0 = RelWithDebInfo|Win32
		{CB79018F-4A27-4A1D-8F65-EF062BA0453B}.Debug|Win32.ActiveCfg = Debug|Win32
		{CB79018F-4A27-4A1D-8F65-EF062BA0453B}.Debug|Win32.Build.0 = Debug|Win32
		{CB79018F-4A27-4A1D-8F65-EF062BA0453B}.Release|Win32.ActiveCfg = Release|Win32
		{CB79018F-4A27-4A1D-8F65-EF062BA0453B}.Release|Win32.Build.0 = Release|Win32
		{CB79018F-4A27-4A1D-8F65-EF062BA0453B}.MinSizeRel|Win32.ActiveCfg = MinSizeRel|Win32
		{CB79018F-4A27-4A1D-8F65-EF062BA0453B}.MinSizeRel|Win32.Build.0 = MinSizeRel|Win32
		{CB79018F-4A27-4A1D-8F65-EF062BA0453B}.RelWithDebInfo|Win32.ActiveCfg = RelWithDebInfo|Win32
		{CB79018F-4A27-4A1D-8F65-EF062BA0453B}.RelWithDebInfo|Win32.Build.0 = RelWithDebInfo|Win32
		{E291BFBD-B59C-4D32-AADC-E1807CD13158}.Debug|Win32.ActiveCfg = Debug|Win32
		{E291BFBD-B59C-4D32-AADC-E1807CD13158}.Debug|Win32.Build.0 = Debug|Win32
		{E291BFBD-B59C-4D32-AADC-E1807CD13158}.Release|Win32.ActiveCfg = Release|Win32
		{E291BFBD-B59C-4D32-AADC-E1807CD13158}.Release|Win32.Build.0 = Release|Win32
		{E291BFBD-B59C-4D32-AADC-E1807CD13158}.MinSizeRel|Win32.ActiveCfg = MinSizeRel|Win32
		{E291BFBD-B59C-4D32-AADC-E1807CD13158}.MinSizeRel|Win32.Build.0 = MinSizeRel|Win32
		{E291BFBD-B59C-4D32-AADC-E1807CD13158}.RelWithDebInfo|Win32.ActiveCfg = RelWithDebInfo|Win32
		{E291BFBD-B59C-4D32-AADC-E1807CD13158}.RelWithDebInfo|Win32.Build.0 = RelWithDebInfo|Win32
		{18729FA1-063B-408E-B605-B70C734CB09A}.Debug|Win32.ActiveCfg = Debug|Win32
		{18729FA1-063B-408E-B605-B70C734CB09A}.Debug|Win32.Build.0 = Debug|Win32
		{18729FA1-063B-408E-B605-B70C734CB09A}.Release|Win32.ActiveCfg = Release|Win32
		{18729FA1-063B-408E-B605-B70C734CB09A}.Release|Win32.Build.0 = Release|Win32
		{18729FA1-063B-408E-B605-B70C734CB09A}.MinSizeRel|Win32.ActiveCfg = MinSizeRel|Win32
		{18729FA1-063B-408E-B605-B70C734CB09A}.MinSizeRel|Win32.Build.0 = MinSizeRel|Win32
		{18729FA1-063B-408E-B605-B70C734CB09A}.RelWithDebInfo|Win32.ActiveCfg = RelWithDebInfo|Win32
		{18729FA1-063B-408E-B605-B70C734CB09A}.RelWithDebInfo|Win32.Build.0 = RelWithDebInfo|Win32
		{E74F60C5-012A-4A46-B9D9-894F9227A533}.Debug|Win32.ActiveCfg = Debug|Win32
		{E74F60C5-012A-4A46-B9D9-894F9227A533}.Debug|Win32.Build.0 = Debug|Win32
		{E74F60C5-012A-4A46-B9D9-894F9227A533}.Release|Win32.ActiveCfg = Release|Win32
		{E74F60C5-012A-4A46-B9D9-894F9227A533}.Release|Win32.Build.0 = Release|Win32
		{E74F60C5-012A-4A46-B9D9-894F9227A533}.MinSizeRel|Win32.ActiveCfg = MinSizeRel|Win32
		{E74F60C5-012A-4A46-B9D9-894F9227A533}.MinSizeRel|Win32.Build.0 = MinSizeRel|Win32
		{E74F60C5-012A-4A46-B9D9-894F9227A533}.RelWithDebInfo|Win32.ActiveCfg = RelWithDebInfo|Win32
		{E74F60C5-012A-4A46-B9D9-894F9227A533}.RelWithDebInfo|Win32.Build.0 = RelWithDebInfo|Win32
		{1BFA3245-57B0-4E3C-B042-C20AAC4342D5}.Debug|Win32.ActiveCfg = Debug|Win32
		{1BFA3245-57B0-4E3C-B042-C20AAC4342D5}.Debug|Win32.Build.0 = Debug|Win32
		{1BFA3245-57B0-4E3C-B042-C20AAC4342D5}.Release|Win32.ActiveCfg = Release|Win32
		{1BFA3245-57B0-4E3C-B042-C20AAC4342D5}.Release|Win32.Build.0 = Release|Win32
		{1BFA3245-57B0-4E3C-B042-C20AAC4342D5}.MinSizeRel|Win32.ActiveCfg = MinSizeRel|Win32
		{1BFA3245-57B0-4E3C-B042-C20AAC4342D5}.MinSizeRel|Win32.Build.0 = MinSizeRel|Win32
		{1BFA3245-57B0-4E3C-B042-C20AAC4342D5}.RelWithDebInfo|Win32.ActiveCfg = RelWithDebInfo|Win32
		{1BFA3245-57B0-4E3C-B042-C20AAC4342D5}.RelWithDebInfo|Win32.Build.0 = RelWithDebInfo|Win32
	EndGlobalSection
	GlobalSection(ExtensibilityGlobals) = postSolution
	EndGlobalSection
	GlobalSection(ExtensibilityAddIns) = postSolution
	EndGlobalSection
EndGlobal
