Microsoft Visual Studio Solution File, Format Version 12.00
# Visual Studio 2012
Project("{8BC9CEB8-8B4A-11D0-8D11-00A0C91BC942}") = "ALL_BUILD", "ALL_BUILD.vcxproj", "{EF9E337E-1378-46FC-85B8-2AE04E46F04D}"
	ProjectSection(ProjectDependencies) = postProject
		{1CF7D1C7-D90A-414F-91FB-9BC2E72547F9} = {1CF7D1C7-D90A-414F-91FB-9BC2E72547F9}
		{93912F10-A6DD-497B-860B-0DF20C80EEBD} = {93912F10-A6DD-497B-860B-0DF20C80EEBD}
		{27ADD430-DE8B-46F4-A3D6-6B89A9F4B179} = {27ADD430-DE8B-46F4-A3D6-6B89A9F4B179}
		{4BE6870E-5E98-4AAB-A5AA-0280C5ABE687} = {4BE6870E-5E98-4AAB-A5AA-0280C5ABE687}
		{5E39A5C6-F4CE-4A5F-B10C-165B68EC71AB} = {5E39A5C6-F4CE-4A5F-B10C-165B68EC71AB}
		{4193BDBF-62DA-4BB3-8CEF-D847DBA3A348} = {4193BDBF-62DA-4BB3-8CEF-D847DBA3A348}
		{0EC9E401-3D75-4E07-9543-BB73FE437194} = {0EC9E401-3D75-4E07-9543-BB73FE437194}
		{859C84B5-2168-4653-85BB-07312B102B9B} = {859C84B5-2168-4653-85BB-07312B102B9B}
	EndProjectSection
EndProject
Project("{8BC9CEB8-8B4A-11D0-8D11-00A0C91BC942}") = "INSTALL", "INSTALL.vcxproj", "{789A64C0-CC81-43AB-8473-285AD3D029CB}"
	ProjectSection(ProjectDependencies) = postProject
		{EF9E337E-1378-46FC-85B8-2AE04E46F04D} = {EF9E337E-1378-46FC-85B8-2AE04E46F04D}
	EndProjectSection
EndProject
Project("{8BC9CEB8-8B4A-11D0-8D11-00A0C91BC942}") = "ZERO_CHECK", "..\ZERO_CHECK.vcxproj", "{5A7C8BE9-67FE-4587-A8E3-C3C9308744F8}"
	ProjectSection(ProjectDependencies) = postProject
	EndProjectSection
EndProject
Project("{8BC9CEB8-8B4A-11D0-8D11-00A0C91BC942}") = "dcmcjpeg", "apps\dcmcjpeg.vcxproj", "{1CF7D1C7-D90A-414F-91FB-9BC2E72547F9}"
	ProjectSection(ProjectDependencies) = postProject
		{5A7C8BE9-67FE-4587-A8E3-C3C9308744F8} = {5A7C8BE9-67FE-4587-A8E3-C3C9308744F8}
		{9E348861-E300-4530-A3F0-F9B01C9F7E5C} = {9E348861-E300-4530-A3F0-F9B01C9F7E5C}
		{7135DE6C-71FE-4671-9EAF-C3CB3CFB6A6A} = {7135DE6C-71FE-4671-9EAF-C3CB3CFB6A6A}
		{BBD698E2-037D-4287-8BC1-A0A2F2F96693} = {BBD698E2-037D-4287-8BC1-A0A2F2F96693}
		{4BE6870E-5E98-4AAB-A5AA-0280C5ABE687} = {4BE6870E-5E98-4AAB-A5AA-0280C5ABE687}
		{4193BDBF-62DA-4BB3-8CEF-D847DBA3A348} = {4193BDBF-62DA-4BB3-8CEF-D847DBA3A348}
		{0EC9E401-3D75-4E07-9543-BB73FE437194} = {0EC9E401-3D75-4E07-9543-BB73FE437194}
		{859C84B5-2168-4653-85BB-07312B102B9B} = {859C84B5-2168-4653-85BB-07312B102B9B}
		{E74F60C5-012A-4A46-B9D9-894F9227A533} = {E74F60C5-012A-4A46-B9D9-894F9227A533}
		{1BFA3245-57B0-4E3C-B042-C20AAC4342D5} = {1BFA3245-57B0-4E3C-B042-C20AAC4342D5}
	EndProjectSection
EndProject
Project("{8BC9CEB8-8B4A-11D0-8D11-00A0C91BC942}") = "dcmdata", "..\dcmdata\libsrc\dcmdata.vcxproj", "{9E348861-E300-4530-A3F0-F9B01C9F7E5C}"
	ProjectSection(ProjectDependencies) = postProject
		{5A7C8BE9-67FE-4587-A8E3-C3C9308744F8} = {5A7C8BE9-67FE-4587-A8E3-C3C9308744F8}
	EndProjectSection
EndProject
Project("{8BC9CEB8-8B4A-11D0-8D11-00A0C91BC942}") = "dcmdjpeg", "apps\dcmdjpeg.vcxproj", "{93912F10-A6DD-497B-860B-0DF20C80EEBD}"
	ProjectSection(ProjectDependencies) = postProject
		{5A7C8BE9-67FE-4587-A8E3-C3C9308744F8} = {5A7C8BE9-67FE-4587-A8E3-C3C9308744F8}
		{9E348861-E300-4530-A3F0-F9B01C9F7E5C} = {9E348861-E300-4530-A3F0-F9B01C9F7E5C}
		{7135DE6C-71FE-4671-9EAF-C3CB3CFB6A6A} = {7135DE6C-71FE-4671-9EAF-C3CB3CFB6A6A}
		{BBD698E2-037D-4287-8BC1-A0A2F2F96693} = {BBD698E2-037D-4287-8BC1-A0A2F2F96693}
		{4BE6870E-5E98-4AAB-A5AA-0280C5ABE687} = {4BE6870E-5E98-4AAB-A5AA-0280C5ABE687}
		{4193BDBF-62DA-4BB3-8CEF-D847DBA3A348} = {4193BDBF-62DA-4BB3-8CEF-D847DBA3A348}
		{0EC9E401-3D75-4E07-9543-BB73FE437194} = {0EC9E401-3D75-4E07-9543-BB73FE437194}
		{859C84B5-2168-4653-85BB-07312B102B9B} = {859C84B5-2168-4653-85BB-07312B102B9B}
		{E74F60C5-012A-4A46-B9D9-894F9227A533} = {E74F60C5-012A-4A46-B9D9-894F9227A533}
		{1BFA3245-57B0-4E3C-B042-C20AAC4342D5} = {1BFA3245-57B0-4E3C-B042-C20AAC4342D5}
	EndProjectSection
EndProject
Project("{8BC9CEB8-8B4A-11D0-8D11-00A0C91BC942}") = "dcmimage", "..\dcmimage\libsrc\dcmimage.vcxproj", "{7135DE6C-71FE-4671-9EAF-C3CB3CFB6A6A}"
	ProjectSection(ProjectDependencies) = postProject
		{5A7C8BE9-67FE-4587-A8E3-C3C9308744F8} = {5A7C8BE9-67FE-4587-A8E3-C3C9308744F8}
	EndProjectSection
EndProject
Project("{8BC9CEB8-8B4A-11D0-8D11-00A0C91BC942}") = "dcmimgle", "..\dcmimgle\libsrc\dcmimgle.vcxproj", "{BBD698E2-037D-4287-8BC1-A0A2F2F96693}"
	ProjectSection(ProjectDependencies) = postProject
		{5A7C8BE9-67FE-4587-A8E3-C3C9308744F8} = {5A7C8BE9-67FE-4587-A8E3-C3C9308744F8}
	EndProjectSection
EndProject
Project("{8BC9CEB8-8B4A-11D0-8D11-00A0C91BC942}") = "dcmj2pnm", "apps\dcmj2pnm.vcxproj", "{27ADD430-DE8B-46F4-A3D6-6B89A9F4B179}"
	ProjectSection(ProjectDependencies) = postProject
		{5A7C8BE9-67FE-4587-A8E3-C3C9308744F8} = {5A7C8BE9-67FE-4587-A8E3-C3C9308744F8}
		{9E348861-E300-4530-A3F0-F9B01C9F7E5C} = {9E348861-E300-4530-A3F0-F9B01C9F7E5C}
		{7135DE6C-71FE-4671-9EAF-C3CB3CFB6A6A} = {7135DE6C-71FE-4671-9EAF-C3CB3CFB6A6A}
		{BBD698E2-037D-4287-8BC1-A0A2F2F96693} = {BBD698E2-037D-4287-8BC1-A0A2F2F96693}
		{4BE6870E-5E98-4AAB-A5AA-0280C5ABE687} = {4BE6870E-5E98-4AAB-A5AA-0280C5ABE687}
		{4193BDBF-62DA-4BB3-8CEF-D847DBA3A348} = {4193BDBF-62DA-4BB3-8CEF-D847DBA3A348}
		{0EC9E401-3D75-4E07-9543-BB73FE437194} = {0EC9E401-3D75-4E07-9543-BB73FE437194}
		{859C84B5-2168-4653-85BB-07312B102B9B} = {859C84B5-2168-4653-85BB-07312B102B9B}
		{E74F60C5-012A-4A46-B9D9-894F9227A533} = {E74F60C5-012A-4A46-B9D9-894F9227A533}
		{1BFA3245-57B0-4E3C-B042-C20AAC4342D5} = {1BFA3245-57B0-4E3C-B042-C20AAC4342D5}
	EndProjectSection
EndProject
Project("{8BC9CEB8-8B4A-11D0-8D11-00A0C91BC942}") = "dcmjpeg", "libsrc\dcmjpeg.vcxproj", "{4BE6870E-5E98-4AAB-A5AA-0280C5ABE687}"
	ProjectSection(ProjectDependencies) = postProject
		{5A7C8BE9-67FE-4587-A8E3-C3C9308744F8} = {5A7C8BE9-67FE-4587-A8E3-C3C9308744F8}
	EndProjectSection
EndProject
Project("{8BC9CEB8-8B4A-11D0-8D11-00A0C91BC942}") = "dcmmkdir", "apps\dcmmkdir.vcxproj", "{5E39A5C6-F4CE-4A5F-B10C-165B68EC71AB}"
	ProjectSection(ProjectDependencies) = postProject
		{5A7C8BE9-67FE-4587-A8E3-C3C9308744F8} = {5A7C8BE9-67FE-4587-A8E3-C3C9308744F8}
		{9E348861-E300-4530-A3F0-F9B01C9F7E5C} = {9E348861-E300-4530-A3F0-F9B01C9F7E5C}
		{7135DE6C-71FE-4671-9EAF-C3CB3CFB6A6A} = {7135DE6C-71FE-4671-9EAF-C3CB3CFB6A6A}
		{BBD698E2-037D-4287-8BC1-A0A2F2F96693} = {BBD698E2-037D-4287-8BC1-A0A2F2F96693}
		{4BE6870E-5E98-4AAB-A5AA-0280C5ABE687} = {4BE6870E-5E98-4AAB-A5AA-0280C5ABE687}
		{4193BDBF-62DA-4BB3-8CEF-D847DBA3A348} = {4193BDBF-62DA-4BB3-8CEF-D847DBA3A348}
		{0EC9E401-3D75-4E07-9543-BB73FE437194} = {0EC9E401-3D75-4E07-9543-BB73FE437194}
		{859C84B5-2168-4653-85BB-07312B102B9B} = {859C84B5-2168-4653-85BB-07312B102B9B}
		{E74F60C5-012A-4A46-B9D9-894F9227A533} = {E74F60C5-012A-4A46-B9D9-894F9227A533}
		{1BFA3245-57B0-4E3C-B042-C20AAC4342D5} = {1BFA3245-57B0-4E3C-B042-C20AAC4342D5}
	EndProjectSection
EndProject
Project("{8BC9CEB8-8B4A-11D0-8D11-00A0C91BC942}") = "ijg12", "libijg12\ijg12.vcxproj", "{4193BDBF-62DA-4BB3-8CEF-D847DBA3A348}"
	ProjectSection(ProjectDependencies) = postProject
		{5A7C8BE9-67FE-4587-A8E3-C3C9308744F8} = {5A7C8BE9-67FE-4587-A8E3-C3C9308744F8}
	EndProjectSection
EndProject
Project("{8BC9CEB8-8B4A-11D0-8D11-00A0C91BC942}") = "ijg16", "libijg16\ijg16.vcxproj", "{0EC9E401-3D75-4E07-9543-BB73FE437194}"
	ProjectSection(ProjectDependencies) = postProject
		{5A7C8BE9-67FE-4587-A8E3-C3C9308744F8} = {5A7C8BE9-67FE-4587-A8E3-C3C9308744F8}
	EndProjectSection
EndProject
Project("{8BC9CEB8-8B4A-11D0-8D11-00A0C91BC942}") = "ijg8", "libijg8\ijg8.vcxproj", "{859C84B5-2168-4653-85BB-07312B102B9B}"
	ProjectSection(ProjectDependencies) = postProject
		{5A7C8BE9-67FE-4587-A8E3-C3C9308744F8} = {5A7C8BE9-67FE-4587-A8E3-C3C9308744F8}
	EndProjectSection
EndProject
Project("{8BC9CEB8-8B4A-11D0-8D11-00A0C91BC942}") = "oflog", "..\oflog\libsrc\oflog.vcxproj", "{E74F60C5-012A-4A46-B9D9-894F9227A533}"
	ProjectSection(ProjectDependencies) = postProject
		{5A7C8BE9-67FE-4587-A8E3-C3C9308744F8} = {5A7C8BE9-67FE-4587-A8E3-C3C9308744F8}
	EndProjectSection
EndProject
Project("{8BC9CEB8-8B4A-11D0-8D11-00A0C91BC942}") = "ofstd", "..\ofstd\libsrc\ofstd.vcxproj", "{1BFA3245-57B0-4E3C-B042-C20AAC4342D5}"
	ProjectSection(ProjectDependencies) = postProject
		{5A7C8BE9-67FE-4587-A8E3-C3C9308744F8} = {5A7C8BE9-67FE-4587-A8E3-C3C9308744F8}
	EndProjectSection
EndProject
Global
	GlobalSection(SolutionConfigurationPlatforms) = preSolution
		Debug|Win32 = Debug|Win32
		Release|Win32 = Release|Win32
		MinSizeRel|Win32 = MinSizeRel|Win32
		RelWithDebInfo|Win32 = RelWithDebInfo|Win32
	EndGlobalSection
	GlobalSection(ProjectConfigurationPlatforms) = postSolution
		{EF9E337E-1378-46FC-85B8-2AE04E46F04D}.Debug|Win32.ActiveCfg = Debug|Win32
		{EF9E337E-1378-46FC-85B8-2AE04E46F04D}.Debug|Win32.Build.0 = Debug|Win32
		{EF9E337E-1378-46FC-85B8-2AE04E46F04D}.Release|Win32.ActiveCfg = Release|Win32
		{EF9E337E-1378-46FC-85B8-2AE04E46F04D}.Release|Win32.Build.0 = Release|Win32
		{EF9E337E-1378-46FC-85B8-2AE04E46F04D}.MinSizeRel|Win32.ActiveCfg = MinSizeRel|Win32
		{EF9E337E-1378-46FC-85B8-2AE04E46F04D}.MinSizeRel|Win32.Build.0 = MinSizeRel|Win32
		{EF9E337E-1378-46FC-85B8-2AE04E46F04D}.RelWithDebInfo|Win32.ActiveCfg = RelWithDebInfo|Win32
		{EF9E337E-1378-46FC-85B8-2AE04E46F04D}.RelWithDebInfo|Win32.Build.0 = RelWithDebInfo|Win32
		{789A64C0-CC81-43AB-8473-285AD3D029CB}.Debug|Win32.ActiveCfg = Debug|Win32
		{789A64C0-CC81-43AB-8473-285AD3D029CB}.Release|Win32.ActiveCfg = Release|Win32
		{789A64C0-CC81-43AB-8473-285AD3D029CB}.MinSizeRel|Win32.ActiveCfg = MinSizeRel|Win32
		{789A64C0-CC81-43AB-8473-285AD3D029CB}.RelWithDebInfo|Win32.ActiveCfg = RelWithDebInfo|Win32
		{5A7C8BE9-67FE-4587-A8E3-C3C9308744F8}.Debug|Win32.ActiveCfg = Debug|Win32
		{5A7C8BE9-67FE-4587-A8E3-C3C9308744F8}.Debug|Win32.Build.0 = Debug|Win32
		{5A7C8BE9-67FE-4587-A8E3-C3C9308744F8}.Release|Win32.ActiveCfg = Release|Win32
		{5A7C8BE9-67FE-4587-A8E3-C3C9308744F8}.Release|Win32.Build.0 = Release|Win32
		{5A7C8BE9-67FE-4587-A8E3-C3C9308744F8}.MinSizeRel|Win32.ActiveCfg = MinSizeRel|Win32
		{5A7C8BE9-67FE-4587-A8E3-C3C9308744F8}.MinSizeRel|Win32.Build.0 = MinSizeRel|Win32
		{5A7C8BE9-67FE-4587-A8E3-C3C9308744F8}.RelWithDebInfo|Win32.ActiveCfg = RelWithDebInfo|Win32
		{5A7C8BE9-67FE-4587-A8E3-C3C9308744F8}.RelWithDebInfo|Win32.Build.0 = RelWithDebInfo|Win32
		{1CF7D1C7-D90A-414F-91FB-9BC2E72547F9}.Debug|Win32.ActiveCfg = Debug|Win32
		{1CF7D1C7-D90A-414F-91FB-9BC2E72547F9}.Debug|Win32.Build.0 = Debug|Win32
		{1CF7D1C7-D90A-414F-91FB-9BC2E72547F9}.Release|Win32.ActiveCfg = Release|Win32
		{1CF7D1C7-D90A-414F-91FB-9BC2E72547F9}.Release|Win32.Build.0 = Release|Win32
		{1CF7D1C7-D90A-414F-91FB-9BC2E72547F9}.MinSizeRel|Win32.ActiveCfg = MinSizeRel|Win32
		{1CF7D1C7-D90A-414F-91FB-9BC2E72547F9}.MinSizeRel|Win32.Build.0 = MinSizeRel|Win32
		{1CF7D1C7-D90A-414F-91FB-9BC2E72547F9}.RelWithDebInfo|Win32.ActiveCfg = RelWithDebInfo|Win32
		{1CF7D1C7-D90A-414F-91FB-9BC2E72547F9}.RelWithDebInfo|Win32.Build.0 = RelWithDebInfo|Win32
		{9E348861-E300-4530-A3F0-F9B01C9F7E5C}.Debug|Win32.ActiveCfg = Debug|Win32
		{9E348861-E300-4530-A3F0-F9B01C9F7E5C}.Debug|Win32.Build.0 = Debug|Win32
		{9E348861-E300-4530-A3F0-F9B01C9F7E5C}.Release|Win32.ActiveCfg = Release|Win32
		{9E348861-E300-4530-A3F0-F9B01C9F7E5C}.Release|Win32.Build.0 = Release|Win32
		{9E348861-E300-4530-A3F0-F9B01C9F7E5C}.MinSizeRel|Win32.ActiveCfg = MinSizeRel|Win32
		{9E348861-E300-4530-A3F0-F9B01C9F7E5C}.MinSizeRel|Win32.Build.0 = MinSizeRel|Win32
		{9E348861-E300-4530-A3F0-F9B01C9F7E5C}.RelWithDebInfo|Win32.ActiveCfg = RelWithDebInfo|Win32
		{9E348861-E300-4530-A3F0-F9B01C9F7E5C}.RelWithDebInfo|Win32.Build.0 = RelWithDebInfo|Win32
		{93912F10-A6DD-497B-860B-0DF20C80EEBD}.Debug|Win32.ActiveCfg = Debug|Win32
		{93912F10-A6DD-497B-860B-0DF20C80EEBD}.Debug|Win32.Build.0 = Debug|Win32
		{93912F10-A6DD-497B-860B-0DF20C80EEBD}.Release|Win32.ActiveCfg = Release|Win32
		{93912F10-A6DD-497B-860B-0DF20C80EEBD}.Release|Win32.Build.0 = Release|Win32
		{93912F10-A6DD-497B-860B-0DF20C80EEBD}.MinSizeRel|Win32.ActiveCfg = MinSizeRel|Win32
		{93912F10-A6DD-497B-860B-0DF20C80EEBD}.MinSizeRel|Win32.Build.0 = MinSizeRel|Win32
		{93912F10-A6DD-497B-860B-0DF20C80EEBD}.RelWithDebInfo|Win32.ActiveCfg = RelWithDebInfo|Win32
		{93912F10-A6DD-497B-860B-0DF20C80EEBD}.RelWithDebInfo|Win32.Build.0 = RelWithDebInfo|Win32
		{7135DE6C-71FE-4671-9EAF-C3CB3CFB6A6A}.Debug|Win32.ActiveCfg = Debug|Win32
		{7135DE6C-71FE-4671-9EAF-C3CB3CFB6A6A}.Debug|Win32.Build.0 = Debug|Win32
		{7135DE6C-71FE-4671-9EAF-C3CB3CFB6A6A}.Release|Win32.ActiveCfg = Release|Win32
		{7135DE6C-71FE-4671-9EAF-C3CB3CFB6A6A}.Release|Win32.Build.0 = Release|Win32
		{7135DE6C-71FE-4671-9EAF-C3CB3CFB6A6A}.MinSizeRel|Win32.ActiveCfg = MinSizeRel|Win32
		{7135DE6C-71FE-4671-9EAF-C3CB3CFB6A6A}.MinSizeRel|Win32.Build.0 = MinSizeRel|Win32
		{7135DE6C-71FE-4671-9EAF-C3CB3CFB6A6A}.RelWithDebInfo|Win32.ActiveCfg = RelWithDebInfo|Win32
		{7135DE6C-71FE-4671-9EAF-C3CB3CFB6A6A}.RelWithDebInfo|Win32.Build.0 = RelWithDebInfo|Win32
		{BBD698E2-037D-4287-8BC1-A0A2F2F96693}.Debug|Win32.ActiveCfg = Debug|Win32
		{BBD698E2-037D-4287-8BC1-A0A2F2F96693}.Debug|Win32.Build.0 = Debug|Win32
		{BBD698E2-037D-4287-8BC1-A0A2F2F96693}.Release|Win32.ActiveCfg = Release|Win32
		{BBD698E2-037D-4287-8BC1-A0A2F2F96693}.Release|Win32.Build.0 = Release|Win32
		{BBD698E2-037D-4287-8BC1-A0A2F2F96693}.MinSizeRel|Win32.ActiveCfg = MinSizeRel|Win32
		{BBD698E2-037D-4287-8BC1-A0A2F2F96693}.MinSizeRel|Win32.Build.0 = MinSizeRel|Win32
		{BBD698E2-037D-4287-8BC1-A0A2F2F96693}.RelWithDebInfo|Win32.ActiveCfg = RelWithDebInfo|Win32
		{BBD698E2-037D-4287-8BC1-A0A2F2F96693}.RelWithDebInfo|Win32.Build.0 = RelWithDebInfo|Win32
		{27ADD430-DE8B-46F4-A3D6-6B89A9F4B179}.Debug|Win32.ActiveCfg = Debug|Win32
		{27ADD430-DE8B-46F4-A3D6-6B89A9F4B179}.Debug|Win32.Build.0 = Debug|Win32
		{27ADD430-DE8B-46F4-A3D6-6B89A9F4B179}.Release|Win32.ActiveCfg = Release|Win32
		{27ADD430-DE8B-46F4-A3D6-6B89A9F4B179}.Release|Win32.Build.0 = Release|Win32
		{27ADD430-DE8B-46F4-A3D6-6B89A9F4B179}.MinSizeRel|Win32.ActiveCfg = MinSizeRel|Win32
		{27ADD430-DE8B-46F4-A3D6-6B89A9F4B179}.MinSizeRel|Win32.Build.0 = MinSizeRel|Win32
		{27ADD430-DE8B-46F4-A3D6-6B89A9F4B179}.RelWithDebInfo|Win32.ActiveCfg = RelWithDebInfo|Win32
		{27ADD430-DE8B-46F4-A3D6-6B89A9F4B179}.RelWithDebInfo|Win32.Build.0 = RelWithDebInfo|Win32
		{4BE6870E-5E98-4AAB-A5AA-0280C5ABE687}.Debug|Win32.ActiveCfg = Debug|Win32
		{4BE6870E-5E98-4AAB-A5AA-0280C5ABE687}.Debug|Win32.Build.0 = Debug|Win32
		{4BE6870E-5E98-4AAB-A5AA-0280C5ABE687}.Release|Win32.ActiveCfg = Release|Win32
		{4BE6870E-5E98-4AAB-A5AA-0280C5ABE687}.Release|Win32.Build.0 = Release|Win32
		{4BE6870E-5E98-4AAB-A5AA-0280C5ABE687}.MinSizeRel|Win32.ActiveCfg = MinSizeRel|Win32
		{4BE6870E-5E98-4AAB-A5AA-0280C5ABE687}.MinSizeRel|Win32.Build.0 = MinSizeRel|Win32
		{4BE6870E-5E98-4AAB-A5AA-0280C5ABE687}.RelWithDebInfo|Win32.ActiveCfg = RelWithDebInfo|Win32
		{4BE6870E-5E98-4AAB-A5AA-0280C5ABE687}.RelWithDebInfo|Win32.Build.0 = RelWithDebInfo|Win32
		{5E39A5C6-F4CE-4A5F-B10C-165B68EC71AB}.Debug|Win32.ActiveCfg = Debug|Win32
		{5E39A5C6-F4CE-4A5F-B10C-165B68EC71AB}.Debug|Win32.Build.0 = Debug|Win32
		{5E39A5C6-F4CE-4A5F-B10C-165B68EC71AB}.Release|Win32.ActiveCfg = Release|Win32
		{5E39A5C6-F4CE-4A5F-B10C-165B68EC71AB}.Release|Win32.Build.0 = Release|Win32
		{5E39A5C6-F4CE-4A5F-B10C-165B68EC71AB}.MinSizeRel|Win32.ActiveCfg = MinSizeRel|Win32
		{5E39A5C6-F4CE-4A5F-B10C-165B68EC71AB}.MinSizeRel|Win32.Build.0 = MinSizeRel|Win32
		{5E39A5C6-F4CE-4A5F-B10C-165B68EC71AB}.RelWithDebInfo|Win32.ActiveCfg = RelWithDebInfo|Win32
		{5E39A5C6-F4CE-4A5F-B10C-165B68EC71AB}.RelWithDebInfo|Win32.Build.0 = RelWithDebInfo|Win32
		{4193BDBF-62DA-4BB3-8CEF-D847DBA3A348}.Debug|Win32.ActiveCfg = Debug|Win32
		{4193BDBF-62DA-4BB3-8CEF-D847DBA3A348}.Debug|Win32.Build.0 = Debug|Win32
		{4193BDBF-62DA-4BB3-8CEF-D847DBA3A348}.Release|Win32.ActiveCfg = Release|Win32
		{4193BDBF-62DA-4BB3-8CEF-D847DBA3A348}.Release|Win32.Build.0 = Release|Win32
		{4193BDBF-62DA-4BB3-8CEF-D847DBA3A348}.MinSizeRel|Win32.ActiveCfg = MinSizeRel|Win32
		{4193BDBF-62DA-4BB3-8CEF-D847DBA3A348}.MinSizeRel|Win32.Build.0 = MinSizeRel|Win32
		{4193BDBF-62DA-4BB3-8CEF-D847DBA3A348}.RelWithDebInfo|Win32.ActiveCfg = RelWithDebInfo|Win32
		{4193BDBF-62DA-4BB3-8CEF-D847DBA3A348}.RelWithDebInfo|Win32.Build.0 = RelWithDebInfo|Win32
		{0EC9E401-3D75-4E07-9543-BB73FE437194}.Debug|Win32.ActiveCfg = Debug|Win32
		{0EC9E401-3D75-4E07-9543-BB73FE437194}.Debug|Win32.Build.0 = Debug|Win32
		{0EC9E401-3D75-4E07-9543-BB73FE437194}.Release|Win32.ActiveCfg = Release|Win32
		{0EC9E401-3D75-4E07-9543-BB73FE437194}.Release|Win32.Build.0 = Release|Win32
		{0EC9E401-3D75-4E07-9543-BB73FE437194}.MinSizeRel|Win32.ActiveCfg = MinSizeRel|Win32
		{0EC9E401-3D75-4E07-9543-BB73FE437194}.MinSizeRel|Win32.Build.0 = MinSizeRel|Win32
		{0EC9E401-3D75-4E07-9543-BB73FE437194}.RelWithDebInfo|Win32.ActiveCfg = RelWithDebInfo|Win32
		{0EC9E401-3D75-4E07-9543-BB73FE437194}.RelWithDebInfo|Win32.Build.0 = RelWithDebInfo|Win32
		{859C84B5-2168-4653-85BB-07312B102B9B}.Debug|Win32.ActiveCfg = Debug|Win32
		{859C84B5-2168-4653-85BB-07312B102B9B}.Debug|Win32.Build.0 = Debug|Win32
		{859C84B5-2168-4653-85BB-07312B102B9B}.Release|Win32.ActiveCfg = Release|Win32
		{859C84B5-2168-4653-85BB-07312B102B9B}.Release|Win32.Build.0 = Release|Win32
		{859C84B5-2168-4653-85BB-07312B102B9B}.MinSizeRel|Win32.ActiveCfg = MinSizeRel|Win32
		{859C84B5-2168-4653-85BB-07312B102B9B}.MinSizeRel|Win32.Build.0 = MinSizeRel|Win32
		{859C84B5-2168-4653-85BB-07312B102B9B}.RelWithDebInfo|Win32.ActiveCfg = RelWithDebInfo|Win32
		{859C84B5-2168-4653-85BB-07312B102B9B}.RelWithDebInfo|Win32.Build.0 = RelWithDebInfo|Win32
		{E74F60C5-012A-4A46-B9D9-894F9227A533}.Debug|Win32.ActiveCfg = Debug|Win32
		{E74F60C5-012A-4A46-B9D9-894F9227A533}.Debug|Win32.Build.0 = Debug|Win32
		{E74F60C5-012A-4A46-B9D9-894F9227A533}.Release|Win32.ActiveCfg = Release|Win32
		{E74F60C5-012A-4A46-B9D9-894F9227A533}.Release|Win32.Build.0 = Release|Win32
		{E74F60C5-012A-4A46-B9D9-894F9227A533}.MinSizeRel|Win32.ActiveCfg = MinSizeRel|Win32
		{E74F60C5-012A-4A46-B9D9-894F9227A533}.MinSizeRel|Win32.Build.0 = MinSizeRel|Win32
		{E74F60C5-012A-4A46-B9D9-894F9227A533}.RelWithDebInfo|Win32.ActiveCfg = RelWithDebInfo|Win32
		{E74F60C5-012A-4A46-B9D9-894F9227A533}.RelWithDebInfo|Win32.Build.0 = RelWithDebInfo|Win32
		{1BFA3245-57B0-4E3C-B042-C20AAC4342D5}.Debug|Win32.ActiveCfg = Debug|Win32
		{1BFA3245-57B0-4E3C-B042-C20AAC4342D5}.Debug|Win32.Build.0 = Debug|Win32
		{1BFA3245-57B0-4E3C-B042-C20AAC4342D5}.Release|Win32.ActiveCfg = Release|Win32
		{1BFA3245-57B0-4E3C-B042-C20AAC4342D5}.Release|Win32.Build.0 = Release|Win32
		{1BFA3245-57B0-4E3C-B042-C20AAC4342D5}.MinSizeRel|Win32.ActiveCfg = MinSizeRel|Win32
		{1BFA3245-57B0-4E3C-B042-C20AAC4342D5}.MinSizeRel|Win32.Build.0 = MinSizeRel|Win32
		{1BFA3245-57B0-4E3C-B042-C20AAC4342D5}.RelWithDebInfo|Win32.ActiveCfg = RelWithDebInfo|Win32
		{1BFA3245-57B0-4E3C-B042-C20AAC4342D5}.RelWithDebInfo|Win32.Build.0 = RelWithDebInfo|Win32
	EndGlobalSection
	GlobalSection(ExtensibilityGlobals) = postSolution
	EndGlobalSection
	GlobalSection(ExtensibilityAddIns) = postSolution
	EndGlobalSection
EndGlobal
